
Microsoft Visual Studio Solution File, Format Version 12.00
# Visual Studio Version 17
VisualStudioVersion = 17.13.35825.156 d17.13
MinimumVisualStudioVersion = 10.0.40219.1
Project("{FAE04EC0-301F-11D3-BF4B-00C04F79EFBC}") = "Add-editable-range", "Add-editable-range\Add-editable-range.csproj", "{4B875FB3-1D7A-4C86-A1E7-BA77906674BF}"
EndProject
Global
	GlobalSection(SolutionConfigurationPlatforms) = preSolution
		Debug|Any CPU = Debug|Any CPU
		Release|Any CPU = Release|Any CPU
	EndGlobalSection
	GlobalSection(ProjectConfigurationPlatforms) = postSolution
		{4B875FB3-1D7A-4C86-A1E7-BA77906674BF}.Debug|Any CPU.ActiveCfg = Debug|Any CPU
		{4B875FB3-1D7A-4C86-A1E7-BA77906674BF}.Debug|Any CPU.Build.0 = Debug|Any CPU
		{4B875FB3-1D7A-4C86-A1E7-BA77906674BF}.Release|Any CPU.ActiveCfg = Release|Any CPU
		{4B875FB3-1D7A-4C86-A1E7-BA77906674BF}.Release|Any CPU.Build.0 = Release|Any CPU
	EndGlobalSection
	GlobalSection(SolutionProperties) = preSolution
		HideSolutionNode = FALSE
	EndGlobalSection
	GlobalSection(ExtensibilityGlobals) = postSolution
		SolutionGuid = {74BE8749-A1F1-427A-92CF-977EEAC2B413}
	EndGlobalSection
EndGlobal
