
Microsoft Visual Studio Solution File, Format Version 12.00
# Visual Studio Version 17
VisualStudioVersion = 17.14.36518.9 d17.14
MinimumVisualStudioVersion = 10.0.40219.1
Project("{FAE04EC0-301F-11D3-BF4B-00C04F79EFBC}") = "Add-Editable-range-to-specific-paragraph", "Add-Editable-range-to-specific-paragraph\Add-Editable-range-to-specific-paragraph.csproj", "{FA1949AA-B35C-4EB6-A763-7B9FAA8207FE}"
EndProject
Global
	GlobalSection(SolutionConfigurationPlatforms) = preSolution
		Debug|Any CPU = Debug|Any CPU
		Release|Any CPU = Release|Any CPU
	EndGlobalSection
	GlobalSection(ProjectConfigurationPlatforms) = postSolution
		{FA1949AA-B35C-4EB6-A763-7B9FAA8207FE}.Debug|Any CPU.ActiveCfg = Debug|Any CPU
		{FA1949AA-B35C-4EB6-A763-7B9FAA8207FE}.Debug|Any CPU.Build.0 = Debug|Any CPU
		{FA1949AA-B35C-4EB6-A763-7B9FAA8207FE}.Release|Any CPU.ActiveCfg = Release|Any CPU
		{FA1949AA-B35C-4EB6-A763-7B9FAA8207FE}.Release|Any CPU.Build.0 = Release|Any CPU
	EndGlobalSection
	GlobalSection(SolutionProperties) = preSolution
		HideSolutionNode = FALSE
	EndGlobalSection
	GlobalSection(ExtensibilityGlobals) = postSolution
		SolutionGuid = {48134F0E-F228-4631-90C5-02A0A3A5DD6B}
	EndGlobalSection
EndGlobal
