
Microsoft Visual Studio Solution File, Format Version 12.00
# Visual Studio Version 17
VisualStudioVersion = 17.12.35309.182
MinimumVisualStudioVersion = 10.0.40219.1
Project("{FAE04EC0-301F-11D3-BF4B-00C04F79EFBC}") = "Add-line-break-after-replace-text", "Add-line-break-after-replace-text\Add-line-break-after-replace-text.csproj", "{144F1C21-B921-44FF-99C1-7DC092D71F61}"
EndProject
Global
	GlobalSection(SolutionConfigurationPlatforms) = preSolution
		Debug|Any CPU = Debug|Any CPU
		Release|Any CPU = Release|Any CPU
	EndGlobalSection
	GlobalSection(ProjectConfigurationPlatforms) = postSolution
		{144F1C21-B921-44FF-99C1-7DC092D71F61}.Debug|Any CPU.ActiveCfg = Debug|Any CPU
		{144F1C21-B921-44FF-99C1-7DC092D71F61}.Debug|Any CPU.Build.0 = Debug|Any CPU
		{144F1C21-B921-44FF-99C1-7DC092D71F61}.Release|Any CPU.ActiveCfg = Release|Any CPU
		{144F1C21-B921-44FF-99C1-7DC092D71F61}.Release|Any CPU.Build.0 = Release|Any CPU
	EndGlobalSection
	GlobalSection(SolutionProperties) = preSolution
		HideSolutionNode = FALSE
	EndGlobalSection
	GlobalSection(ExtensibilityGlobals) = postSolution
		SolutionGuid = {CA9DB88C-51BA-4F51-A717-504DABC0AA2E}
	EndGlobalSection
EndGlobal
