
Microsoft Visual Studio Solution File, Format Version 12.00
# Visual Studio Version 17
VisualStudioVersion = 17.14.37516.0 d17.14
MinimumVisualStudioVersion = 10.0.40219.1
Project("{FAE04EC0-301F-11D3-BF4B-00C04F79EFBC}") = "Get_Markdown_document", "Get_Markdown_document\Get_Markdown_document.csproj", "{212B8A03-B029-1074-A8E2-BAE8C8A0A958}"
EndProject
Global
	GlobalSection(SolutionConfigurationPlatforms) = preSolution
		Debug|Any CPU = Debug|Any CPU
		Release|Any CPU = Release|Any CPU
	EndGlobalSection
	GlobalSection(ProjectConfigurationPlatforms) = postSolution
		{212B8A03-B029-1074-A8E2-BAE8C8A0A958}.Debug|Any CPU.ActiveCfg = Debug|Any CPU
		{212B8A03-B029-1074-A8E2-BAE8C8A0A958}.Debug|Any CPU.Build.0 = Debug|Any CPU
		{212B8A03-B029-1074-A8E2-BAE8C8A0A958}.Release|Any CPU.ActiveCfg = Release|Any CPU
		{212B8A03-B029-1074-A8E2-BAE8C8A0A958}.Release|Any CPU.Build.0 = Release|Any CPU
	EndGlobalSection
	GlobalSection(SolutionProperties) = preSolution
		HideSolutionNode = FALSE
	EndGlobalSection
	GlobalSection(ExtensibilityGlobals) = postSolution
		SolutionGuid = {DA378821-DD48-4733-BB97-AFB794CD640B}
	EndGlobalSection
EndGlobal
