
Microsoft Visual Studio Solution File, Format Version 12.00
# Visual Studio Version 16
VisualStudioVersion = 16.0.31911.196
MinimumVisualStudioVersion = 10.0.40219.1
Project("{FAE04EC0-301F-11D3-BF4B-00C04F79EFBC}") = "Remove-multiple-rows-from-table", "Remove-multiple-rows-from-table\Remove-multiple-rows-from-table.csproj", "{38FB99D1-DB4A-4A3F-B90B-7135724337EF}"
EndProject
Global
	GlobalSection(SolutionConfigurationPlatforms) = preSolution
		Debug|Any CPU = Debug|Any CPU
		Release|Any CPU = Release|Any CPU
	EndGlobalSection
	GlobalSection(ProjectConfigurationPlatforms) = postSolution
		{38FB99D1-DB4A-4A3F-B90B-7135724337EF}.Debug|Any CPU.ActiveCfg = Debug|Any CPU
		{38FB99D1-DB4A-4A3F-B90B-7135724337EF}.Debug|Any CPU.Build.0 = Debug|Any CPU
		{38FB99D1-DB4A-4A3F-B90B-7135724337EF}.Release|Any CPU.ActiveCfg = Release|Any CPU
		{38FB99D1-DB4A-4A3F-B90B-7135724337EF}.Release|Any CPU.Build.0 = Release|Any CPU
	EndGlobalSection
	GlobalSection(SolutionProperties) = preSolution
		HideSolutionNode = FALSE
	EndGlobalSection
	GlobalSection(ExtensibilityGlobals) = postSolution
		SolutionGuid = {B75368E1-9546-4CD5-BE4C-5C905E8D16C2}
	EndGlobalSection
EndGlobal
