
Microsoft Visual Studio Solution File, Format Version 12.00
# Visual Studio Version 17
VisualStudioVersion = 17.9.34622.214
MinimumVisualStudioVersion = 10.0.40219.1
Project("{FAE04EC0-301F-11D3-BF4B-00C04F79EFBC}") = "Change-specific-content-font", "Change-specific-content-font\Change-specific-content-font.csproj", "{17B1609A-9006-4997-82C7-3A2FEEA82657}"
EndProject
Global
	GlobalSection(SolutionConfigurationPlatforms) = preSolution
		Debug|Any CPU = Debug|Any CPU
		Release|Any CPU = Release|Any CPU
	EndGlobalSection
	GlobalSection(ProjectConfigurationPlatforms) = postSolution
		{17B1609A-9006-4997-82C7-3A2FEEA82657}.Debug|Any CPU.ActiveCfg = Debug|Any CPU
		{17B1609A-9006-4997-82C7-3A2FEEA82657}.Debug|Any CPU.Build.0 = Debug|Any CPU
		{17B1609A-9006-4997-82C7-3A2FEEA82657}.Release|Any CPU.ActiveCfg = Release|Any CPU
		{17B1609A-9006-4997-82C7-3A2FEEA82657}.Release|Any CPU.Build.0 = Release|Any CPU
	EndGlobalSection
	GlobalSection(SolutionProperties) = preSolution
		HideSolutionNode = FALSE
	EndGlobalSection
	GlobalSection(ExtensibilityGlobals) = postSolution
		SolutionGuid = {28C9FA54-8845-4B02-86AD-5B7AA7EEC783}
	EndGlobalSection
EndGlobal
