
Microsoft Visual Studio Solution File, Format Version 12.00
# Visual Studio Version 17
VisualStudioVersion = 17.8.34205.153
MinimumVisualStudioVersion = 10.0.40219.1
Project("{FAE04EC0-301F-11D3-BF4B-00C04F79EFBC}") = "Convert-Word-and-combine-to-single-image", "Convert-Word-and-combine-to-single-image\Convert-Word-and-combine-to-single-image.csproj", "{47CD95E3-76EA-4F5C-AFC7-E5EF73097DE9}"
EndProject
Global
	GlobalSection(SolutionConfigurationPlatforms) = preSolution
		Debug|Any CPU = Debug|Any CPU
		Release|Any CPU = Release|Any CPU
	EndGlobalSection
	GlobalSection(ProjectConfigurationPlatforms) = postSolution
		{47CD95E3-76EA-4F5C-AFC7-E5EF73097DE9}.Debug|Any CPU.ActiveCfg = Debug|Any CPU
		{47CD95E3-76EA-4F5C-AFC7-E5EF73097DE9}.Debug|Any CPU.Build.0 = Debug|Any CPU
		{47CD95E3-76EA-4F5C-AFC7-E5EF73097DE9}.Release|Any CPU.ActiveCfg = Release|Any CPU
		{47CD95E3-76EA-4F5C-AFC7-E5EF73097DE9}.Release|Any CPU.Build.0 = Release|Any CPU
	EndGlobalSection
	GlobalSection(SolutionProperties) = preSolution
		HideSolutionNode = FALSE
	EndGlobalSection
	GlobalSection(ExtensibilityGlobals) = postSolution
		SolutionGuid = {3A56C486-C2E5-4062-8439-5FAA0BDBCACC}
	EndGlobalSection
EndGlobal
