
Microsoft Visual Studio Solution File, Format Version 12.00
# Visual Studio Version 17
VisualStudioVersion = 17.14.37411.7 d17.14
MinimumVisualStudioVersion = 10.0.40219.1
Project("{FAE04EC0-301F-11D3-BF4B-00C04F79EFBC}") = "Add_and_Position_Tables_Side_by_Side", "Add_and_Position_Tables_Side_by_Side\Add_and_Position_Tables_Side_by_Side.csproj", "{5A19AC6F-E017-207A-5D91-D717B4F0C24D}"
EndProject
Global
	GlobalSection(SolutionConfigurationPlatforms) = preSolution
		Debug|Any CPU = Debug|Any CPU
		Release|Any CPU = Release|Any CPU
	EndGlobalSection
	GlobalSection(ProjectConfigurationPlatforms) = postSolution
		{5A19AC6F-E017-207A-5D91-D717B4F0C24D}.Debug|Any CPU.ActiveCfg = Debug|Any CPU
		{5A19AC6F-E017-207A-5D91-D717B4F0C24D}.Debug|Any CPU.Build.0 = Debug|Any CPU
		{5A19AC6F-E017-207A-5D91-D717B4F0C24D}.Release|Any CPU.ActiveCfg = Release|Any CPU
		{5A19AC6F-E017-207A-5D91-D717B4F0C24D}.Release|Any CPU.Build.0 = Release|Any CPU
	EndGlobalSection
	GlobalSection(SolutionProperties) = preSolution
		HideSolutionNode = FALSE
	EndGlobalSection
	GlobalSection(ExtensibilityGlobals) = postSolution
		SolutionGuid = {7E7AF95A-EE42-4955-953A-7734BDEC5EBA}
	EndGlobalSection
EndGlobal
