
Microsoft Visual Studio Solution File, Format Version 12.00
# Visual Studio Version 17
VisualStudioVersion = 17.10.34928.147
MinimumVisualStudioVersion = 10.0.40219.1
Project("{FAE04EC0-301F-11D3-BF4B-00C04F79EFBC}") = "Create-Word-document", "Create-Word-document\Create-Word-document.csproj", "{ACCB4A17-75CB-455C-A1AA-9D33884DF095}"
EndProject
Global
	GlobalSection(SolutionConfigurationPlatforms) = preSolution
		Debug|Any CPU = Debug|Any CPU
		Release|Any CPU = Release|Any CPU
	EndGlobalSection
	GlobalSection(ProjectConfigurationPlatforms) = postSolution
		{ACCB4A17-75CB-455C-A1AA-9D33884DF095}.Debug|Any CPU.ActiveCfg = Debug|Any CPU
		{ACCB4A17-75CB-455C-A1AA-9D33884DF095}.Debug|Any CPU.Build.0 = Debug|Any CPU
		{ACCB4A17-75CB-455C-A1AA-9D33884DF095}.Release|Any CPU.ActiveCfg = Release|Any CPU
		{ACCB4A17-75CB-455C-A1AA-9D33884DF095}.Release|Any CPU.Build.0 = Release|Any CPU
	EndGlobalSection
	GlobalSection(SolutionProperties) = preSolution
		HideSolutionNode = FALSE
	EndGlobalSection
	GlobalSection(ExtensibilityGlobals) = postSolution
		SolutionGuid = {C2DE9EF7-EC0C-4824-BC1C-B55FB5BF3700}
	EndGlobalSection
EndGlobal
