
Microsoft Visual Studio Solution File, Format Version 12.00
# Visual Studio Version 17
VisualStudioVersion = 17.9.34310.174
MinimumVisualStudioVersion = 10.0.40219.1
Project("{FAE04EC0-301F-11D3-BF4B-00C04F79EFBC}") = "Modify-the-exiting-fallback-fonts", "Modify-the-exiting-fallback-fonts\Modify-the-exiting-fallback-fonts.csproj", "{45AED48C-1428-4B5B-A92C-07FEA1080976}"
EndProject
Global
	GlobalSection(SolutionConfigurationPlatforms) = preSolution
		Debug|Any CPU = Debug|Any CPU
		Release|Any CPU = Release|Any CPU
	EndGlobalSection
	GlobalSection(ProjectConfigurationPlatforms) = postSolution
		{45AED48C-1428-4B5B-A92C-07FEA1080976}.Debug|Any CPU.ActiveCfg = Debug|Any CPU
		{45AED48C-1428-4B5B-A92C-07FEA1080976}.Debug|Any CPU.Build.0 = Debug|Any CPU
		{45AED48C-1428-4B5B-A92C-07FEA1080976}.Release|Any CPU.ActiveCfg = Release|Any CPU
		{45AED48C-1428-4B5B-A92C-07FEA1080976}.Release|Any CPU.Build.0 = Release|Any CPU
	EndGlobalSection
	GlobalSection(SolutionProperties) = preSolution
		HideSolutionNode = FALSE
	EndGlobalSection
	GlobalSection(ExtensibilityGlobals) = postSolution
		SolutionGuid = {2D5598DC-53DB-4543-975E-C30E2039FBA9}
	EndGlobalSection
EndGlobal
