
Microsoft Visual Studio Solution File, Format Version 12.00
# Visual Studio Version 17
VisualStudioVersion = 17.14.36518.9 d17.14
MinimumVisualStudioVersion = 10.0.40219.1
Project("{FAE04EC0-301F-11D3-BF4B-00C04F79EFBC}") = "Convert-Word-document-to-Image", "Convert-Word-document-to-Image\Convert-Word-document-to-Image.csproj", "{27E1A66A-E7A9-40B7-B492-E83A47434125}"
EndProject
Global
	GlobalSection(SolutionConfigurationPlatforms) = preSolution
		Debug|Any CPU = Debug|Any CPU
		Release|Any CPU = Release|Any CPU
	EndGlobalSection
	GlobalSection(ProjectConfigurationPlatforms) = postSolution
		{27E1A66A-E7A9-40B7-B492-E83A47434125}.Debug|Any CPU.ActiveCfg = Debug|Any CPU
		{27E1A66A-E7A9-40B7-B492-E83A47434125}.Debug|Any CPU.Build.0 = Debug|Any CPU
		{27E1A66A-E7A9-40B7-B492-E83A47434125}.Release|Any CPU.ActiveCfg = Release|Any CPU
		{27E1A66A-E7A9-40B7-B492-E83A47434125}.Release|Any CPU.Build.0 = Release|Any CPU
	EndGlobalSection
	GlobalSection(SolutionProperties) = preSolution
		HideSolutionNode = FALSE
	EndGlobalSection
	GlobalSection(ExtensibilityGlobals) = postSolution
		SolutionGuid = {3EDDD737-74D3-4676-8F55-EFED88F635C7}
	EndGlobalSection
EndGlobal
