
Microsoft Visual Studio Solution File, Format Version 12.00
# Visual Studio Version 17
VisualStudioVersion = 17.8.34322.80
MinimumVisualStudioVersion = 10.0.40219.1
Project("{FAE04EC0-301F-11D3-BF4B-00C04F79EFBC}") = "Create-equation-using-LaTeX", "Create-equation-using-LaTeX\Create-equation-using-LaTeX.csproj", "{59EAF00C-44BA-4163-8F89-978F4BB7EEFD}"
EndProject
Global
	GlobalSection(SolutionConfigurationPlatforms) = preSolution
		Debug|Any CPU = Debug|Any CPU
		Release|Any CPU = Release|Any CPU
	EndGlobalSection
	GlobalSection(ProjectConfigurationPlatforms) = postSolution
		{59EAF00C-44BA-4163-8F89-978F4BB7EEFD}.Debug|Any CPU.ActiveCfg = Debug|Any CPU
		{59EAF00C-44BA-4163-8F89-978F4BB7EEFD}.Debug|Any CPU.Build.0 = Debug|Any CPU
		{59EAF00C-44BA-4163-8F89-978F4BB7EEFD}.Release|Any CPU.ActiveCfg = Release|Any CPU
		{59EAF00C-44BA-4163-8F89-978F4BB7EEFD}.Release|Any CPU.Build.0 = Release|Any CPU
	EndGlobalSection
	GlobalSection(SolutionProperties) = preSolution
		HideSolutionNode = FALSE
	EndGlobalSection
	GlobalSection(ExtensibilityGlobals) = postSolution
		SolutionGuid = {B5C068B6-4F63-4EDC-ABF6-69CC7670DBB8}
	EndGlobalSection
EndGlobal
