
Microsoft Visual Studio Solution File, Format Version 12.00
# Visual Studio Version 16
VisualStudioVersion = 16.0.31205.134
MinimumVisualStudioVersion = 10.0.40219.1
Project("{FAE04EC0-301F-11D3-BF4B-00C04F79EFBC}") = "Retrieve-commented-word", "Retrieve-commented-word\Retrieve-commented-word.csproj", "{4CC7A9AB-4D3B-4184-B985-94C3E9716C90}"
EndProject
Global
	GlobalSection(SolutionConfigurationPlatforms) = preSolution
		Debug|Any CPU = Debug|Any CPU
		Release|Any CPU = Release|Any CPU
	EndGlobalSection
	GlobalSection(ProjectConfigurationPlatforms) = postSolution
		{4CC7A9AB-4D3B-4184-B985-94C3E9716C90}.Debug|Any CPU.ActiveCfg = Debug|Any CPU
		{4CC7A9AB-4D3B-4184-B985-94C3E9716C90}.Debug|Any CPU.Build.0 = Debug|Any CPU
		{4CC7A9AB-4D3B-4184-B985-94C3E9716C90}.Release|Any CPU.ActiveCfg = Release|Any CPU
		{4CC7A9AB-4D3B-4184-B985-94C3E9716C90}.Release|Any CPU.Build.0 = Release|Any CPU
	EndGlobalSection
	GlobalSection(SolutionProperties) = preSolution
		HideSolutionNode = FALSE
	EndGlobalSection
	GlobalSection(ExtensibilityGlobals) = postSolution
		SolutionGuid = {4F482B70-E9F7-480E-99CD-42A598B84336}
	EndGlobalSection
EndGlobal
