
Microsoft Visual Studio Solution File, Format Version 12.00
# Visual Studio Version 17
VisualStudioVersion = 17.14.36908.2 d17.14
MinimumVisualStudioVersion = 10.0.40219.1
Project("{FAE04EC0-301F-11D3-BF4B-00C04F79EFBC}") = "Convert-RTF-String-to-HTML-String", "Convert-RTF-String-to-HTML-String\Convert-RTF-String-to-HTML-String.csproj", "{850C464A-0682-420A-BA3B-65B41841A56C}"
EndProject
Global
	GlobalSection(SolutionConfigurationPlatforms) = preSolution
		Debug|Any CPU = Debug|Any CPU
		Release|Any CPU = Release|Any CPU
	EndGlobalSection
	GlobalSection(ProjectConfigurationPlatforms) = postSolution
		{850C464A-0682-420A-BA3B-65B41841A56C}.Debug|Any CPU.ActiveCfg = Debug|Any CPU
		{850C464A-0682-420A-BA3B-65B41841A56C}.Debug|Any CPU.Build.0 = Debug|Any CPU
		{850C464A-0682-420A-BA3B-65B41841A56C}.Release|Any CPU.ActiveCfg = Release|Any CPU
		{850C464A-0682-420A-BA3B-65B41841A56C}.Release|Any CPU.Build.0 = Release|Any CPU
	EndGlobalSection
	GlobalSection(SolutionProperties) = preSolution
		HideSolutionNode = FALSE
	EndGlobalSection
	GlobalSection(ExtensibilityGlobals) = postSolution
		SolutionGuid = {411E7CA8-6B93-4CB8-B1C6-60E844A154A0}
	EndGlobalSection
EndGlobal
