
Microsoft Visual Studio Solution File, Format Version 12.00
# Visual Studio Version 17
VisualStudioVersion = 17.11.35327.3
MinimumVisualStudioVersion = 10.0.40219.1
Project("{FAE04EC0-301F-11D3-BF4B-00C04F79EFBC}") = "Convert-Word-Document-to-Image", "Convert-Word-Document-to-Image.csproj", "{48A1CB1D-D8FC-48BB-AFAF-8F96049F260A}"
EndProject
Global
	GlobalSection(SolutionConfigurationPlatforms) = preSolution
		Debug|Any CPU = Debug|Any CPU
		Release|Any CPU = Release|Any CPU
	EndGlobalSection
	GlobalSection(ProjectConfigurationPlatforms) = postSolution
		{48A1CB1D-D8FC-48BB-AFAF-8F96049F260A}.Debug|Any CPU.ActiveCfg = Debug|Any CPU
		{48A1CB1D-D8FC-48BB-AFAF-8F96049F260A}.Debug|Any CPU.Build.0 = Debug|Any CPU
		{48A1CB1D-D8FC-48BB-AFAF-8F96049F260A}.Release|Any CPU.ActiveCfg = Release|Any CPU
		{48A1CB1D-D8FC-48BB-AFAF-8F96049F260A}.Release|Any CPU.Build.0 = Release|Any CPU
	EndGlobalSection
	GlobalSection(SolutionProperties) = preSolution
		HideSolutionNode = FALSE
	EndGlobalSection
	GlobalSection(ExtensibilityGlobals) = postSolution
		SolutionGuid = {816B1664-C410-4E58-8DC9-4F173A3300EA}
	EndGlobalSection
EndGlobal
