
Microsoft Visual Studio Solution File, Format Version 12.00
# Visual Studio Version 17
VisualStudioVersion = 17.14.36518.9 d17.14
MinimumVisualStudioVersion = 10.0.40219.1
Project("{FAE04EC0-301F-11D3-BF4B-00C04F79EFBC}") = "Open-and-Save-Word-Document", "Open-and-Save-Word-Document\Open-and-Save-Word-Document.csproj", "{D44F928E-428B-479F-9815-C9FE04AC1D0E}"
EndProject
Global
	GlobalSection(SolutionConfigurationPlatforms) = preSolution
		Debug|Any CPU = Debug|Any CPU
		Release|Any CPU = Release|Any CPU
	EndGlobalSection
	GlobalSection(ProjectConfigurationPlatforms) = postSolution
		{D44F928E-428B-479F-9815-C9FE04AC1D0E}.Debug|Any CPU.ActiveCfg = Debug|Any CPU
		{D44F928E-428B-479F-9815-C9FE04AC1D0E}.Debug|Any CPU.Build.0 = Debug|Any CPU
		{D44F928E-428B-479F-9815-C9FE04AC1D0E}.Release|Any CPU.ActiveCfg = Release|Any CPU
		{D44F928E-428B-479F-9815-C9FE04AC1D0E}.Release|Any CPU.Build.0 = Release|Any CPU
	EndGlobalSection
	GlobalSection(SolutionProperties) = preSolution
		HideSolutionNode = FALSE
	EndGlobalSection
	GlobalSection(ExtensibilityGlobals) = postSolution
		SolutionGuid = {15D5F4CC-4C85-4DB1-A610-533A6BA31CE0}
	EndGlobalSection
EndGlobal
