
Microsoft Visual Studio Solution File, Format Version 12.00
# Visual Studio Version 17
VisualStudioVersion = 17.10.34928.147
MinimumVisualStudioVersion = 10.0.40219.1
Project("{FAE04EC0-301F-11D3-BF4B-00C04F79EFBC}") = "Find-text-using-regex-and-add-comments", "Find-text-using-regex-and-add-comments\Find-text-using-regex-and-add-comments.csproj", "{1D707C02-50C4-48CB-B034-FBB0D9C3CCE6}"
EndProject
Global
	GlobalSection(SolutionConfigurationPlatforms) = preSolution
		Debug|Any CPU = Debug|Any CPU
		Release|Any CPU = Release|Any CPU
	EndGlobalSection
	GlobalSection(ProjectConfigurationPlatforms) = postSolution
		{1D707C02-50C4-48CB-B034-FBB0D9C3CCE6}.Debug|Any CPU.ActiveCfg = Debug|Any CPU
		{1D707C02-50C4-48CB-B034-FBB0D9C3CCE6}.Debug|Any CPU.Build.0 = Debug|Any CPU
		{1D707C02-50C4-48CB-B034-FBB0D9C3CCE6}.Release|Any CPU.ActiveCfg = Release|Any CPU
		{1D707C02-50C4-48CB-B034-FBB0D9C3CCE6}.Release|Any CPU.Build.0 = Release|Any CPU
	EndGlobalSection
	GlobalSection(SolutionProperties) = preSolution
		HideSolutionNode = FALSE
	EndGlobalSection
	GlobalSection(ExtensibilityGlobals) = postSolution
		SolutionGuid = {09759F9D-0056-4610-98CA-F6BBDC7F3FEE}
	EndGlobalSection
EndGlobal
