
Microsoft Visual Studio Solution File, Format Version 12.00
# Visual Studio Version 17
VisualStudioVersion = 17.3.32901.215
MinimumVisualStudioVersion = 10.0.40219.1
Project("{FAE04EC0-301F-11D3-BF4B-00C04F79EFBC}") = "Convert-Word-Document-to-Image", "Convert-Word-Document-to-Image\Convert-Word-Document-to-Image.csproj", "{2AA67D02-DE49-4C70-9C42-4062E125AEDF}"
EndProject
Global
	GlobalSection(SolutionConfigurationPlatforms) = preSolution
		Debug|Any CPU = Debug|Any CPU
		Release|Any CPU = Release|Any CPU
	EndGlobalSection
	GlobalSection(ProjectConfigurationPlatforms) = postSolution
		{2AA67D02-DE49-4C70-9C42-4062E125AEDF}.Debug|Any CPU.ActiveCfg = Debug|Any CPU
		{2AA67D02-DE49-4C70-9C42-4062E125AEDF}.Debug|Any CPU.Build.0 = Debug|Any CPU
		{2AA67D02-DE49-4C70-9C42-4062E125AEDF}.Release|Any CPU.ActiveCfg = Release|Any CPU
		{2AA67D02-DE49-4C70-9C42-4062E125AEDF}.Release|Any CPU.Build.0 = Release|Any CPU
	EndGlobalSection
	GlobalSection(SolutionProperties) = preSolution
		HideSolutionNode = FALSE
	EndGlobalSection
	GlobalSection(ExtensibilityGlobals) = postSolution
		SolutionGuid = {EBA5E96F-22F2-4A3C-B441-FD6311C99240}
	EndGlobalSection
EndGlobal
