
Microsoft Visual Studio Solution File, Format Version 12.00
# Visual Studio Version 17
VisualStudioVersion = 17.8.34322.80
MinimumVisualStudioVersion = 10.0.40219.1
Project("{FAE04EC0-301F-11D3-BF4B-00C04F79EFBC}") = "Merge–multiple-Word-files-in-same-page", "Merge–multiple-Word-files-in-same-page\Merge–multiple-Word-files-in-same-page.csproj", "{C790F761-62BA-49E1-8FF6-E15165CB08C1}"
EndProject
Global
	GlobalSection(SolutionConfigurationPlatforms) = preSolution
		Debug|Any CPU = Debug|Any CPU
		Release|Any CPU = Release|Any CPU
	EndGlobalSection
	GlobalSection(ProjectConfigurationPlatforms) = postSolution
		{C790F761-62BA-49E1-8FF6-E15165CB08C1}.Debug|Any CPU.ActiveCfg = Debug|Any CPU
		{C790F761-62BA-49E1-8FF6-E15165CB08C1}.Debug|Any CPU.Build.0 = Debug|Any CPU
		{C790F761-62BA-49E1-8FF6-E15165CB08C1}.Release|Any CPU.ActiveCfg = Release|Any CPU
		{C790F761-62BA-49E1-8FF6-E15165CB08C1}.Release|Any CPU.Build.0 = Release|Any CPU
	EndGlobalSection
	GlobalSection(SolutionProperties) = preSolution
		HideSolutionNode = FALSE
	EndGlobalSection
	GlobalSection(ExtensibilityGlobals) = postSolution
		SolutionGuid = {F533289D-7351-4DA3-96EE-B9C18CA8DCDD}
	EndGlobalSection
EndGlobal
