
Microsoft Visual Studio Solution File, Format Version 12.00
# Visual Studio Version 17
VisualStudioVersion = 17.13.35825.156 d17.13
MinimumVisualStudioVersion = 10.0.40219.1
Project("{FAE04EC0-301F-11D3-BF4B-00C04F79EFBC}") = "Add-editable-range-in-a-table", "Add-editable-range-in-a-table\Add-editable-range-in-a-table.csproj", "{1DF5F92E-BE60-4875-A5F7-1363B43AF83A}"
EndProject
Global
	GlobalSection(SolutionConfigurationPlatforms) = preSolution
		Debug|Any CPU = Debug|Any CPU
		Release|Any CPU = Release|Any CPU
	EndGlobalSection
	GlobalSection(ProjectConfigurationPlatforms) = postSolution
		{1DF5F92E-BE60-4875-A5F7-1363B43AF83A}.Debug|Any CPU.ActiveCfg = Debug|Any CPU
		{1DF5F92E-BE60-4875-A5F7-1363B43AF83A}.Debug|Any CPU.Build.0 = Debug|Any CPU
		{1DF5F92E-BE60-4875-A5F7-1363B43AF83A}.Release|Any CPU.ActiveCfg = Release|Any CPU
		{1DF5F92E-BE60-4875-A5F7-1363B43AF83A}.Release|Any CPU.Build.0 = Release|Any CPU
	EndGlobalSection
	GlobalSection(SolutionProperties) = preSolution
		HideSolutionNode = FALSE
	EndGlobalSection
	GlobalSection(ExtensibilityGlobals) = postSolution
		SolutionGuid = {1FBCA517-BE3F-40EF-B53A-536B02603ECA}
	EndGlobalSection
EndGlobal
