
Microsoft Visual Studio Solution File, Format Version 12.00
# Visual Studio Version 17
VisualStudioVersion = 17.7.34031.279
MinimumVisualStudioVersion = 10.0.40219.1
Project("{FAE04EC0-301F-11D3-BF4B-00C04F79EFBC}") = "Add-svg-image", "Add-svg-image\Add-svg-image.csproj", "{26DEB56D-F12D-45C3-9BC9-DF73A6E6194C}"
EndProject
Global
	GlobalSection(SolutionConfigurationPlatforms) = preSolution
		Debug|Any CPU = Debug|Any CPU
		Release|Any CPU = Release|Any CPU
	EndGlobalSection
	GlobalSection(ProjectConfigurationPlatforms) = postSolution
		{26DEB56D-F12D-45C3-9BC9-DF73A6E6194C}.Debug|Any CPU.ActiveCfg = Debug|Any CPU
		{26DEB56D-F12D-45C3-9BC9-DF73A6E6194C}.Debug|Any CPU.Build.0 = Debug|Any CPU
		{26DEB56D-F12D-45C3-9BC9-DF73A6E6194C}.Release|Any CPU.ActiveCfg = Release|Any CPU
		{26DEB56D-F12D-45C3-9BC9-DF73A6E6194C}.Release|Any CPU.Build.0 = Release|Any CPU
	EndGlobalSection
	GlobalSection(SolutionProperties) = preSolution
		HideSolutionNode = FALSE
	EndGlobalSection
	GlobalSection(ExtensibilityGlobals) = postSolution
		SolutionGuid = {0C85A7F8-15C1-493A-A8A4-ABDA7554F7E2}
	EndGlobalSection
EndGlobal
