
Microsoft Visual Studio Solution File, Format Version 12.00
# Visual Studio Version 17
VisualStudioVersion = 17.9.34622.214
MinimumVisualStudioVersion = 10.0.40219.1
Project("{FAE04EC0-301F-11D3-BF4B-00C04F79EFBC}") = "Create-table-of-figure-if-captions-exist", "Create-table-of-figure-if-captions-exist\Create-table-of-figure-if-captions-exist.csproj", "{981C37EF-64E1-4914-9886-AAA5C0F8D6B6}"
EndProject
Global
	GlobalSection(SolutionConfigurationPlatforms) = preSolution
		Debug|Any CPU = Debug|Any CPU
		Release|Any CPU = Release|Any CPU
	EndGlobalSection
	GlobalSection(ProjectConfigurationPlatforms) = postSolution
		{981C37EF-64E1-4914-9886-AAA5C0F8D6B6}.Debug|Any CPU.ActiveCfg = Debug|Any CPU
		{981C37EF-64E1-4914-9886-AAA5C0F8D6B6}.Debug|Any CPU.Build.0 = Debug|Any CPU
		{981C37EF-64E1-4914-9886-AAA5C0F8D6B6}.Release|Any CPU.ActiveCfg = Release|Any CPU
		{981C37EF-64E1-4914-9886-AAA5C0F8D6B6}.Release|Any CPU.Build.0 = Release|Any CPU
	EndGlobalSection
	GlobalSection(SolutionProperties) = preSolution
		HideSolutionNode = FALSE
	EndGlobalSection
	GlobalSection(ExtensibilityGlobals) = postSolution
		SolutionGuid = {78DC923B-2AD2-4FB7-84DF-4EA6E8B3D01D}
	EndGlobalSection
EndGlobal
