
Microsoft Visual Studio Solution File, Format Version 12.00
# Visual Studio Version 17
VisualStudioVersion = 17.6.33723.286
MinimumVisualStudioVersion = 10.0.40219.1
Project("{FAE04EC0-301F-11D3-BF4B-00C04F79EFBC}") = "Open-and-Save-Word-Document", "Open-and-Save-Word-Document\Open-and-Save-Word-Document.csproj", "{36B7B2A3-5633-4B61-B977-FBAA18AB3B99}"
EndProject
Global
	GlobalSection(SolutionConfigurationPlatforms) = preSolution
		Debug|Any CPU = Debug|Any CPU
		Release|Any CPU = Release|Any CPU
	EndGlobalSection
	GlobalSection(ProjectConfigurationPlatforms) = postSolution
		{36B7B2A3-5633-4B61-B977-FBAA18AB3B99}.Debug|Any CPU.ActiveCfg = Debug|Any CPU
		{36B7B2A3-5633-4B61-B977-FBAA18AB3B99}.Debug|Any CPU.Build.0 = Debug|Any CPU
		{36B7B2A3-5633-4B61-B977-FBAA18AB3B99}.Release|Any CPU.ActiveCfg = Release|Any CPU
		{36B7B2A3-5633-4B61-B977-FBAA18AB3B99}.Release|Any CPU.Build.0 = Release|Any CPU
	EndGlobalSection
	GlobalSection(SolutionProperties) = preSolution
		HideSolutionNode = FALSE
	EndGlobalSection
	GlobalSection(ExtensibilityGlobals) = postSolution
		SolutionGuid = {3B5E6169-7DCC-4658-9863-10D002D51D92}
	EndGlobalSection
EndGlobal
