
Microsoft Visual Studio Solution File, Format Version 12.00
# Visual Studio Version 17
VisualStudioVersion = 17.6.33723.286
MinimumVisualStudioVersion = 10.0.40219.1
Project("{FAE04EC0-301F-11D3-BF4B-00C04F79EFBC}") = "Open-and-Save-Word-Document", "Open-and-Save-Word-Document\Open-and-Save-Word-Document.csproj", "{E0C82A02-6459-4D38-944F-FF1CD2924569}"
EndProject
Global
	GlobalSection(SolutionConfigurationPlatforms) = preSolution
		Debug|Any CPU = Debug|Any CPU
		Release|Any CPU = Release|Any CPU
	EndGlobalSection
	GlobalSection(ProjectConfigurationPlatforms) = postSolution
		{E0C82A02-6459-4D38-944F-FF1CD2924569}.Debug|Any CPU.ActiveCfg = Debug|Any CPU
		{E0C82A02-6459-4D38-944F-FF1CD2924569}.Debug|Any CPU.Build.0 = Debug|Any CPU
		{E0C82A02-6459-4D38-944F-FF1CD2924569}.Release|Any CPU.ActiveCfg = Release|Any CPU
		{E0C82A02-6459-4D38-944F-FF1CD2924569}.Release|Any CPU.Build.0 = Release|Any CPU
	EndGlobalSection
	GlobalSection(SolutionProperties) = preSolution
		HideSolutionNode = FALSE
	EndGlobalSection
	GlobalSection(ExtensibilityGlobals) = postSolution
		SolutionGuid = {B74215DA-0D7C-48E8-B388-E3F569BF597E}
	EndGlobalSection
EndGlobal
