
Microsoft Visual Studio Solution File, Format Version 12.00
# Visual Studio Version 17
VisualStudioVersion = 17.6.33723.286
MinimumVisualStudioVersion = 10.0.40219.1
Project("{FAE04EC0-301F-11D3-BF4B-00C04F79EFBC}") = "Open-and-Save-Word-Document", "Open-and-Save-Word-Document\Open-and-Save-Word-Document.csproj", "{7116D342-5193-4E5E-9B5A-FBFA9F3516A9}"
EndProject
Global
	GlobalSection(SolutionConfigurationPlatforms) = preSolution
		Debug|Any CPU = Debug|Any CPU
		Release|Any CPU = Release|Any CPU
	EndGlobalSection
	GlobalSection(ProjectConfigurationPlatforms) = postSolution
		{7116D342-5193-4E5E-9B5A-FBFA9F3516A9}.Debug|Any CPU.ActiveCfg = Debug|Any CPU
		{7116D342-5193-4E5E-9B5A-FBFA9F3516A9}.Debug|Any CPU.Build.0 = Debug|Any CPU
		{7116D342-5193-4E5E-9B5A-FBFA9F3516A9}.Release|Any CPU.ActiveCfg = Release|Any CPU
		{7116D342-5193-4E5E-9B5A-FBFA9F3516A9}.Release|Any CPU.Build.0 = Release|Any CPU
	EndGlobalSection
	GlobalSection(SolutionProperties) = preSolution
		HideSolutionNode = FALSE
	EndGlobalSection
	GlobalSection(ExtensibilityGlobals) = postSolution
		SolutionGuid = {6847823B-536D-4A0F-89FF-79343D08A039}
	EndGlobalSection
EndGlobal
