
Microsoft Visual Studio Solution File, Format Version 12.00
# Visual Studio Version 17
VisualStudioVersion = 17.9.34622.214
MinimumVisualStudioVersion = 10.0.40219.1
Project("{FAE04EC0-301F-11D3-BF4B-00C04F79EFBC}") = "Find-and-apply-bold-to-replaced-content", "Find-and-apply-bold-to-replaced-content\Find-and-apply-bold-to-replaced-content.csproj", "{9A62B5BC-B52F-47AD-933E-D1E4BE3C5569}"
EndProject
Global
	GlobalSection(SolutionConfigurationPlatforms) = preSolution
		Debug|Any CPU = Debug|Any CPU
		Release|Any CPU = Release|Any CPU
	EndGlobalSection
	GlobalSection(ProjectConfigurationPlatforms) = postSolution
		{9A62B5BC-B52F-47AD-933E-D1E4BE3C5569}.Debug|Any CPU.ActiveCfg = Debug|Any CPU
		{9A62B5BC-B52F-47AD-933E-D1E4BE3C5569}.Debug|Any CPU.Build.0 = Debug|Any CPU
		{9A62B5BC-B52F-47AD-933E-D1E4BE3C5569}.Release|Any CPU.ActiveCfg = Release|Any CPU
		{9A62B5BC-B52F-47AD-933E-D1E4BE3C5569}.Release|Any CPU.Build.0 = Release|Any CPU
	EndGlobalSection
	GlobalSection(SolutionProperties) = preSolution
		HideSolutionNode = FALSE
	EndGlobalSection
	GlobalSection(ExtensibilityGlobals) = postSolution
		SolutionGuid = {B238AE7E-59A8-4651-ACC6-E1264E184A2B}
	EndGlobalSection
EndGlobal
