
Microsoft Visual Studio Solution File, Format Version 12.00
# Visual Studio Version 17
VisualStudioVersion = 17.14.36915.13 d17.14
MinimumVisualStudioVersion = 10.0.40219.1
Project("{FAE04EC0-301F-11D3-BF4B-00C04F79EFBC}") = "Open-and-Save-RTF-document", "Open-and-Save-RTF-document\Open-and-Save-RTF-document.csproj", "{219832FF-CFAA-F66B-2740-00D070F22DE7}"
EndProject
Global
	GlobalSection(SolutionConfigurationPlatforms) = preSolution
		Debug|Any CPU = Debug|Any CPU
		Release|Any CPU = Release|Any CPU
	EndGlobalSection
	GlobalSection(ProjectConfigurationPlatforms) = postSolution
		{219832FF-CFAA-F66B-2740-00D070F22DE7}.Debug|Any CPU.ActiveCfg = Debug|Any CPU
		{219832FF-CFAA-F66B-2740-00D070F22DE7}.Debug|Any CPU.Build.0 = Debug|Any CPU
		{219832FF-CFAA-F66B-2740-00D070F22DE7}.Release|Any CPU.ActiveCfg = Release|Any CPU
		{219832FF-CFAA-F66B-2740-00D070F22DE7}.Release|Any CPU.Build.0 = Release|Any CPU
	EndGlobalSection
	GlobalSection(SolutionProperties) = preSolution
		HideSolutionNode = FALSE
	EndGlobalSection
	GlobalSection(ExtensibilityGlobals) = postSolution
		SolutionGuid = {DE877D4A-A597-4938-8636-1A2D2DEE928B}
	EndGlobalSection
EndGlobal
