
Microsoft Visual Studio Solution File, Format Version 12.00
# Visual Studio Version 17
VisualStudioVersion = 17.14.37531.7 d17.14
MinimumVisualStudioVersion = 10.0.40219.1
Project("{FAE04EC0-301F-11D3-BF4B-00C04F79EFBC}") = "Create-Complex-Equation", "Create-Complex-Equation\Create-Complex-Equation.csproj", "{2091E74E-6598-9AFD-0545-AFFF3C4C90D2}"
EndProject
Global
	GlobalSection(SolutionConfigurationPlatforms) = preSolution
		Debug|Any CPU = Debug|Any CPU
		Release|Any CPU = Release|Any CPU
	EndGlobalSection
	GlobalSection(ProjectConfigurationPlatforms) = postSolution
		{2091E74E-6598-9AFD-0545-AFFF3C4C90D2}.Debug|Any CPU.ActiveCfg = Debug|Any CPU
		{2091E74E-6598-9AFD-0545-AFFF3C4C90D2}.Debug|Any CPU.Build.0 = Debug|Any CPU
		{2091E74E-6598-9AFD-0545-AFFF3C4C90D2}.Release|Any CPU.ActiveCfg = Release|Any CPU
		{2091E74E-6598-9AFD-0545-AFFF3C4C90D2}.Release|Any CPU.Build.0 = Release|Any CPU
	EndGlobalSection
	GlobalSection(SolutionProperties) = preSolution
		HideSolutionNode = FALSE
	EndGlobalSection
	GlobalSection(ExtensibilityGlobals) = postSolution
		SolutionGuid = {F3B3C138-6133-4B1A-8CAC-84CD7CED6B00}
	EndGlobalSection
EndGlobal
