
Microsoft Visual Studio Solution File, Format Version 12.00
# Visual Studio Version 17
VisualStudioVersion = 17.14.37614.0 d17.14
MinimumVisualStudioVersion = 10.0.40219.1
Project("{FAE04EC0-301F-11D3-BF4B-00C04F79EFBC}") = "Display-Multiple-Paragraph-Based-On-Merge-Field-Value", "Display-Multiple-Paragraph-Based-On-Merge-Field-Value\Display-Multiple-Paragraph-Based-On-Merge-Field-Value.csproj", "{781D1C7A-3B22-430C-D7D7-61F5D51117BA}"
EndProject
Global
	GlobalSection(SolutionConfigurationPlatforms) = preSolution
		Debug|Any CPU = Debug|Any CPU
		Release|Any CPU = Release|Any CPU
	EndGlobalSection
	GlobalSection(ProjectConfigurationPlatforms) = postSolution
		{781D1C7A-3B22-430C-D7D7-61F5D51117BA}.Debug|Any CPU.ActiveCfg = Debug|Any CPU
		{781D1C7A-3B22-430C-D7D7-61F5D51117BA}.Debug|Any CPU.Build.0 = Debug|Any CPU
		{781D1C7A-3B22-430C-D7D7-61F5D51117BA}.Release|Any CPU.ActiveCfg = Release|Any CPU
		{781D1C7A-3B22-430C-D7D7-61F5D51117BA}.Release|Any CPU.Build.0 = Release|Any CPU
	EndGlobalSection
	GlobalSection(SolutionProperties) = preSolution
		HideSolutionNode = FALSE
	EndGlobalSection
	GlobalSection(ExtensibilityGlobals) = postSolution
		SolutionGuid = {8775710B-560C-4845-8EB2-77B493F52239}
	EndGlobalSection
EndGlobal
