
Microsoft Visual Studio Solution File, Format Version 12.00
# Visual Studio Version 17
VisualStudioVersion = 17.10.34928.147
MinimumVisualStudioVersion = 10.0.40219.1
Project("{FAE04EC0-301F-11D3-BF4B-00C04F79EFBC}") = "Extract-comments", "Extract-comments\Extract-comments.csproj", "{79D8C804-0EF9-4BF8-8390-639A737A0D42}"
EndProject
Global
	GlobalSection(SolutionConfigurationPlatforms) = preSolution
		Debug|Any CPU = Debug|Any CPU
		Release|Any CPU = Release|Any CPU
	EndGlobalSection
	GlobalSection(ProjectConfigurationPlatforms) = postSolution
		{79D8C804-0EF9-4BF8-8390-639A737A0D42}.Debug|Any CPU.ActiveCfg = Debug|Any CPU
		{79D8C804-0EF9-4BF8-8390-639A737A0D42}.Debug|Any CPU.Build.0 = Debug|Any CPU
		{79D8C804-0EF9-4BF8-8390-639A737A0D42}.Release|Any CPU.ActiveCfg = Release|Any CPU
		{79D8C804-0EF9-4BF8-8390-639A737A0D42}.Release|Any CPU.Build.0 = Release|Any CPU
	EndGlobalSection
	GlobalSection(SolutionProperties) = preSolution
		HideSolutionNode = FALSE
	EndGlobalSection
	GlobalSection(ExtensibilityGlobals) = postSolution
		SolutionGuid = {08816482-E634-492E-8D98-11456B2079EC}
	EndGlobalSection
EndGlobal
