
Microsoft Visual Studio Solution File, Format Version 12.00
# Visual Studio Version 17
VisualStudioVersion = 17.9.34321.82
MinimumVisualStudioVersion = 10.0.40219.1
Project("{FAE04EC0-301F-11D3-BF4B-00C04F79EFBC}") = "Matrix", "Matrix\Matrix.csproj", "{FFA345E0-6E6D-44DA-A608-95E8D99108FC}"
EndProject
Global
	GlobalSection(SolutionConfigurationPlatforms) = preSolution
		Debug|Any CPU = Debug|Any CPU
		Release|Any CPU = Release|Any CPU
	EndGlobalSection
	GlobalSection(ProjectConfigurationPlatforms) = postSolution
		{FFA345E0-6E6D-44DA-A608-95E8D99108FC}.Debug|Any CPU.ActiveCfg = Debug|Any CPU
		{FFA345E0-6E6D-44DA-A608-95E8D99108FC}.Debug|Any CPU.Build.0 = Debug|Any CPU
		{FFA345E0-6E6D-44DA-A608-95E8D99108FC}.Release|Any CPU.ActiveCfg = Release|Any CPU
		{FFA345E0-6E6D-44DA-A608-95E8D99108FC}.Release|Any CPU.Build.0 = Release|Any CPU
	EndGlobalSection
	GlobalSection(SolutionProperties) = preSolution
		HideSolutionNode = FALSE
	EndGlobalSection
	GlobalSection(ExtensibilityGlobals) = postSolution
		SolutionGuid = {8D0D979D-1478-48F5-83C0-13561C692EE3}
	EndGlobalSection
EndGlobal
