
Microsoft Visual Studio Solution File, Format Version 12.00
# Visual Studio Version 17
VisualStudioVersion = 17.14.37614.0 d17.14
MinimumVisualStudioVersion = 10.0.40219.1
Project("{FAE04EC0-301F-11D3-BF4B-00C04F79EFBC}") = "Insert-Page-Break-Inside-Tables", "Insert-Page-Break-Inside-Tables\Insert-Page-Break-Inside-Tables.csproj", "{8FCDCDE2-4309-88B1-9269-5EFFE148B495}"
EndProject
Global
	GlobalSection(SolutionConfigurationPlatforms) = preSolution
		Debug|Any CPU = Debug|Any CPU
		Release|Any CPU = Release|Any CPU
	EndGlobalSection
	GlobalSection(ProjectConfigurationPlatforms) = postSolution
		{8FCDCDE2-4309-88B1-9269-5EFFE148B495}.Debug|Any CPU.ActiveCfg = Debug|Any CPU
		{8FCDCDE2-4309-88B1-9269-5EFFE148B495}.Debug|Any CPU.Build.0 = Debug|Any CPU
		{8FCDCDE2-4309-88B1-9269-5EFFE148B495}.Release|Any CPU.ActiveCfg = Release|Any CPU
		{8FCDCDE2-4309-88B1-9269-5EFFE148B495}.Release|Any CPU.Build.0 = Release|Any CPU
	EndGlobalSection
	GlobalSection(SolutionProperties) = preSolution
		HideSolutionNode = FALSE
	EndGlobalSection
	GlobalSection(ExtensibilityGlobals) = postSolution
		SolutionGuid = {6016CC04-B8A1-4DBF-82A4-5A433FE516DE}
	EndGlobalSection
EndGlobal
