
Microsoft Visual Studio Solution File, Format Version 12.00
# Visual Studio Version 17
VisualStudioVersion = 17.6.33723.286
MinimumVisualStudioVersion = 10.0.40219.1
Project("{FAE04EC0-301F-11D3-BF4B-00C04F79EFBC}") = "Open_and_save_Word_document", "Open_and_save_Word_document\Open_and_save_Word_document.csproj", "{F18100E8-66B1-4AB2-853B-8FC4430716CD}"
EndProject
Global
	GlobalSection(SolutionConfigurationPlatforms) = preSolution
		Debug|Any CPU = Debug|Any CPU
		Release|Any CPU = Release|Any CPU
	EndGlobalSection
	GlobalSection(ProjectConfigurationPlatforms) = postSolution
		{F18100E8-66B1-4AB2-853B-8FC4430716CD}.Debug|Any CPU.ActiveCfg = Debug|Any CPU
		{F18100E8-66B1-4AB2-853B-8FC4430716CD}.Debug|Any CPU.Build.0 = Debug|Any CPU
		{F18100E8-66B1-4AB2-853B-8FC4430716CD}.Release|Any CPU.ActiveCfg = Release|Any CPU
		{F18100E8-66B1-4AB2-853B-8FC4430716CD}.Release|Any CPU.Build.0 = Release|Any CPU
	EndGlobalSection
	GlobalSection(SolutionProperties) = preSolution
		HideSolutionNode = FALSE
	EndGlobalSection
	GlobalSection(ExtensibilityGlobals) = postSolution
		SolutionGuid = {0D5B032E-0C5B-423F-95BA-9019F4226A26}
	EndGlobalSection
EndGlobal
