
Microsoft Visual Studio Solution File, Format Version 12.00
# Visual Studio Version 16
VisualStudioVersion = 16.0.30804.86
MinimumVisualStudioVersion = 10.0.40219.1
Project("{FAE04EC0-301F-11D3-BF4B-00C04F79EFBC}") = "Insert-Row-with-same-formatting", "Insert-Row-with-same-formatting/Insert-Row-with-same-formatting.csproj", "{DDC158F3-4052-48B7-AF5F-4AB3D6CD4B22}"
EndProject
Global
	GlobalSection(SolutionConfigurationPlatforms) = preSolution
		Debug|Any CPU = Debug|Any CPU
		Release|Any CPU = Release|Any CPU
	EndGlobalSection
	GlobalSection(ProjectConfigurationPlatforms) = postSolution
		{DDC158F3-4052-48B7-AF5F-4AB3D6CD4B22}.Debug|Any CPU.ActiveCfg = Debug|Any CPU
		{DDC158F3-4052-48B7-AF5F-4AB3D6CD4B22}.Debug|Any CPU.Build.0 = Debug|Any CPU
		{DDC158F3-4052-48B7-AF5F-4AB3D6CD4B22}.Release|Any CPU.ActiveCfg = Release|Any CPU
		{DDC158F3-4052-48B7-AF5F-4AB3D6CD4B22}.Release|Any CPU.Build.0 = Release|Any CPU
	EndGlobalSection
	GlobalSection(SolutionProperties) = preSolution
		HideSolutionNode = FALSE
	EndGlobalSection
	GlobalSection(ExtensibilityGlobals) = postSolution
		SolutionGuid = {2F907F5C-D20B-4C16-8863-3281F8B7A58B}
	EndGlobalSection
EndGlobal
