
Microsoft Visual Studio Solution File, Format Version 12.00
# Visual Studio Version 17
VisualStudioVersion = 17.13.35825.156 d17.13
MinimumVisualStudioVersion = 10.0.40219.1
Project("{FAE04EC0-301F-11D3-BF4B-00C04F79EFBC}") = "Retrieve-editable-range-id", "Retrieve-editable-range-id\Retrieve-editable-range-id.csproj", "{1F32C357-4950-4BB3-8DB6-81321B52226D}"
EndProject
Global
	GlobalSection(SolutionConfigurationPlatforms) = preSolution
		Debug|Any CPU = Debug|Any CPU
		Release|Any CPU = Release|Any CPU
	EndGlobalSection
	GlobalSection(ProjectConfigurationPlatforms) = postSolution
		{1F32C357-4950-4BB3-8DB6-81321B52226D}.Debug|Any CPU.ActiveCfg = Debug|Any CPU
		{1F32C357-4950-4BB3-8DB6-81321B52226D}.Debug|Any CPU.Build.0 = Debug|Any CPU
		{1F32C357-4950-4BB3-8DB6-81321B52226D}.Release|Any CPU.ActiveCfg = Release|Any CPU
		{1F32C357-4950-4BB3-8DB6-81321B52226D}.Release|Any CPU.Build.0 = Release|Any CPU
	EndGlobalSection
	GlobalSection(SolutionProperties) = preSolution
		HideSolutionNode = FALSE
	EndGlobalSection
	GlobalSection(ExtensibilityGlobals) = postSolution
		SolutionGuid = {F93898A1-D7E7-45CF-AE90-438B8200EB22}
	EndGlobalSection
EndGlobal
