
Microsoft Visual Studio Solution File, Format Version 12.00
# Visual Studio Version 17
VisualStudioVersion = 17.14.37301.10 d17.14
MinimumVisualStudioVersion = 10.0.40219.1
Project("{FAE04EC0-301F-11D3-BF4B-00C04F79EFBC}") = "Convert_Database_into_Dataset_and_Perform_Mailmerge", "Convert_Database_into_Dataset_and_Perform_Mailmerge\Convert_Database_into_Dataset_and_Perform_Mailmerge.csproj", "{F466E5AF-87B2-BED0-A680-8B3305676943}"
EndProject
Global
	GlobalSection(SolutionConfigurationPlatforms) = preSolution
		Debug|Any CPU = Debug|Any CPU
		Release|Any CPU = Release|Any CPU
	EndGlobalSection
	GlobalSection(ProjectConfigurationPlatforms) = postSolution
		{F466E5AF-87B2-BED0-A680-8B3305676943}.Debug|Any CPU.ActiveCfg = Debug|Any CPU
		{F466E5AF-87B2-BED0-A680-8B3305676943}.Debug|Any CPU.Build.0 = Debug|Any CPU
		{F466E5AF-87B2-BED0-A680-8B3305676943}.Release|Any CPU.ActiveCfg = Release|Any CPU
		{F466E5AF-87B2-BED0-A680-8B3305676943}.Release|Any CPU.Build.0 = Release|Any CPU
	EndGlobalSection
	GlobalSection(SolutionProperties) = preSolution
		HideSolutionNode = FALSE
	EndGlobalSection
	GlobalSection(ExtensibilityGlobals) = postSolution
		SolutionGuid = {3CD5B0D7-D2A2-4D43-8C8D-3239CD3DE50D}
	EndGlobalSection
EndGlobal
