
Microsoft Visual Studio Solution File, Format Version 12.00
# Visual Studio Version 17
VisualStudioVersion = 17.7.34031.279
MinimumVisualStudioVersion = 10.0.40219.1
Project("{FAE04EC0-301F-11D3-BF4B-00C04F79EFBC}") = "Customize-image-path-in-Word-to-html", "Customize-image-path-in-Word-to-html\Customize-image-path-in-Word-to-html.csproj", "{8C1A0AC2-F4DE-409E-B6E0-BC28228C528C}"
EndProject
Global
	GlobalSection(SolutionConfigurationPlatforms) = preSolution
		Debug|Any CPU = Debug|Any CPU
		Release|Any CPU = Release|Any CPU
	EndGlobalSection
	GlobalSection(ProjectConfigurationPlatforms) = postSolution
		{8C1A0AC2-F4DE-409E-B6E0-BC28228C528C}.Debug|Any CPU.ActiveCfg = Debug|Any CPU
		{8C1A0AC2-F4DE-409E-B6E0-BC28228C528C}.Debug|Any CPU.Build.0 = Debug|Any CPU
		{8C1A0AC2-F4DE-409E-B6E0-BC28228C528C}.Release|Any CPU.ActiveCfg = Release|Any CPU
		{8C1A0AC2-F4DE-409E-B6E0-BC28228C528C}.Release|Any CPU.Build.0 = Release|Any CPU
	EndGlobalSection
	GlobalSection(SolutionProperties) = preSolution
		HideSolutionNode = FALSE
	EndGlobalSection
	GlobalSection(ExtensibilityGlobals) = postSolution
		SolutionGuid = {8C795B5F-A830-4615-98C4-780853867A07}
	EndGlobalSection
EndGlobal
