
Microsoft Visual Studio Solution File, Format Version 12.00
# Visual Studio Version 17
VisualStudioVersion = 17.14.37516.0 d17.14
MinimumVisualStudioVersion = 10.0.40219.1
Project("{FAE04EC0-301F-11D3-BF4B-00C04F79EFBC}") = "Open-Word-Document-From-Markdown", "Open-Word-Document-From-Markdown\Open-Word-Document-From-Markdown.csproj", "{558D5010-DDA9-2A57-5BBE-9F743C6AEA85}"
EndProject
Global
	GlobalSection(SolutionConfigurationPlatforms) = preSolution
		Debug|Any CPU = Debug|Any CPU
		Release|Any CPU = Release|Any CPU
	EndGlobalSection
	GlobalSection(ProjectConfigurationPlatforms) = postSolution
		{558D5010-DDA9-2A57-5BBE-9F743C6AEA85}.Debug|Any CPU.ActiveCfg = Debug|Any CPU
		{558D5010-DDA9-2A57-5BBE-9F743C6AEA85}.Debug|Any CPU.Build.0 = Debug|Any CPU
		{558D5010-DDA9-2A57-5BBE-9F743C6AEA85}.Release|Any CPU.ActiveCfg = Release|Any CPU
		{558D5010-DDA9-2A57-5BBE-9F743C6AEA85}.Release|Any CPU.Build.0 = Release|Any CPU
	EndGlobalSection
	GlobalSection(SolutionProperties) = preSolution
		HideSolutionNode = FALSE
	EndGlobalSection
	GlobalSection(ExtensibilityGlobals) = postSolution
		SolutionGuid = {FB4F824F-5E1D-4CC3-860E-640DD2149D0F}
	EndGlobalSection
EndGlobal
