
Microsoft Visual Studio Solution File, Format Version 12.00
# Visual Studio Version 17
VisualStudioVersion = 17.4.33213.308
MinimumVisualStudioVersion = 10.0.40219.1
Project("{FAE04EC0-301F-11D3-BF4B-00C04F79EFBC}") = "Merge-field-inside-IF-field", "Merge-field-inside-IF-field\Merge-field-inside-IF-field.csproj", "{555C2AAA-4A1D-420A-ADD9-230E383F5FE8}"
EndProject
Global
	GlobalSection(SolutionConfigurationPlatforms) = preSolution
		Debug|Any CPU = Debug|Any CPU
		Release|Any CPU = Release|Any CPU
	EndGlobalSection
	GlobalSection(ProjectConfigurationPlatforms) = postSolution
		{555C2AAA-4A1D-420A-ADD9-230E383F5FE8}.Debug|Any CPU.ActiveCfg = Debug|Any CPU
		{555C2AAA-4A1D-420A-ADD9-230E383F5FE8}.Debug|Any CPU.Build.0 = Debug|Any CPU
		{555C2AAA-4A1D-420A-ADD9-230E383F5FE8}.Release|Any CPU.ActiveCfg = Release|Any CPU
		{555C2AAA-4A1D-420A-ADD9-230E383F5FE8}.Release|Any CPU.Build.0 = Release|Any CPU
	EndGlobalSection
	GlobalSection(SolutionProperties) = preSolution
		HideSolutionNode = FALSE
	EndGlobalSection
	GlobalSection(ExtensibilityGlobals) = postSolution
		SolutionGuid = {9ED3FF1C-1B4A-4291-A70C-4A63F6B7D982}
	EndGlobalSection
EndGlobal
