
Microsoft Visual Studio Solution File, Format Version 12.00
# Visual Studio Version 17
VisualStudioVersion = 17.14.36518.9 d17.14
MinimumVisualStudioVersion = 10.0.40219.1
Project("{FAE04EC0-301F-11D3-BF4B-00C04F79EFBC}") = "Apply-custom-formatting-mailmerge-fields", "Apply-custom-formatting-mailmerge-fields\Apply-custom-formatting-mailmerge-fields.csproj", "{F0C26935-893F-44DC-99CE-8AFEF31BF30D}"
EndProject
Global
	GlobalSection(SolutionConfigurationPlatforms) = preSolution
		Debug|Any CPU = Debug|Any CPU
		Release|Any CPU = Release|Any CPU
	EndGlobalSection
	GlobalSection(ProjectConfigurationPlatforms) = postSolution
		{F0C26935-893F-44DC-99CE-8AFEF31BF30D}.Debug|Any CPU.ActiveCfg = Debug|Any CPU
		{F0C26935-893F-44DC-99CE-8AFEF31BF30D}.Debug|Any CPU.Build.0 = Debug|Any CPU
		{F0C26935-893F-44DC-99CE-8AFEF31BF30D}.Release|Any CPU.ActiveCfg = Release|Any CPU
		{F0C26935-893F-44DC-99CE-8AFEF31BF30D}.Release|Any CPU.Build.0 = Release|Any CPU
	EndGlobalSection
	GlobalSection(SolutionProperties) = preSolution
		HideSolutionNode = FALSE
	EndGlobalSection
	GlobalSection(ExtensibilityGlobals) = postSolution
		SolutionGuid = {04BDD3BB-2942-4C48-8E80-492D6AE1B900}
	EndGlobalSection
EndGlobal
