
Microsoft Visual Studio Solution File, Format Version 12.00
# Visual Studio Version 17
VisualStudioVersion = 17.10.34928.147
MinimumVisualStudioVersion = 10.0.40219.1
Project("{FAE04EC0-301F-11D3-BF4B-00C04F79EFBC}") = "Open-Word-document", "Open-Word-document\Open-Word-document.csproj", "{E732C351-53B8-4986-971E-50D074486ACB}"
EndProject
Global
	GlobalSection(SolutionConfigurationPlatforms) = preSolution
		Debug|Any CPU = Debug|Any CPU
		Release|Any CPU = Release|Any CPU
	EndGlobalSection
	GlobalSection(ProjectConfigurationPlatforms) = postSolution
		{E732C351-53B8-4986-971E-50D074486ACB}.Debug|Any CPU.ActiveCfg = Debug|Any CPU
		{E732C351-53B8-4986-971E-50D074486ACB}.Debug|Any CPU.Build.0 = Debug|Any CPU
		{E732C351-53B8-4986-971E-50D074486ACB}.Release|Any CPU.ActiveCfg = Release|Any CPU
		{E732C351-53B8-4986-971E-50D074486ACB}.Release|Any CPU.Build.0 = Release|Any CPU
	EndGlobalSection
	GlobalSection(SolutionProperties) = preSolution
		HideSolutionNode = FALSE
	EndGlobalSection
	GlobalSection(ExtensibilityGlobals) = postSolution
		SolutionGuid = {518AB72D-48F2-48F0-998F-73D48821A204}
	EndGlobalSection
EndGlobal
