
Microsoft Visual Studio Solution File, Format Version 12.00
# Visual Studio Version 16
VisualStudioVersion = 16.0.31205.134
MinimumVisualStudioVersion = 10.0.40219.1
Project("{FAE04EC0-301F-11D3-BF4B-00C04F79EFBC}") = "Convert-Word-to-Markdown", "Convert-Word-to-Markdown\Convert-Word-to-Markdown.csproj", "{A9B8BA28-6026-43A5-A019-6EC9CFBA6C0A}"
EndProject
Global
	GlobalSection(SolutionConfigurationPlatforms) = preSolution
		Debug|Any CPU = Debug|Any CPU
		Release|Any CPU = Release|Any CPU
	EndGlobalSection
	GlobalSection(ProjectConfigurationPlatforms) = postSolution
		{A9B8BA28-6026-43A5-A019-6EC9CFBA6C0A}.Debug|Any CPU.ActiveCfg = Debug|Any CPU
		{A9B8BA28-6026-43A5-A019-6EC9CFBA6C0A}.Debug|Any CPU.Build.0 = Debug|Any CPU
		{A9B8BA28-6026-43A5-A019-6EC9CFBA6C0A}.Release|Any CPU.ActiveCfg = Release|Any CPU
		{A9B8BA28-6026-43A5-A019-6EC9CFBA6C0A}.Release|Any CPU.Build.0 = Release|Any CPU
	EndGlobalSection
	GlobalSection(SolutionProperties) = preSolution
		HideSolutionNode = FALSE
	EndGlobalSection
	GlobalSection(ExtensibilityGlobals) = postSolution
		SolutionGuid = {0F7A9D32-F9DA-4D6D-911D-121E595F662D}
	EndGlobalSection
EndGlobal
