
Microsoft Visual Studio Solution File, Format Version 12.00
# Visual Studio Version 17
VisualStudioVersion = 17.14.36908.2 d17.14
MinimumVisualStudioVersion = 10.0.40219.1
Project("{FAE04EC0-301F-11D3-BF4B-00C04F79EFBC}") = "Convert_Word_to_Thumbnail-Image", "Convert_Word_to_Thumbnail-Image\Convert_Word_to_Thumbnail-Image.csproj", "{B7A7EDE2-1818-4C6A-9DBF-E1DEF995A6C3}"
EndProject
Global
	GlobalSection(SolutionConfigurationPlatforms) = preSolution
		Debug|Any CPU = Debug|Any CPU
		Release|Any CPU = Release|Any CPU
	EndGlobalSection
	GlobalSection(ProjectConfigurationPlatforms) = postSolution
		{B7A7EDE2-1818-4C6A-9DBF-E1DEF995A6C3}.Debug|Any CPU.ActiveCfg = Debug|Any CPU
		{B7A7EDE2-1818-4C6A-9DBF-E1DEF995A6C3}.Debug|Any CPU.Build.0 = Debug|Any CPU
		{B7A7EDE2-1818-4C6A-9DBF-E1DEF995A6C3}.Release|Any CPU.ActiveCfg = Release|Any CPU
		{B7A7EDE2-1818-4C6A-9DBF-E1DEF995A6C3}.Release|Any CPU.Build.0 = Release|Any CPU
	EndGlobalSection
	GlobalSection(SolutionProperties) = preSolution
		HideSolutionNode = FALSE
	EndGlobalSection
	GlobalSection(ExtensibilityGlobals) = postSolution
		SolutionGuid = {ABE93116-3AB5-4CD8-87C0-8C646A6CDC8C}
	EndGlobalSection
EndGlobal
