
Microsoft Visual Studio Solution File, Format Version 12.00
# Visual Studio Version 17
VisualStudioVersion = 17.12.35309.182
MinimumVisualStudioVersion = 10.0.40219.1
Project("{FAE04EC0-301F-11D3-BF4B-00C04F79EFBC}") = "Change-text-color-of-styles", "Change-text-color-of-styles\Change-text-color-of-styles.csproj", "{F727F5FB-8626-4542-A59D-703BD3937FA3}"
EndProject
Global
	GlobalSection(SolutionConfigurationPlatforms) = preSolution
		Debug|Any CPU = Debug|Any CPU
		Release|Any CPU = Release|Any CPU
	EndGlobalSection
	GlobalSection(ProjectConfigurationPlatforms) = postSolution
		{F727F5FB-8626-4542-A59D-703BD3937FA3}.Debug|Any CPU.ActiveCfg = Debug|Any CPU
		{F727F5FB-8626-4542-A59D-703BD3937FA3}.Debug|Any CPU.Build.0 = Debug|Any CPU
		{F727F5FB-8626-4542-A59D-703BD3937FA3}.Release|Any CPU.ActiveCfg = Release|Any CPU
		{F727F5FB-8626-4542-A59D-703BD3937FA3}.Release|Any CPU.Build.0 = Release|Any CPU
	EndGlobalSection
	GlobalSection(SolutionProperties) = preSolution
		HideSolutionNode = FALSE
	EndGlobalSection
	GlobalSection(ExtensibilityGlobals) = postSolution
		SolutionGuid = {AEF532D2-87BC-4F0A-A194-F26F62F1CA5B}
	EndGlobalSection
EndGlobal
