
Microsoft Visual Studio Solution File, Format Version 12.00
# Visual Studio Version 17
VisualStudioVersion = 17.6.33723.286
MinimumVisualStudioVersion = 10.0.40219.1
Project("{FAE04EC0-301F-11D3-BF4B-00C04F79EFBC}") = "Convert-Word-Document-to-Image", "Convert-Word-Document-to-Image\Convert-Word-Document-to-Image.csproj", "{74234BFA-5CC1-4BFF-875E-20C54FE5ABF8}"
EndProject
Global
	GlobalSection(SolutionConfigurationPlatforms) = preSolution
		Debug|Any CPU = Debug|Any CPU
		Release|Any CPU = Release|Any CPU
	EndGlobalSection
	GlobalSection(ProjectConfigurationPlatforms) = postSolution
		{74234BFA-5CC1-4BFF-875E-20C54FE5ABF8}.Debug|Any CPU.ActiveCfg = Debug|Any CPU
		{74234BFA-5CC1-4BFF-875E-20C54FE5ABF8}.Debug|Any CPU.Build.0 = Debug|Any CPU
		{74234BFA-5CC1-4BFF-875E-20C54FE5ABF8}.Release|Any CPU.ActiveCfg = Release|Any CPU
		{74234BFA-5CC1-4BFF-875E-20C54FE5ABF8}.Release|Any CPU.Build.0 = Release|Any CPU
	EndGlobalSection
	GlobalSection(SolutionProperties) = preSolution
		HideSolutionNode = FALSE
	EndGlobalSection
	GlobalSection(ExtensibilityGlobals) = postSolution
		SolutionGuid = {24F6F36D-269E-4311-BF23-9B8690199018}
	EndGlobalSection
EndGlobal
