
Microsoft Visual Studio Solution File, Format Version 12.00
# Visual Studio Version 17
VisualStudioVersion = 17.3.32901.215
MinimumVisualStudioVersion = 10.0.40219.1
Project("{FAE04EC0-301F-11D3-BF4B-00C04F79EFBC}") = "Convert-Word-Document-to-PDF", "Convert-Word-Document-to-PDF\Convert-Word-Document-to-PDF.csproj", "{09958991-8E4C-4A04-9D0F-1B68E2D466A9}"
EndProject
Global
	GlobalSection(SolutionConfigurationPlatforms) = preSolution
		Debug|Any CPU = Debug|Any CPU
		Release|Any CPU = Release|Any CPU
	EndGlobalSection
	GlobalSection(ProjectConfigurationPlatforms) = postSolution
		{09958991-8E4C-4A04-9D0F-1B68E2D466A9}.Debug|Any CPU.ActiveCfg = Debug|Any CPU
		{09958991-8E4C-4A04-9D0F-1B68E2D466A9}.Debug|Any CPU.Build.0 = Debug|Any CPU
		{09958991-8E4C-4A04-9D0F-1B68E2D466A9}.Release|Any CPU.ActiveCfg = Release|Any CPU
		{09958991-8E4C-4A04-9D0F-1B68E2D466A9}.Release|Any CPU.Build.0 = Release|Any CPU
	EndGlobalSection
	GlobalSection(SolutionProperties) = preSolution
		HideSolutionNode = FALSE
	EndGlobalSection
	GlobalSection(ExtensibilityGlobals) = postSolution
		SolutionGuid = {0CBFE6D1-F011-4F25-96E0-D7F8871F5206}
	EndGlobalSection
EndGlobal
