
Microsoft Visual Studio Solution File, Format Version 12.00
# Visual Studio Version 17
VisualStudioVersion = 17.14.36518.9 d17.14
MinimumVisualStudioVersion = 10.0.40219.1
Project("{FAE04EC0-301F-11D3-BF4B-00C04F79EFBC}") = "Find-Bookmark-Owner-TextBody-or-Header-Footer", "Find-Bookmark-Owner-TextBody-or-Header-Footer\Find-Bookmark-Owner-TextBody-or-Header-Footer.csproj", "{73FE0BC7-3E61-4093-864D-77BC36251331}"
EndProject
Global
	GlobalSection(SolutionConfigurationPlatforms) = preSolution
		Debug|Any CPU = Debug|Any CPU
		Release|Any CPU = Release|Any CPU
	EndGlobalSection
	GlobalSection(ProjectConfigurationPlatforms) = postSolution
		{73FE0BC7-3E61-4093-864D-77BC36251331}.Debug|Any CPU.ActiveCfg = Debug|Any CPU
		{73FE0BC7-3E61-4093-864D-77BC36251331}.Debug|Any CPU.Build.0 = Debug|Any CPU
		{73FE0BC7-3E61-4093-864D-77BC36251331}.Release|Any CPU.ActiveCfg = Release|Any CPU
		{73FE0BC7-3E61-4093-864D-77BC36251331}.Release|Any CPU.Build.0 = Release|Any CPU
	EndGlobalSection
	GlobalSection(SolutionProperties) = preSolution
		HideSolutionNode = FALSE
	EndGlobalSection
	GlobalSection(ExtensibilityGlobals) = postSolution
		SolutionGuid = {1FF6D9EE-60E6-40F2-94B4-AC0FD9D92EA3}
	EndGlobalSection
EndGlobal
