
Microsoft Visual Studio Solution File, Format Version 12.00
# Visual Studio Version 17
VisualStudioVersion = 17.3.32901.215
MinimumVisualStudioVersion = 10.0.40219.1
Project("{FAE04EC0-301F-11D3-BF4B-00C04F79EFBC}") = "Convert-Word-Document-to-Image", "Convert-Word-Document-to-Image\Convert-Word-Document-to-Image.csproj", "{78BF0DCB-EE01-4B9C-AF22-CC5DEA439F0B}"
EndProject
Global
	GlobalSection(SolutionConfigurationPlatforms) = preSolution
		Debug|Any CPU = Debug|Any CPU
		Release|Any CPU = Release|Any CPU
	EndGlobalSection
	GlobalSection(ProjectConfigurationPlatforms) = postSolution
		{78BF0DCB-EE01-4B9C-AF22-CC5DEA439F0B}.Debug|Any CPU.ActiveCfg = Debug|Any CPU
		{78BF0DCB-EE01-4B9C-AF22-CC5DEA439F0B}.Debug|Any CPU.Build.0 = Debug|Any CPU
		{78BF0DCB-EE01-4B9C-AF22-CC5DEA439F0B}.Release|Any CPU.ActiveCfg = Release|Any CPU
		{78BF0DCB-EE01-4B9C-AF22-CC5DEA439F0B}.Release|Any CPU.Build.0 = Release|Any CPU
	EndGlobalSection
	GlobalSection(SolutionProperties) = preSolution
		HideSolutionNode = FALSE
	EndGlobalSection
	GlobalSection(ExtensibilityGlobals) = postSolution
		SolutionGuid = {34089958-8B72-4B18-9EE7-EE4808AC7572}
	EndGlobalSection
EndGlobal
