
Microsoft Visual Studio Solution File, Format Version 12.00
# Visual Studio Version 17
VisualStudioVersion = 17.6.33829.357
MinimumVisualStudioVersion = 10.0.40219.1
Project("{FAE04EC0-301F-11D3-BF4B-00C04F79EFBC}") = "Replace-merge-field-with-RTF", "Replace-merge-field-with-RTF\Replace-merge-field-with-RTF.csproj", "{4E0B72CE-AA7F-4F7D-9445-870B97827F56}"
EndProject
Global
	GlobalSection(SolutionConfigurationPlatforms) = preSolution
		Debug|Any CPU = Debug|Any CPU
		Release|Any CPU = Release|Any CPU
	EndGlobalSection
	GlobalSection(ProjectConfigurationPlatforms) = postSolution
		{4E0B72CE-AA7F-4F7D-9445-870B97827F56}.Debug|Any CPU.ActiveCfg = Debug|Any CPU
		{4E0B72CE-AA7F-4F7D-9445-870B97827F56}.Debug|Any CPU.Build.0 = Debug|Any CPU
		{4E0B72CE-AA7F-4F7D-9445-870B97827F56}.Release|Any CPU.ActiveCfg = Release|Any CPU
		{4E0B72CE-AA7F-4F7D-9445-870B97827F56}.Release|Any CPU.Build.0 = Release|Any CPU
	EndGlobalSection
	GlobalSection(SolutionProperties) = preSolution
		HideSolutionNode = FALSE
	EndGlobalSection
	GlobalSection(ExtensibilityGlobals) = postSolution
		SolutionGuid = {5FDCB46D-A8C7-4221-A902-2E67578F4062}
	EndGlobalSection
EndGlobal
