
Microsoft Visual Studio Solution File, Format Version 12.00
# Visual Studio Version 16
VisualStudioVersion = 16.0.30804.86
MinimumVisualStudioVersion = 10.0.40219.1
Project("{FAE04EC0-301F-11D3-BF4B-00C04F79EFBC}") = "Add-nested-group-shapes", "Add-nested-group-shapes/Add-nested-group-shapes.csproj", "{73E398A2-23B1-4DB3-BB15-90FF07263D77}"
EndProject
Global
	GlobalSection(SolutionConfigurationPlatforms) = preSolution
		Debug|Any CPU = Debug|Any CPUs
		Release|Any CPU = Release|Any CPU
	EndGlobalSection
	GlobalSection(ProjectConfigurationPlatforms) = postSolution
		{73E398A2-23B1-4DB3-BB15-90FF07263D77}.Debug|Any CPU.ActiveCfg = Debug|Any CPU
		{73E398A2-23B1-4DB3-BB15-90FF07263D77}.Debug|Any CPU.Build.0 = Debug|Any CPU
		{73E398A2-23B1-4DB3-BB15-90FF07263D77}.Release|Any CPU.ActiveCfg = Release|Any CPU
		{73E398A2-23B1-4DB3-BB15-90FF07263D77}.Release|Any CPU.Build.0 = Release|Any CPU
	EndGlobalSection
	GlobalSection(SolutionProperties) = preSolution
		HideSolutionNode = FALSE
	EndGlobalSection
	GlobalSection(ExtensibilityGlobals) = postSolution
		SolutionGuid = {1E681571-08EF-479A-A594-076A93BAE31C}
	EndGlobalSection
EndGlobal
