
Microsoft Visual Studio Solution File, Format Version 12.00
# Visual Studio Version 17
VisualStudioVersion = 17.14.37614.0 d17.14
MinimumVisualStudioVersion = 10.0.40219.1
Project("{FAE04EC0-301F-11D3-BF4B-00C04F79EFBC}") = "Perform-Mail-Merge-With-Excel-Data", "Perform-Mail-Merge-With-Excel-Data\Perform-Mail-Merge-With-Excel-Data.csproj", "{600588D9-4DC3-6DCF-4401-A0341863B874}"
EndProject
Global
	GlobalSection(SolutionConfigurationPlatforms) = preSolution
		Debug|Any CPU = Debug|Any CPU
		Release|Any CPU = Release|Any CPU
	EndGlobalSection
	GlobalSection(ProjectConfigurationPlatforms) = postSolution
		{600588D9-4DC3-6DCF-4401-A0341863B874}.Debug|Any CPU.ActiveCfg = Debug|Any CPU
		{600588D9-4DC3-6DCF-4401-A0341863B874}.Debug|Any CPU.Build.0 = Debug|Any CPU
		{600588D9-4DC3-6DCF-4401-A0341863B874}.Release|Any CPU.ActiveCfg = Release|Any CPU
		{600588D9-4DC3-6DCF-4401-A0341863B874}.Release|Any CPU.Build.0 = Release|Any CPU
	EndGlobalSection
	GlobalSection(SolutionProperties) = preSolution
		HideSolutionNode = FALSE
	EndGlobalSection
	GlobalSection(ExtensibilityGlobals) = postSolution
		SolutionGuid = {9F76B6CD-265C-429A-BAD8-0A2BC7143DF2}
	EndGlobalSection
EndGlobal
