
Microsoft Visual Studio Solution File, Format Version 12.00
# Visual Studio Version 17
VisualStudioVersion = 17.6.33723.286
MinimumVisualStudioVersion = 10.0.40219.1
Project("{FAE04EC0-301F-11D3-BF4B-00C04F79EFBC}") = "Ignore-format-changes", "Ignore-format-changes\Ignore-format-changes.csproj", "{D89B27E2-BF06-4BB0-A552-588F5F73867F}"
EndProject
Global
	GlobalSection(SolutionConfigurationPlatforms) = preSolution
		Debug|Any CPU = Debug|Any CPU
		Release|Any CPU = Release|Any CPU
	EndGlobalSection
	GlobalSection(ProjectConfigurationPlatforms) = postSolution
		{D89B27E2-BF06-4BB0-A552-588F5F73867F}.Debug|Any CPU.ActiveCfg = Debug|Any CPU
		{D89B27E2-BF06-4BB0-A552-588F5F73867F}.Debug|Any CPU.Build.0 = Debug|Any CPU
		{D89B27E2-BF06-4BB0-A552-588F5F73867F}.Release|Any CPU.ActiveCfg = Release|Any CPU
		{D89B27E2-BF06-4BB0-A552-588F5F73867F}.Release|Any CPU.Build.0 = Release|Any CPU
	EndGlobalSection
	GlobalSection(SolutionProperties) = preSolution
		HideSolutionNode = FALSE
	EndGlobalSection
	GlobalSection(ExtensibilityGlobals) = postSolution
		SolutionGuid = {4ED2E1E4-A9E2-4485-A023-539825051C18}
	EndGlobalSection
EndGlobal
