
Microsoft Visual Studio Solution File, Format Version 12.00
# Visual Studio Version 17
VisualStudioVersion = 17.14.36908.2 d17.14
MinimumVisualStudioVersion = 10.0.40219.1
Project("{FAE04EC0-301F-11D3-BF4B-00C04F79EFBC}") = "Apply_Style_for_TextRange_in_Paragraph", "Apply_Style_for_TextRange_in_Paragraph\Apply_Style_for_TextRange_in_Paragraph.csproj", "{452CD0ED-C0B9-4470-B9E2-2BD0637A5DE9}"
EndProject
Global
	GlobalSection(SolutionConfigurationPlatforms) = preSolution
		Debug|Any CPU = Debug|Any CPU
		Release|Any CPU = Release|Any CPU
	EndGlobalSection
	GlobalSection(ProjectConfigurationPlatforms) = postSolution
		{452CD0ED-C0B9-4470-B9E2-2BD0637A5DE9}.Debug|Any CPU.ActiveCfg = Debug|Any CPU
		{452CD0ED-C0B9-4470-B9E2-2BD0637A5DE9}.Debug|Any CPU.Build.0 = Debug|Any CPU
		{452CD0ED-C0B9-4470-B9E2-2BD0637A5DE9}.Release|Any CPU.ActiveCfg = Release|Any CPU
		{452CD0ED-C0B9-4470-B9E2-2BD0637A5DE9}.Release|Any CPU.Build.0 = Release|Any CPU
	EndGlobalSection
	GlobalSection(SolutionProperties) = preSolution
		HideSolutionNode = FALSE
	EndGlobalSection
	GlobalSection(ExtensibilityGlobals) = postSolution
		SolutionGuid = {71836959-C790-4489-9E18-88A90C162AAA}
	EndGlobalSection
EndGlobal
