
Microsoft Visual Studio Solution File, Format Version 12.00
# Visual Studio Version 17
VisualStudioVersion = 17.3.32901.215
MinimumVisualStudioVersion = 10.0.40219.1
Project("{FAE04EC0-301F-11D3-BF4B-00C04F79EFBC}") = "Convert-Word-Document-to-PDF.UWP", "Convert-Word-Document-to-PDF\Convert-Word-Document-to-PDF.UWP\Convert-Word-Document-to-PDF.UWP.csproj", "{B1081853-80C5-4CC5-B7AA-032A7F7ED00B}"
EndProject
Project("{FAE04EC0-301F-11D3-BF4B-00C04F79EFBC}") = "Convert-Word-Document-to-PDF.Android", "Convert-Word-Document-to-PDF\Convert-Word-Document-to-PDF.Android\Convert-Word-Document-to-PDF.Android.csproj", "{D2EF9E33-694B-4C27-B892-C0E169D23267}"
EndProject
Project("{FAE04EC0-301F-11D3-BF4B-00C04F79EFBC}") = "Convert-Word-Document-to-PDF.iOS", "Convert-Word-Document-to-PDF\Convert-Word-Document-to-PDF.iOS\Convert-Word-Document-to-PDF.iOS.csproj", "{BD2C9D0D-CC30-40EF-BFF8-C334A5392488}"
EndProject
Project("{FAE04EC0-301F-11D3-BF4B-00C04F79EFBC}") = "Convert-Word-Document-to-PDF", "Convert-Word-Document-to-PDF\Convert-Word-Document-to-PDF\Convert-Word-Document-to-PDF.csproj", "{8346D6A6-A7E3-4073-888D-5877780A79B0}"
EndProject
Global
	GlobalSection(SolutionConfigurationPlatforms) = preSolution
		Debug|Any CPU = Debug|Any CPU
		Debug|ARM = Debug|ARM
		Debug|iPhone = Debug|iPhone
		Debug|iPhoneSimulator = Debug|iPhoneSimulator
		Debug|x64 = Debug|x64
		Debug|x86 = Debug|x86
		Release|Any CPU = Release|Any CPU
		Release|ARM = Release|ARM
		Release|iPhone = Release|iPhone
		Release|iPhoneSimulator = Release|iPhoneSimulator
		Release|x64 = Release|x64
		Release|x86 = Release|x86
	EndGlobalSection
	GlobalSection(ProjectConfigurationPlatforms) = postSolution
		{B1081853-80C5-4CC5-B7AA-032A7F7ED00B}.Debug|Any CPU.ActiveCfg = Debug|x64
		{B1081853-80C5-4CC5-B7AA-032A7F7ED00B}.Debug|Any CPU.Build.0 = Debug|x64
		{B1081853-80C5-4CC5-B7AA-032A7F7ED00B}.Debug|Any CPU.Deploy.0 = Debug|x64
		{B1081853-80C5-4CC5-B7AA-032A7F7ED00B}.Debug|ARM.ActiveCfg = Debug|ARM
		{B1081853-80C5-4CC5-B7AA-032A7F7ED00B}.Debug|ARM.Build.0 = Debug|ARM
		{B1081853-80C5-4CC5-B7AA-032A7F7ED00B}.Debug|ARM.Deploy.0 = Debug|ARM
		{B1081853-80C5-4CC5-B7AA-032A7F7ED00B}.Debug|iPhone.ActiveCfg = Debug|x64
		{B1081853-80C5-4CC5-B7AA-032A7F7ED00B}.Debug|iPhone.Build.0 = Debug|x64
		{B1081853-80C5-4CC5-B7AA-032A7F7ED00B}.Debug|iPhone.Deploy.0 = Debug|x64
		{B1081853-80C5-4CC5-B7AA-032A7F7ED00B}.Debug|iPhoneSimulator.ActiveCfg = Debug|x64
		{B1081853-80C5-4CC5-B7AA-032A7F7ED00B}.Debug|iPhoneSimulator.Build.0 = Debug|x64
		{B1081853-80C5-4CC5-B7AA-032A7F7ED00B}.Debug|iPhoneSimulator.Deploy.0 = Debug|x64
		{B1081853-80C5-4CC5-B7AA-032A7F7ED00B}.Debug|x64.ActiveCfg = Debug|x64
		{B1081853-80C5-4CC5-B7AA-032A7F7ED00B}.Debug|x64.Build.0 = Debug|x64
		{B1081853-80C5-4CC5-B7AA-032A7F7ED00B}.Debug|x64.Deploy.0 = Debug|x64
		{B1081853-80C5-4CC5-B7AA-032A7F7ED00B}.Debug|x86.ActiveCfg = Debug|x86
		{B1081853-80C5-4CC5-B7AA-032A7F7ED00B}.Debug|x86.Build.0 = Debug|x86
		{B1081853-80C5-4CC5-B7AA-032A7F7ED00B}.Debug|x86.Deploy.0 = Debug|x86
		{B1081853-80C5-4CC5-B7AA-032A7F7ED00B}.Release|Any CPU.ActiveCfg = Release|x64
		{B1081853-80C5-4CC5-B7AA-032A7F7ED00B}.Release|Any CPU.Build.0 = Release|x64
		{B1081853-80C5-4CC5-B7AA-032A7F7ED00B}.Release|Any CPU.Deploy.0 = Release|x64
		{B1081853-80C5-4CC5-B7AA-032A7F7ED00B}.Release|ARM.ActiveCfg = Release|ARM
		{B1081853-80C5-4CC5-B7AA-032A7F7ED00B}.Release|ARM.Build.0 = Release|ARM
		{B1081853-80C5-4CC5-B7AA-032A7F7ED00B}.Release|ARM.Deploy.0 = Release|ARM
		{B1081853-80C5-4CC5-B7AA-032A7F7ED00B}.Release|iPhone.ActiveCfg = Release|x64
		{B1081853-80C5-4CC5-B7AA-032A7F7ED00B}.Release|iPhone.Build.0 = Release|x64
		{B1081853-80C5-4CC5-B7AA-032A7F7ED00B}.Release|iPhone.Deploy.0 = Release|x64
		{B1081853-80C5-4CC5-B7AA-032A7F7ED00B}.Release|iPhoneSimulator.ActiveCfg = Release|x64
		{B1081853-80C5-4CC5-B7AA-032A7F7ED00B}.Release|iPhoneSimulator.Build.0 = Release|x64
		{B1081853-80C5-4CC5-B7AA-032A7F7ED00B}.Release|iPhoneSimulator.Deploy.0 = Release|x64
		{B1081853-80C5-4CC5-B7AA-032A7F7ED00B}.Release|x64.ActiveCfg = Release|x64
		{B1081853-80C5-4CC5-B7AA-032A7F7ED00B}.Release|x64.Build.0 = Release|x64
		{B1081853-80C5-4CC5-B7AA-032A7F7ED00B}.Release|x64.Deploy.0 = Release|x64
		{B1081853-80C5-4CC5-B7AA-032A7F7ED00B}.Release|x86.ActiveCfg = Release|x86
		{B1081853-80C5-4CC5-B7AA-032A7F7ED00B}.Release|x86.Build.0 = Release|x86
		{B1081853-80C5-4CC5-B7AA-032A7F7ED00B}.Release|x86.Deploy.0 = Release|x86
		{D2EF9E33-694B-4C27-B892-C0E169D23267}.Debug|Any CPU.ActiveCfg = Debug|Any CPU
		{D2EF9E33-694B-4C27-B892-C0E169D23267}.Debug|Any CPU.Build.0 = Debug|Any CPU
		{D2EF9E33-694B-4C27-B892-C0E169D23267}.Debug|Any CPU.Deploy.0 = Debug|Any CPU
		{D2EF9E33-694B-4C27-B892-C0E169D23267}.Debug|ARM.ActiveCfg = Debug|Any CPU
		{D2EF9E33-694B-4C27-B892-C0E169D23267}.Debug|ARM.Build.0 = Debug|Any CPU
		{D2EF9E33-694B-4C27-B892-C0E169D23267}.Debug|ARM.Deploy.0 = Debug|Any CPU
		{D2EF9E33-694B-4C27-B892-C0E169D23267}.Debug|iPhone.ActiveCfg = Debug|Any CPU
		{D2EF9E33-694B-4C27-B892-C0E169D23267}.Debug|iPhone.Build.0 = Debug|Any CPU
		{D2EF9E33-694B-4C27-B892-C0E169D23267}.Debug|iPhone.Deploy.0 = Debug|Any CPU
		{D2EF9E33-694B-4C27-B892-C0E169D23267}.Debug|iPhoneSimulator.ActiveCfg = Debug|Any CPU
		{D2EF9E33-694B-4C27-B892-C0E169D23267}.Debug|iPhoneSimulator.Build.0 = Debug|Any CPU
		{D2EF9E33-694B-4C27-B892-C0E169D23267}.Debug|iPhoneSimulator.Deploy.0 = Debug|Any CPU
		{D2EF9E33-694B-4C27-B892-C0E169D23267}.Debug|x64.ActiveCfg = Debug|Any CPU
		{D2EF9E33-694B-4C27-B892-C0E169D23267}.Debug|x64.Build.0 = Debug|Any CPU
		{D2EF9E33-694B-4C27-B892-C0E169D23267}.Debug|x64.Deploy.0 = Debug|Any CPU
		{D2EF9E33-694B-4C27-B892-C0E169D23267}.Debug|x86.ActiveCfg = Debug|Any CPU
		{D2EF9E33-694B-4C27-B892-C0E169D23267}.Debug|x86.Build.0 = Debug|Any CPU
		{D2EF9E33-694B-4C27-B892-C0E169D23267}.Debug|x86.Deploy.0 = Debug|Any CPU
		{D2EF9E33-694B-4C27-B892-C0E169D23267}.Release|Any CPU.ActiveCfg = Release|Any CPU
		{D2EF9E33-694B-4C27-B892-C0E169D23267}.Release|Any CPU.Build.0 = Release|Any CPU
		{D2EF9E33-694B-4C27-B892-C0E169D23267}.Release|Any CPU.Deploy.0 = Release|Any CPU
		{D2EF9E33-694B-4C27-B892-C0E169D23267}.Release|ARM.ActiveCfg = Release|Any CPU
		{D2EF9E33-694B-4C27-B892-C0E169D23267}.Release|ARM.Build.0 = Release|Any CPU
		{D2EF9E33-694B-4C27-B892-C0E169D23267}.Release|ARM.Deploy.0 = Release|Any CPU
		{D2EF9E33-694B-4C27-B892-C0E169D23267}.Release|iPhone.ActiveCfg = Release|Any CPU
		{D2EF9E33-694B-4C27-B892-C0E169D23267}.Release|iPhone.Build.0 = Release|Any CPU
		{D2EF9E33-694B-4C27-B892-C0E169D23267}.Release|iPhone.Deploy.0 = Release|Any CPU
		{D2EF9E33-694B-4C27-B892-C0E169D23267}.Release|iPhoneSimulator.ActiveCfg = Release|Any CPU
		{D2EF9E33-694B-4C27-B892-C0E169D23267}.Release|iPhoneSimulator.Build.0 = Release|Any CPU
		{D2EF9E33-694B-4C27-B892-C0E169D23267}.Release|iPhoneSimulator.Deploy.0 = Release|Any CPU
		{D2EF9E33-694B-4C27-B892-C0E169D23267}.Release|x64.ActiveCfg = Release|Any CPU
		{D2EF9E33-694B-4C27-B892-C0E169D23267}.Release|x64.Build.0 = Release|Any CPU
		{D2EF9E33-694B-4C27-B892-C0E169D23267}.Release|x64.Deploy.0 = Release|Any CPU
		{D2EF9E33-694B-4C27-B892-C0E169D23267}.Release|x86.ActiveCfg = Release|Any CPU
		{D2EF9E33-694B-4C27-B892-C0E169D23267}.Release|x86.Build.0 = Release|Any CPU
		{D2EF9E33-694B-4C27-B892-C0E169D23267}.Release|x86.Deploy.0 = Release|Any CPU
		{BD2C9D0D-CC30-40EF-BFF8-C334A5392488}.Debug|Any CPU.ActiveCfg = Debug|iPhoneSimulator
		{BD2C9D0D-CC30-40EF-BFF8-C334A5392488}.Debug|Any CPU.Build.0 = Debug|iPhoneSimulator
		{BD2C9D0D-CC30-40EF-BFF8-C334A5392488}.Debug|Any CPU.Deploy.0 = Debug|iPhoneSimulator
		{BD2C9D0D-CC30-40EF-BFF8-C334A5392488}.Debug|ARM.ActiveCfg = Debug|iPhoneSimulator
		{BD2C9D0D-CC30-40EF-BFF8-C334A5392488}.Debug|ARM.Build.0 = Debug|iPhoneSimulator
		{BD2C9D0D-CC30-40EF-BFF8-C334A5392488}.Debug|ARM.Deploy.0 = Debug|iPhoneSimulator
		{BD2C9D0D-CC30-40EF-BFF8-C334A5392488}.Debug|iPhone.ActiveCfg = Debug|iPhone
		{BD2C9D0D-CC30-40EF-BFF8-C334A5392488}.Debug|iPhone.Build.0 = Debug|iPhone
		{BD2C9D0D-CC30-40EF-BFF8-C334A5392488}.Debug|iPhone.Deploy.0 = Debug|iPhone
		{BD2C9D0D-CC30-40EF-BFF8-C334A5392488}.Debug|iPhoneSimulator.ActiveCfg = Debug|iPhoneSimulator
		{BD2C9D0D-CC30-40EF-BFF8-C334A5392488}.Debug|iPhoneSimulator.Build.0 = Debug|iPhoneSimulator
		{BD2C9D0D-CC30-40EF-BFF8-C334A5392488}.Debug|iPhoneSimulator.Deploy.0 = Debug|iPhoneSimulator
		{BD2C9D0D-CC30-40EF-BFF8-C334A5392488}.Debug|x64.ActiveCfg = Debug|iPhone
		{BD2C9D0D-CC30-40EF-BFF8-C334A5392488}.Debug|x64.Build.0 = Debug|iPhone
		{BD2C9D0D-CC30-40EF-BFF8-C334A5392488}.Debug|x64.Deploy.0 = Debug|iPhone
		{BD2C9D0D-CC30-40EF-BFF8-C334A5392488}.Debug|x86.ActiveCfg = Debug|iPhoneSimulator
		{BD2C9D0D-CC30-40EF-BFF8-C334A5392488}.Debug|x86.Build.0 = Debug|iPhoneSimulator
		{BD2C9D0D-CC30-40EF-BFF8-C334A5392488}.Debug|x86.Deploy.0 = Debug|iPhoneSimulator
		{BD2C9D0D-CC30-40EF-BFF8-C334A5392488}.Release|Any CPU.ActiveCfg = Release|iPhoneSimulator
		{BD2C9D0D-CC30-40EF-BFF8-C334A5392488}.Release|Any CPU.Build.0 = Release|iPhoneSimulator
		{BD2C9D0D-CC30-40EF-BFF8-C334A5392488}.Release|Any CPU.Deploy.0 = Release|iPhoneSimulator
		{BD2C9D0D-CC30-40EF-BFF8-C334A5392488}.Release|ARM.ActiveCfg = Release|iPhoneSimulator
		{BD2C9D0D-CC30-40EF-BFF8-C334A5392488}.Release|ARM.Build.0 = Release|iPhoneSimulator
		{BD2C9D0D-CC30-40EF-BFF8-C334A5392488}.Release|ARM.Deploy.0 = Release|iPhoneSimulator
		{BD2C9D0D-CC30-40EF-BFF8-C334A5392488}.Release|iPhone.ActiveCfg = Release|iPhone
		{BD2C9D0D-CC30-40EF-BFF8-C334A5392488}.Release|iPhone.Build.0 = Release|iPhone
		{BD2C9D0D-CC30-40EF-BFF8-C334A5392488}.Release|iPhone.Deploy.0 = Release|iPhone
		{BD2C9D0D-CC30-40EF-BFF8-C334A5392488}.Release|iPhoneSimulator.ActiveCfg = Release|iPhoneSimulator
		{BD2C9D0D-CC30-40EF-BFF8-C334A5392488}.Release|iPhoneSimulator.Build.0 = Release|iPhoneSimulator
		{BD2C9D0D-CC30-40EF-BFF8-C334A5392488}.Release|iPhoneSimulator.Deploy.0 = Release|iPhoneSimulator
		{BD2C9D0D-CC30-40EF-BFF8-C334A5392488}.Release|x64.ActiveCfg = Release|iPhoneSimulator
		{BD2C9D0D-CC30-40EF-BFF8-C334A5392488}.Release|x64.Build.0 = Release|iPhoneSimulator
		{BD2C9D0D-CC30-40EF-BFF8-C334A5392488}.Release|x64.Deploy.0 = Release|iPhoneSimulator
		{BD2C9D0D-CC30-40EF-BFF8-C334A5392488}.Release|x86.ActiveCfg = Release|iPhoneSimulator
		{BD2C9D0D-CC30-40EF-BFF8-C334A5392488}.Release|x86.Build.0 = Release|iPhoneSimulator
		{BD2C9D0D-CC30-40EF-BFF8-C334A5392488}.Release|x86.Deploy.0 = Release|iPhoneSimulator
		{8346D6A6-A7E3-4073-888D-5877780A79B0}.Debug|Any CPU.ActiveCfg = Debug|Any CPU
		{8346D6A6-A7E3-4073-888D-5877780A79B0}.Debug|Any CPU.Build.0 = Debug|Any CPU
		{8346D6A6-A7E3-4073-888D-5877780A79B0}.Debug|Any CPU.Deploy.0 = Debug|Any CPU
		{8346D6A6-A7E3-4073-888D-5877780A79B0}.Debug|ARM.ActiveCfg = Debug|Any CPU
		{8346D6A6-A7E3-4073-888D-5877780A79B0}.Debug|ARM.Build.0 = Debug|Any CPU
		{8346D6A6-A7E3-4073-888D-5877780A79B0}.Debug|ARM.Deploy.0 = Debug|Any CPU
		{8346D6A6-A7E3-4073-888D-5877780A79B0}.Debug|iPhone.ActiveCfg = Debug|Any CPU
		{8346D6A6-A7E3-4073-888D-5877780A79B0}.Debug|iPhone.Build.0 = Debug|Any CPU
		{8346D6A6-A7E3-4073-888D-5877780A79B0}.Debug|iPhone.Deploy.0 = Debug|Any CPU
		{8346D6A6-A7E3-4073-888D-5877780A79B0}.Debug|iPhoneSimulator.ActiveCfg = Debug|Any CPU
		{8346D6A6-A7E3-4073-888D-5877780A79B0}.Debug|iPhoneSimulator.Build.0 = Debug|Any CPU
		{8346D6A6-A7E3-4073-888D-5877780A79B0}.Debug|iPhoneSimulator.Deploy.0 = Debug|Any CPU
		{8346D6A6-A7E3-4073-888D-5877780A79B0}.Debug|x64.ActiveCfg = Debug|Any CPU
		{8346D6A6-A7E3-4073-888D-5877780A79B0}.Debug|x64.Build.0 = Debug|Any CPU
		{8346D6A6-A7E3-4073-888D-5877780A79B0}.Debug|x64.Deploy.0 = Debug|Any CPU
		{8346D6A6-A7E3-4073-888D-5877780A79B0}.Debug|x86.ActiveCfg = Debug|Any CPU
		{8346D6A6-A7E3-4073-888D-5877780A79B0}.Debug|x86.Build.0 = Debug|Any CPU
		{8346D6A6-A7E3-4073-888D-5877780A79B0}.Debug|x86.Deploy.0 = Debug|Any CPU
		{8346D6A6-A7E3-4073-888D-5877780A79B0}.Release|Any CPU.ActiveCfg = Release|Any CPU
		{8346D6A6-A7E3-4073-888D-5877780A79B0}.Release|Any CPU.Build.0 = Release|Any CPU
		{8346D6A6-A7E3-4073-888D-5877780A79B0}.Release|Any CPU.Deploy.0 = Release|Any CPU
		{8346D6A6-A7E3-4073-888D-5877780A79B0}.Release|ARM.ActiveCfg = Release|Any CPU
		{8346D6A6-A7E3-4073-888D-5877780A79B0}.Release|ARM.Build.0 = Release|Any CPU
		{8346D6A6-A7E3-4073-888D-5877780A79B0}.Release|ARM.Deploy.0 = Release|Any CPU
		{8346D6A6-A7E3-4073-888D-5877780A79B0}.Release|iPhone.ActiveCfg = Release|Any CPU
		{8346D6A6-A7E3-4073-888D-5877780A79B0}.Release|iPhone.Build.0 = Release|Any CPU
		{8346D6A6-A7E3-4073-888D-5877780A79B0}.Release|iPhone.Deploy.0 = Release|Any CPU
		{8346D6A6-A7E3-4073-888D-5877780A79B0}.Release|iPhoneSimulator.ActiveCfg = Release|Any CPU
		{8346D6A6-A7E3-4073-888D-5877780A79B0}.Release|iPhoneSimulator.Build.0 = Release|Any CPU
		{8346D6A6-A7E3-4073-888D-5877780A79B0}.Release|iPhoneSimulator.Deploy.0 = Release|Any CPU
		{8346D6A6-A7E3-4073-888D-5877780A79B0}.Release|x64.ActiveCfg = Release|Any CPU
		{8346D6A6-A7E3-4073-888D-5877780A79B0}.Release|x64.Build.0 = Release|Any CPU
		{8346D6A6-A7E3-4073-888D-5877780A79B0}.Release|x64.Deploy.0 = Release|Any CPU
		{8346D6A6-A7E3-4073-888D-5877780A79B0}.Release|x86.ActiveCfg = Release|Any CPU
		{8346D6A6-A7E3-4073-888D-5877780A79B0}.Release|x86.Build.0 = Release|Any CPU
		{8346D6A6-A7E3-4073-888D-5877780A79B0}.Release|x86.Deploy.0 = Release|Any CPU
	EndGlobalSection
	GlobalSection(SolutionProperties) = preSolution
		HideSolutionNode = FALSE
	EndGlobalSection
	GlobalSection(ExtensibilityGlobals) = postSolution
		SolutionGuid = {176D6FA3-BAAA-4A06-9FB9-17D2589C21A3}
	EndGlobalSection
EndGlobal
