
Microsoft Visual Studio Solution File, Format Version 12.00
# Visual Studio Version 17
VisualStudioVersion = 17.6.33829.357
MinimumVisualStudioVersion = 10.0.40219.1
Project("{FAE04EC0-301F-11D3-BF4B-00C04F79EFBC}") = "Word_To_PDF_Web_API", "Word_To_PDF_Web_API.csproj", "{D0D87898-227C-45FE-9E9F-71077109935A}"
EndProject
Global
	GlobalSection(SolutionConfigurationPlatforms) = preSolution
		Debug|Any CPU = Debug|Any CPU
		Release|Any CPU = Release|Any CPU
	EndGlobalSection
	GlobalSection(ProjectConfigurationPlatforms) = postSolution
		{D0D87898-227C-45FE-9E9F-71077109935A}.Debug|Any CPU.ActiveCfg = Debug|Any CPU
		{D0D87898-227C-45FE-9E9F-71077109935A}.Debug|Any CPU.Build.0 = Debug|Any CPU
		{D0D87898-227C-45FE-9E9F-71077109935A}.Release|Any CPU.ActiveCfg = Release|Any CPU
		{D0D87898-227C-45FE-9E9F-71077109935A}.Release|Any CPU.Build.0 = Release|Any CPU
	EndGlobalSection
	GlobalSection(SolutionProperties) = preSolution
		HideSolutionNode = FALSE
	EndGlobalSection
	GlobalSection(ExtensibilityGlobals) = postSolution
		SolutionGuid = {28F895AA-70E5-49DB-A15B-E9FFC349618A}
	EndGlobalSection
EndGlobal
