
Microsoft Visual Studio Solution File, Format Version 12.00
# Visual Studio Version 17
VisualStudioVersion = 17.10.34928.147
MinimumVisualStudioVersion = 10.0.40219.1
Project("{FAE04EC0-301F-11D3-BF4B-00C04F79EFBC}") = "Convert-Word-to-Markdown", "Convert-Word-to-Markdown\Convert-Word-to-Markdown.csproj", "{92A5C0E6-CF5A-4B29-99E8-FF5D459FD27F}"
EndProject
Global
	GlobalSection(SolutionConfigurationPlatforms) = preSolution
		Debug|Any CPU = Debug|Any CPU
		Release|Any CPU = Release|Any CPU
	EndGlobalSection
	GlobalSection(ProjectConfigurationPlatforms) = postSolution
		{92A5C0E6-CF5A-4B29-99E8-FF5D459FD27F}.Debug|Any CPU.ActiveCfg = Debug|Any CPU
		{92A5C0E6-CF5A-4B29-99E8-FF5D459FD27F}.Debug|Any CPU.Build.0 = Debug|Any CPU
		{92A5C0E6-CF5A-4B29-99E8-FF5D459FD27F}.Release|Any CPU.ActiveCfg = Release|Any CPU
		{92A5C0E6-CF5A-4B29-99E8-FF5D459FD27F}.Release|Any CPU.Build.0 = Release|Any CPU
	EndGlobalSection
	GlobalSection(SolutionProperties) = preSolution
		HideSolutionNode = FALSE
	EndGlobalSection
	GlobalSection(ExtensibilityGlobals) = postSolution
		SolutionGuid = {920ADF07-17F6-4118-BB26-509B308D0CDB}
	EndGlobalSection
EndGlobal
