
Microsoft Visual Studio Solution File, Format Version 12.00
# Visual Studio 15
VisualStudioVersion = 15.0.28307.1321
MinimumVisualStudioVersion = 10.0.40219.1
Project("{FAE04EC0-301F-11D3-BF4B-00C04F79EFBC}") = "Adjust-image-quality", "Adjust-image-quality\Adjust-image-quality.csproj", "{B3462FC9-28CC-41D2-91A0-D6BA8F4AB9A6}"
EndProject
Global
	GlobalSection(SolutionConfigurationPlatforms) = preSolution
		Debug|Any CPU = Debug|Any CPU
		Release|Any CPU = Release|Any CPU
	EndGlobalSection
	GlobalSection(ProjectConfigurationPlatforms) = postSolution
		{B3462FC9-28CC-41D2-91A0-D6BA8F4AB9A6}.Debug|Any CPU.ActiveCfg = Debug|Any CPU
		{B3462FC9-28CC-41D2-91A0-D6BA8F4AB9A6}.Debug|Any CPU.Build.0 = Debug|Any CPU
		{B3462FC9-28CC-41D2-91A0-D6BA8F4AB9A6}.Release|Any CPU.ActiveCfg = Release|Any CPU
		{B3462FC9-28CC-41D2-91A0-D6BA8F4AB9A6}.Release|Any CPU.Build.0 = Release|Any CPU
	EndGlobalSection
	GlobalSection(SolutionProperties) = preSolution
		HideSolutionNode = FALSE
	EndGlobalSection
	GlobalSection(ExtensibilityGlobals) = postSolution
		SolutionGuid = {B7EDDBC5-3FB5-412F-A3DE-E39B92B87DCD}
	EndGlobalSection
EndGlobal
