
Microsoft Visual Studio Solution File, Format Version 12.00
# Visual Studio Version 16
VisualStudioVersion = 16.0.31424.327
MinimumVisualStudioVersion = 10.0.40219.1
Project("{FAE04EC0-301F-11D3-BF4B-00C04F79EFBC}") = "WordToPDFDockerSample", "WordToPDFDockerSample.csproj", "{E233EA39-3496-4CDB-A8B1-90779722AE70}"
EndProject
Global
	GlobalSection(SolutionConfigurationPlatforms) = preSolution
		Debug|Any CPU = Debug|Any CPU
		Release|Any CPU = Release|Any CPU
	EndGlobalSection
	GlobalSection(ProjectConfigurationPlatforms) = postSolution
		{E233EA39-3496-4CDB-A8B1-90779722AE70}.Debug|Any CPU.ActiveCfg = Debug|Any CPU
		{E233EA39-3496-4CDB-A8B1-90779722AE70}.Debug|Any CPU.Build.0 = Debug|Any CPU
		{E233EA39-3496-4CDB-A8B1-90779722AE70}.Release|Any CPU.ActiveCfg = Release|Any CPU
		{E233EA39-3496-4CDB-A8B1-90779722AE70}.Release|Any CPU.Build.0 = Release|Any CPU
	EndGlobalSection
	GlobalSection(SolutionProperties) = preSolution
		HideSolutionNode = FALSE
	EndGlobalSection
	GlobalSection(ExtensibilityGlobals) = postSolution
		SolutionGuid = {257DD3A5-A234-4E31-92C3-E010FEDB8CC5}
	EndGlobalSection
EndGlobal
