
Microsoft Visual Studio Solution File, Format Version 12.00
# Visual Studio Version 17
VisualStudioVersion = 17.8.34322.80
MinimumVisualStudioVersion = 10.0.40219.1
Project("{FAE04EC0-301F-11D3-BF4B-00C04F79EFBC}") = "Export-HTML-with-body-content", "Export-HTML-with-body-content\Export-HTML-with-body-content.csproj", "{DD481D2B-6954-441E-AF5F-1FF7462C9109}"
EndProject
Global
	GlobalSection(SolutionConfigurationPlatforms) = preSolution
		Debug|Any CPU = Debug|Any CPU
		Release|Any CPU = Release|Any CPU
	EndGlobalSection
	GlobalSection(ProjectConfigurationPlatforms) = postSolution
		{DD481D2B-6954-441E-AF5F-1FF7462C9109}.Debug|Any CPU.ActiveCfg = Debug|Any CPU
		{DD481D2B-6954-441E-AF5F-1FF7462C9109}.Debug|Any CPU.Build.0 = Debug|Any CPU
		{DD481D2B-6954-441E-AF5F-1FF7462C9109}.Release|Any CPU.ActiveCfg = Release|Any CPU
		{DD481D2B-6954-441E-AF5F-1FF7462C9109}.Release|Any CPU.Build.0 = Release|Any CPU
	EndGlobalSection
	GlobalSection(SolutionProperties) = preSolution
		HideSolutionNode = FALSE
	EndGlobalSection
	GlobalSection(ExtensibilityGlobals) = postSolution
		SolutionGuid = {3E560D84-24D1-4C32-B6E1-F23FCB195B2C}
	EndGlobalSection
EndGlobal
