
Microsoft Visual Studio Solution File, Format Version 12.00
# Visual Studio Version 17
VisualStudioVersion = 17.6.33829.357
MinimumVisualStudioVersion = 10.0.40219.1
Project("{FAE04EC0-301F-11D3-BF4B-00C04F79EFBC}") = "Find-list-of-used-fonts-in-Word-document", "Find-list-of-used-fonts-in-Word-document\Find-list-of-used-fonts-in-Word-document.csproj", "{B0083849-0D45-49FC-8ED1-DBC855C4ABA4}"
EndProject
Global
	GlobalSection(SolutionConfigurationPlatforms) = preSolution
		Debug|Any CPU = Debug|Any CPU
		Release|Any CPU = Release|Any CPU
	EndGlobalSection
	GlobalSection(ProjectConfigurationPlatforms) = postSolution
		{B0083849-0D45-49FC-8ED1-DBC855C4ABA4}.Debug|Any CPU.ActiveCfg = Debug|Any CPU
		{B0083849-0D45-49FC-8ED1-DBC855C4ABA4}.Debug|Any CPU.Build.0 = Debug|Any CPU
		{B0083849-0D45-49FC-8ED1-DBC855C4ABA4}.Release|Any CPU.ActiveCfg = Release|Any CPU
		{B0083849-0D45-49FC-8ED1-DBC855C4ABA4}.Release|Any CPU.Build.0 = Release|Any CPU
	EndGlobalSection
	GlobalSection(SolutionProperties) = preSolution
		HideSolutionNode = FALSE
	EndGlobalSection
	GlobalSection(ExtensibilityGlobals) = postSolution
		SolutionGuid = {4A6666AD-A89B-4894-9CE6-4FF1C7109F47}
	EndGlobalSection
EndGlobal
