
Microsoft Visual Studio Solution File, Format Version 12.00
# Visual Studio Version 17
VisualStudioVersion = 17.14.36518.9 d17.14
MinimumVisualStudioVersion = 10.0.40219.1
Project("{FAE04EC0-301F-11D3-BF4B-00C04F79EFBC}") = "Client-Application", "Client-Application\Client-Application.csproj", "{ECB9DA0B-5045-48CD-BD48-59D43107A210}"
EndProject
Global
	GlobalSection(SolutionConfigurationPlatforms) = preSolution
		Debug|Any CPU = Debug|Any CPU
		Release|Any CPU = Release|Any CPU
	EndGlobalSection
	GlobalSection(ProjectConfigurationPlatforms) = postSolution
		{ECB9DA0B-5045-48CD-BD48-59D43107A210}.Debug|Any CPU.ActiveCfg = Debug|Any CPU
		{ECB9DA0B-5045-48CD-BD48-59D43107A210}.Debug|Any CPU.Build.0 = Debug|Any CPU
		{ECB9DA0B-5045-48CD-BD48-59D43107A210}.Release|Any CPU.ActiveCfg = Release|Any CPU
		{ECB9DA0B-5045-48CD-BD48-59D43107A210}.Release|Any CPU.Build.0 = Release|Any CPU
	EndGlobalSection
	GlobalSection(SolutionProperties) = preSolution
		HideSolutionNode = FALSE
	EndGlobalSection
	GlobalSection(ExtensibilityGlobals) = postSolution
		SolutionGuid = {95D2CDFC-5BF6-42E8-9C97-53AF84B04938}
	EndGlobalSection
EndGlobal
