
Microsoft Visual Studio Solution File, Format Version 12.00
# Visual Studio Version 17
VisualStudioVersion = 17.14.37012.4 d17.14
MinimumVisualStudioVersion = 10.0.40219.1
Project("{FAE04EC0-301F-11D3-BF4B-00C04F79EFBC}") = "Remove_Header_Footer_In_First_Page", "Remove_Header_Footer_In_First_Page\Remove_Header_Footer_In_First_Page.csproj", "{483F3104-524F-3271-2115-9588696A5761}"
EndProject
Global
	GlobalSection(SolutionConfigurationPlatforms) = preSolution
		Debug|Any CPU = Debug|Any CPU
		Release|Any CPU = Release|Any CPU
	EndGlobalSection
	GlobalSection(ProjectConfigurationPlatforms) = postSolution
		{483F3104-524F-3271-2115-9588696A5761}.Debug|Any CPU.ActiveCfg = Debug|Any CPU
		{483F3104-524F-3271-2115-9588696A5761}.Debug|Any CPU.Build.0 = Debug|Any CPU
		{483F3104-524F-3271-2115-9588696A5761}.Release|Any CPU.ActiveCfg = Release|Any CPU
		{483F3104-524F-3271-2115-9588696A5761}.Release|Any CPU.Build.0 = Release|Any CPU
	EndGlobalSection
	GlobalSection(SolutionProperties) = preSolution
		HideSolutionNode = FALSE
	EndGlobalSection
	GlobalSection(ExtensibilityGlobals) = postSolution
		SolutionGuid = {094F660C-E79B-495C-9E4B-9C2F1C607F91}
	EndGlobalSection
EndGlobal
