
Microsoft Visual Studio Solution File, Format Version 12.00
# Visual Studio Version 17
VisualStudioVersion = 17.14.37614.0 d17.14
MinimumVisualStudioVersion = 10.0.40219.1
Project("{FAE04EC0-301F-11D3-BF4B-00C04F79EFBC}") = "Apply_Character_Formats_To_TextRange_From_ParagraphStyle", "Apply_Character_Formats_To_TextRange_From_ParagraphStyle\Apply_Character_Formats_To_TextRange_From_ParagraphStyle.csproj", "{D486A5AD-4E3C-09E0-2CCF-3CBAE3A79491}"
EndProject
Global
	GlobalSection(SolutionConfigurationPlatforms) = preSolution
		Debug|Any CPU = Debug|Any CPU
		Release|Any CPU = Release|Any CPU
	EndGlobalSection
	GlobalSection(ProjectConfigurationPlatforms) = postSolution
		{D486A5AD-4E3C-09E0-2CCF-3CBAE3A79491}.Debug|Any CPU.ActiveCfg = Debug|Any CPU
		{D486A5AD-4E3C-09E0-2CCF-3CBAE3A79491}.Debug|Any CPU.Build.0 = Debug|Any CPU
		{D486A5AD-4E3C-09E0-2CCF-3CBAE3A79491}.Release|Any CPU.ActiveCfg = Release|Any CPU
		{D486A5AD-4E3C-09E0-2CCF-3CBAE3A79491}.Release|Any CPU.Build.0 = Release|Any CPU
	EndGlobalSection
	GlobalSection(SolutionProperties) = preSolution
		HideSolutionNode = FALSE
	EndGlobalSection
	GlobalSection(ExtensibilityGlobals) = postSolution
		SolutionGuid = {74320268-A919-4385-902F-58D07EE4438D}
	EndGlobalSection
EndGlobal
