
Microsoft Visual Studio Solution File, Format Version 12.00
# Visual Studio Version 16
VisualStudioVersion = 16.0.30804.86
MinimumVisualStudioVersion = 10.0.40219.1
Project("{FAE04EC0-301F-11D3-BF4B-00C04F79EFBC}") = "Embed-subset-fonts", "Embed-subset-fonts/Embed-subset-fonts.csproj", "{9BCD50D3-45EC-4F0E-8457-5E6CFBFE7D48}"
EndProject
Global
	GlobalSection(SolutionConfigurationPlatforms) = preSolution
		Debug|Any CPU = Debug|Any CPU
		Release|Any CPU = Release|Any CPU
	EndGlobalSection
	GlobalSection(ProjectConfigurationPlatforms) = postSolution
		{9BCD50D3-45EC-4F0E-8457-5E6CFBFE7D48}.Debug|Any CPU.ActiveCfg = Debug|Any CPU
		{9BCD50D3-45EC-4F0E-8457-5E6CFBFE7D48}.Debug|Any CPU.Build.0 = Debug|Any CPU
		{9BCD50D3-45EC-4F0E-8457-5E6CFBFE7D48}.Release|Any CPU.ActiveCfg = Release|Any CPU
		{9BCD50D3-45EC-4F0E-8457-5E6CFBFE7D48}.Release|Any CPU.Build.0 = Release|Any CPU
	EndGlobalSection
	GlobalSection(SolutionProperties) = preSolution
		HideSolutionNode = FALSE
	EndGlobalSection
	GlobalSection(ExtensibilityGlobals) = postSolution
		SolutionGuid = {E221EC32-1720-4B74-99DE-EC703EA4B51A}
	EndGlobalSection
EndGlobal
