
Microsoft Visual Studio Solution File, Format Version 12.00
# Visual Studio Version 17
VisualStudioVersion = 17.6.33723.286
MinimumVisualStudioVersion = 10.0.40219.1
Project("{FAE04EC0-301F-11D3-BF4B-00C04F79EFBC}") = "Convert-Word-Document-to-Image", "Convert-Word-Document-to-Image\Convert-Word-Document-to-Image.csproj", "{5C0FCDEE-2C8C-43CE-ACB5-F7EC53B7E213}"
EndProject
Global
	GlobalSection(SolutionConfigurationPlatforms) = preSolution
		Debug|Any CPU = Debug|Any CPU
		Release|Any CPU = Release|Any CPU
	EndGlobalSection
	GlobalSection(ProjectConfigurationPlatforms) = postSolution
		{5C0FCDEE-2C8C-43CE-ACB5-F7EC53B7E213}.Debug|Any CPU.ActiveCfg = Debug|Any CPU
		{5C0FCDEE-2C8C-43CE-ACB5-F7EC53B7E213}.Debug|Any CPU.Build.0 = Debug|Any CPU
		{5C0FCDEE-2C8C-43CE-ACB5-F7EC53B7E213}.Release|Any CPU.ActiveCfg = Release|Any CPU
		{5C0FCDEE-2C8C-43CE-ACB5-F7EC53B7E213}.Release|Any CPU.Build.0 = Release|Any CPU
	EndGlobalSection
	GlobalSection(SolutionProperties) = preSolution
		HideSolutionNode = FALSE
	EndGlobalSection
	GlobalSection(ExtensibilityGlobals) = postSolution
		SolutionGuid = {C950C386-4D37-4B13-8664-09B757BB9D93}
	EndGlobalSection
EndGlobal
