
Microsoft Visual Studio Solution File, Format Version 12.00
# Visual Studio Version 17
VisualStudioVersion = 17.14.36518.9 d17.14
MinimumVisualStudioVersion = 10.0.40219.1
Project("{FAE04EC0-301F-11D3-BF4B-00C04F79EFBC}") = "Convert-Word-to-PDF", "Convert-Word-to-PDF\Convert-Word-to-PDF.csproj", "{A2A11C5C-3FC2-4B50-8423-4049767204AB}"
EndProject
Global
	GlobalSection(SolutionConfigurationPlatforms) = preSolution
		Debug|Any CPU = Debug|Any CPU
		Release|Any CPU = Release|Any CPU
	EndGlobalSection
	GlobalSection(ProjectConfigurationPlatforms) = postSolution
		{A2A11C5C-3FC2-4B50-8423-4049767204AB}.Debug|Any CPU.ActiveCfg = Debug|Any CPU
		{A2A11C5C-3FC2-4B50-8423-4049767204AB}.Debug|Any CPU.Build.0 = Debug|Any CPU
		{A2A11C5C-3FC2-4B50-8423-4049767204AB}.Release|Any CPU.ActiveCfg = Release|Any CPU
		{A2A11C5C-3FC2-4B50-8423-4049767204AB}.Release|Any CPU.Build.0 = Release|Any CPU
	EndGlobalSection
	GlobalSection(SolutionProperties) = preSolution
		HideSolutionNode = FALSE
	EndGlobalSection
	GlobalSection(ExtensibilityGlobals) = postSolution
		SolutionGuid = {D87B0F5E-5FEC-4031-96AC-DBB5B46EF173}
	EndGlobalSection
EndGlobal
