
Microsoft Visual Studio Solution File, Format Version 12.00
# Visual Studio Version 17
VisualStudioVersion = 17.10.34928.147
MinimumVisualStudioVersion = 10.0.40219.1
Project("{FAE04EC0-301F-11D3-BF4B-00C04F79EFBC}") = "Convert-Word-to-Image", "Convert-Word-to-Image\Convert-Word-to-Image.csproj", "{16759449-4296-40DD-B689-074D988C8A82}"
EndProject
Global
	GlobalSection(SolutionConfigurationPlatforms) = preSolution
		Debug|Any CPU = Debug|Any CPU
		Release|Any CPU = Release|Any CPU
	EndGlobalSection
	GlobalSection(ProjectConfigurationPlatforms) = postSolution
		{16759449-4296-40DD-B689-074D988C8A82}.Debug|Any CPU.ActiveCfg = Debug|Any CPU
		{16759449-4296-40DD-B689-074D988C8A82}.Debug|Any CPU.Build.0 = Debug|Any CPU
		{16759449-4296-40DD-B689-074D988C8A82}.Release|Any CPU.ActiveCfg = Release|Any CPU
		{16759449-4296-40DD-B689-074D988C8A82}.Release|Any CPU.Build.0 = Release|Any CPU
	EndGlobalSection
	GlobalSection(SolutionProperties) = preSolution
		HideSolutionNode = FALSE
	EndGlobalSection
	GlobalSection(ExtensibilityGlobals) = postSolution
		SolutionGuid = {A508DEE0-5E97-4644-BBDB-29F0E36CE694}
	EndGlobalSection
EndGlobal
