
Microsoft Visual Studio Solution File, Format Version 12.00
# Visual Studio Version 17
VisualStudioVersion = 17.3.32901.215
MinimumVisualStudioVersion = 10.0.40219.1
Project("{FAE04EC0-301F-11D3-BF4B-00C04F79EFBC}") = "Convert-Word-Document-to-PDF", "Convert-Word-Document-to-PDF\Convert-Word-Document-to-PDF.csproj", "{118D6566-E8F2-4768-B3B5-E1D2B2522B8B}"
EndProject
Global
	GlobalSection(SolutionConfigurationPlatforms) = preSolution
		Debug|Any CPU = Debug|Any CPU
		Release|Any CPU = Release|Any CPU
	EndGlobalSection
	GlobalSection(ProjectConfigurationPlatforms) = postSolution
		{118D6566-E8F2-4768-B3B5-E1D2B2522B8B}.Debug|Any CPU.ActiveCfg = Debug|Any CPU
		{118D6566-E8F2-4768-B3B5-E1D2B2522B8B}.Debug|Any CPU.Build.0 = Debug|Any CPU
		{118D6566-E8F2-4768-B3B5-E1D2B2522B8B}.Release|Any CPU.ActiveCfg = Release|Any CPU
		{118D6566-E8F2-4768-B3B5-E1D2B2522B8B}.Release|Any CPU.Build.0 = Release|Any CPU
	EndGlobalSection
	GlobalSection(SolutionProperties) = preSolution
		HideSolutionNode = FALSE
	EndGlobalSection
	GlobalSection(ExtensibilityGlobals) = postSolution
		SolutionGuid = {F026AD09-83EB-4BB4-AB50-F47A9F44E04D}
	EndGlobalSection
EndGlobal
