
Microsoft Visual Studio Solution File, Format Version 12.00
# Visual Studio Version 17
VisualStudioVersion = 17.9.34622.214
MinimumVisualStudioVersion = 10.0.40219.1
Project("{FAE04EC0-301F-11D3-BF4B-00C04F79EFBC}") = "Replace-picture-content-control-with-chart", "Replace-picture-content-control-with-chart\Replace-picture-content-control-with-chart.csproj", "{3F42250C-E397-40D5-9F0B-AF60BE03A221}"
EndProject
Global
	GlobalSection(SolutionConfigurationPlatforms) = preSolution
		Debug|Any CPU = Debug|Any CPU
		Release|Any CPU = Release|Any CPU
	EndGlobalSection
	GlobalSection(ProjectConfigurationPlatforms) = postSolution
		{3F42250C-E397-40D5-9F0B-AF60BE03A221}.Debug|Any CPU.ActiveCfg = Debug|Any CPU
		{3F42250C-E397-40D5-9F0B-AF60BE03A221}.Debug|Any CPU.Build.0 = Debug|Any CPU
		{3F42250C-E397-40D5-9F0B-AF60BE03A221}.Release|Any CPU.ActiveCfg = Release|Any CPU
		{3F42250C-E397-40D5-9F0B-AF60BE03A221}.Release|Any CPU.Build.0 = Release|Any CPU
	EndGlobalSection
	GlobalSection(SolutionProperties) = preSolution
		HideSolutionNode = FALSE
	EndGlobalSection
	GlobalSection(ExtensibilityGlobals) = postSolution
		SolutionGuid = {A3DDA0C7-80BA-4659-93A8-3C3DD692D5AB}
	EndGlobalSection
EndGlobal
