
Microsoft Visual Studio Solution File, Format Version 12.00
# Visual Studio Version 17
VisualStudioVersion = 17.12.35309.182
MinimumVisualStudioVersion = 10.0.40219.1
Project("{FAE04EC0-301F-11D3-BF4B-00C04F79EFBC}") = "Reduce-height-of-empty-cells", "Reduce-height-of-empty-cells\Reduce-height-of-empty-cells.csproj", "{1AEC5D8C-07B6-4479-AC12-4E78E7D7EEFF}"
EndProject
Global
	GlobalSection(SolutionConfigurationPlatforms) = preSolution
		Debug|Any CPU = Debug|Any CPU
		Release|Any CPU = Release|Any CPU
	EndGlobalSection
	GlobalSection(ProjectConfigurationPlatforms) = postSolution
		{1AEC5D8C-07B6-4479-AC12-4E78E7D7EEFF}.Debug|Any CPU.ActiveCfg = Debug|Any CPU
		{1AEC5D8C-07B6-4479-AC12-4E78E7D7EEFF}.Debug|Any CPU.Build.0 = Debug|Any CPU
		{1AEC5D8C-07B6-4479-AC12-4E78E7D7EEFF}.Release|Any CPU.ActiveCfg = Release|Any CPU
		{1AEC5D8C-07B6-4479-AC12-4E78E7D7EEFF}.Release|Any CPU.Build.0 = Release|Any CPU
	EndGlobalSection
	GlobalSection(SolutionProperties) = preSolution
		HideSolutionNode = FALSE
	EndGlobalSection
	GlobalSection(ExtensibilityGlobals) = postSolution
		SolutionGuid = {68CB8A37-B495-44F3-83A1-89D81324EA06}
	EndGlobalSection
EndGlobal
