
Microsoft Visual Studio Solution File, Format Version 12.00
# Visual Studio Version 17
VisualStudioVersion = 17.14.37516.0 d17.14
MinimumVisualStudioVersion = 10.0.40219.1
Project("{FAE04EC0-301F-11D3-BF4B-00C04F79EFBC}") = "Encoding", "Encoding\Encoding.csproj", "{1905B2BD-0757-F899-972F-6998EA0D625F}"
EndProject
Global
	GlobalSection(SolutionConfigurationPlatforms) = preSolution
		Debug|Any CPU = Debug|Any CPU
		Release|Any CPU = Release|Any CPU
	EndGlobalSection
	GlobalSection(ProjectConfigurationPlatforms) = postSolution
		{1905B2BD-0757-F899-972F-6998EA0D625F}.Debug|Any CPU.ActiveCfg = Debug|Any CPU
		{1905B2BD-0757-F899-972F-6998EA0D625F}.Debug|Any CPU.Build.0 = Debug|Any CPU
		{1905B2BD-0757-F899-972F-6998EA0D625F}.Release|Any CPU.ActiveCfg = Release|Any CPU
		{1905B2BD-0757-F899-972F-6998EA0D625F}.Release|Any CPU.Build.0 = Release|Any CPU
	EndGlobalSection
	GlobalSection(SolutionProperties) = preSolution
		HideSolutionNode = FALSE
	EndGlobalSection
	GlobalSection(ExtensibilityGlobals) = postSolution
		SolutionGuid = {5104081F-C64B-49D1-9C0B-0B11B0CD2478}
	EndGlobalSection
EndGlobal
