
Microsoft Visual Studio Solution File, Format Version 12.00
# Visual Studio Version 17
VisualStudioVersion = 17.12.35309.182
MinimumVisualStudioVersion = 10.0.40219.1
Project("{FAE04EC0-301F-11D3-BF4B-00C04F79EFBC}") = "Delete-specific-content", "Delete-specific-content\Delete-specific-content.csproj", "{E52F6469-4EF7-4D91-8AD6-9A970E3CF704}"
EndProject
Global
	GlobalSection(SolutionConfigurationPlatforms) = preSolution
		Debug|Any CPU = Debug|Any CPU
		Release|Any CPU = Release|Any CPU
	EndGlobalSection
	GlobalSection(ProjectConfigurationPlatforms) = postSolution
		{E52F6469-4EF7-4D91-8AD6-9A970E3CF704}.Debug|Any CPU.ActiveCfg = Debug|Any CPU
		{E52F6469-4EF7-4D91-8AD6-9A970E3CF704}.Debug|Any CPU.Build.0 = Debug|Any CPU
		{E52F6469-4EF7-4D91-8AD6-9A970E3CF704}.Release|Any CPU.ActiveCfg = Release|Any CPU
		{E52F6469-4EF7-4D91-8AD6-9A970E3CF704}.Release|Any CPU.Build.0 = Release|Any CPU
	EndGlobalSection
	GlobalSection(SolutionProperties) = preSolution
		HideSolutionNode = FALSE
	EndGlobalSection
	GlobalSection(ExtensibilityGlobals) = postSolution
		SolutionGuid = {D4C8D559-B3B9-42B9-B796-88F660D9E001}
	EndGlobalSection
EndGlobal
