
Microsoft Visual Studio Solution File, Format Version 12.00
# Visual Studio Version 17
VisualStudioVersion = 17.3.32901.215
MinimumVisualStudioVersion = 10.0.40219.1
Project("{FAE04EC0-301F-11D3-BF4B-00C04F79EFBC}") = "Convert-Word-Document-to-Image.UWP", "Convert-Word-Document-to-Image\Convert-Word-Document-to-Image.UWP\Convert-Word-Document-to-Image.UWP.csproj", "{B3849CBE-5817-4237-9551-63AD0335485B}"
EndProject
Project("{FAE04EC0-301F-11D3-BF4B-00C04F79EFBC}") = "Convert-Word-Document-to-Image.Android", "Convert-Word-Document-to-Image\Convert-Word-Document-to-Image.Android\Convert-Word-Document-to-Image.Android.csproj", "{782A7882-C319-4218-BC7D-15E573F5DDB1}"
EndProject
Project("{FAE04EC0-301F-11D3-BF4B-00C04F79EFBC}") = "Convert-Word-Document-to-Image.iOS", "Convert-Word-Document-to-Image\Convert-Word-Document-to-Image.iOS\Convert-Word-Document-to-Image.iOS.csproj", "{C35B1808-90AB-4DF3-B535-A2DD7357651D}"
EndProject
Project("{FAE04EC0-301F-11D3-BF4B-00C04F79EFBC}") = "Convert-Word-Document-to-Image", "Convert-Word-Document-to-Image\Convert-Word-Document-to-Image\Convert-Word-Document-to-Image.csproj", "{09643E37-04B9-4C93-9247-2A3E27CBAE40}"
EndProject
Global
	GlobalSection(SolutionConfigurationPlatforms) = preSolution
		Debug|Any CPU = Debug|Any CPU
		Debug|ARM = Debug|ARM
		Debug|iPhone = Debug|iPhone
		Debug|iPhoneSimulator = Debug|iPhoneSimulator
		Debug|x64 = Debug|x64
		Debug|x86 = Debug|x86
		Release|Any CPU = Release|Any CPU
		Release|ARM = Release|ARM
		Release|iPhone = Release|iPhone
		Release|iPhoneSimulator = Release|iPhoneSimulator
		Release|x64 = Release|x64
		Release|x86 = Release|x86
	EndGlobalSection
	GlobalSection(ProjectConfigurationPlatforms) = postSolution
		{B3849CBE-5817-4237-9551-63AD0335485B}.Debug|Any CPU.ActiveCfg = Debug|x64
		{B3849CBE-5817-4237-9551-63AD0335485B}.Debug|Any CPU.Build.0 = Debug|x64
		{B3849CBE-5817-4237-9551-63AD0335485B}.Debug|Any CPU.Deploy.0 = Debug|x64
		{B3849CBE-5817-4237-9551-63AD0335485B}.Debug|ARM.ActiveCfg = Debug|ARM
		{B3849CBE-5817-4237-9551-63AD0335485B}.Debug|ARM.Build.0 = Debug|ARM
		{B3849CBE-5817-4237-9551-63AD0335485B}.Debug|ARM.Deploy.0 = Debug|ARM
		{B3849CBE-5817-4237-9551-63AD0335485B}.Debug|iPhone.ActiveCfg = Debug|x64
		{B3849CBE-5817-4237-9551-63AD0335485B}.Debug|iPhone.Build.0 = Debug|x64
		{B3849CBE-5817-4237-9551-63AD0335485B}.Debug|iPhone.Deploy.0 = Debug|x64
		{B3849CBE-5817-4237-9551-63AD0335485B}.Debug|iPhoneSimulator.ActiveCfg = Debug|x64
		{B3849CBE-5817-4237-9551-63AD0335485B}.Debug|iPhoneSimulator.Build.0 = Debug|x64
		{B3849CBE-5817-4237-9551-63AD0335485B}.Debug|iPhoneSimulator.Deploy.0 = Debug|x64
		{B3849CBE-5817-4237-9551-63AD0335485B}.Debug|x64.ActiveCfg = Debug|x64
		{B3849CBE-5817-4237-9551-63AD0335485B}.Debug|x64.Build.0 = Debug|x64
		{B3849CBE-5817-4237-9551-63AD0335485B}.Debug|x64.Deploy.0 = Debug|x64
		{B3849CBE-5817-4237-9551-63AD0335485B}.Debug|x86.ActiveCfg = Debug|x86
		{B3849CBE-5817-4237-9551-63AD0335485B}.Debug|x86.Build.0 = Debug|x86
		{B3849CBE-5817-4237-9551-63AD0335485B}.Debug|x86.Deploy.0 = Debug|x86
		{B3849CBE-5817-4237-9551-63AD0335485B}.Release|Any CPU.ActiveCfg = Release|x64
		{B3849CBE-5817-4237-9551-63AD0335485B}.Release|Any CPU.Build.0 = Release|x64
		{B3849CBE-5817-4237-9551-63AD0335485B}.Release|Any CPU.Deploy.0 = Release|x64
		{B3849CBE-5817-4237-9551-63AD0335485B}.Release|ARM.ActiveCfg = Release|ARM
		{B3849CBE-5817-4237-9551-63AD0335485B}.Release|ARM.Build.0 = Release|ARM
		{B3849CBE-5817-4237-9551-63AD0335485B}.Release|ARM.Deploy.0 = Release|ARM
		{B3849CBE-5817-4237-9551-63AD0335485B}.Release|iPhone.ActiveCfg = Release|x64
		{B3849CBE-5817-4237-9551-63AD0335485B}.Release|iPhone.Build.0 = Release|x64
		{B3849CBE-5817-4237-9551-63AD0335485B}.Release|iPhone.Deploy.0 = Release|x64
		{B3849CBE-5817-4237-9551-63AD0335485B}.Release|iPhoneSimulator.ActiveCfg = Release|x64
		{B3849CBE-5817-4237-9551-63AD0335485B}.Release|iPhoneSimulator.Build.0 = Release|x64
		{B3849CBE-5817-4237-9551-63AD0335485B}.Release|iPhoneSimulator.Deploy.0 = Release|x64
		{B3849CBE-5817-4237-9551-63AD0335485B}.Release|x64.ActiveCfg = Release|x64
		{B3849CBE-5817-4237-9551-63AD0335485B}.Release|x64.Build.0 = Release|x64
		{B3849CBE-5817-4237-9551-63AD0335485B}.Release|x64.Deploy.0 = Release|x64
		{B3849CBE-5817-4237-9551-63AD0335485B}.Release|x86.ActiveCfg = Release|x86
		{B3849CBE-5817-4237-9551-63AD0335485B}.Release|x86.Build.0 = Release|x86
		{B3849CBE-5817-4237-9551-63AD0335485B}.Release|x86.Deploy.0 = Release|x86
		{782A7882-C319-4218-BC7D-15E573F5DDB1}.Debug|Any CPU.ActiveCfg = Debug|Any CPU
		{782A7882-C319-4218-BC7D-15E573F5DDB1}.Debug|Any CPU.Build.0 = Debug|Any CPU
		{782A7882-C319-4218-BC7D-15E573F5DDB1}.Debug|Any CPU.Deploy.0 = Debug|Any CPU
		{782A7882-C319-4218-BC7D-15E573F5DDB1}.Debug|ARM.ActiveCfg = Debug|Any CPU
		{782A7882-C319-4218-BC7D-15E573F5DDB1}.Debug|ARM.Build.0 = Debug|Any CPU
		{782A7882-C319-4218-BC7D-15E573F5DDB1}.Debug|ARM.Deploy.0 = Debug|Any CPU
		{782A7882-C319-4218-BC7D-15E573F5DDB1}.Debug|iPhone.ActiveCfg = Debug|Any CPU
		{782A7882-C319-4218-BC7D-15E573F5DDB1}.Debug|iPhone.Build.0 = Debug|Any CPU
		{782A7882-C319-4218-BC7D-15E573F5DDB1}.Debug|iPhone.Deploy.0 = Debug|Any CPU
		{782A7882-C319-4218-BC7D-15E573F5DDB1}.Debug|iPhoneSimulator.ActiveCfg = Debug|Any CPU
		{782A7882-C319-4218-BC7D-15E573F5DDB1}.Debug|iPhoneSimulator.Build.0 = Debug|Any CPU
		{782A7882-C319-4218-BC7D-15E573F5DDB1}.Debug|iPhoneSimulator.Deploy.0 = Debug|Any CPU
		{782A7882-C319-4218-BC7D-15E573F5DDB1}.Debug|x64.ActiveCfg = Debug|Any CPU
		{782A7882-C319-4218-BC7D-15E573F5DDB1}.Debug|x64.Build.0 = Debug|Any CPU
		{782A7882-C319-4218-BC7D-15E573F5DDB1}.Debug|x64.Deploy.0 = Debug|Any CPU
		{782A7882-C319-4218-BC7D-15E573F5DDB1}.Debug|x86.ActiveCfg = Debug|Any CPU
		{782A7882-C319-4218-BC7D-15E573F5DDB1}.Debug|x86.Build.0 = Debug|Any CPU
		{782A7882-C319-4218-BC7D-15E573F5DDB1}.Debug|x86.Deploy.0 = Debug|Any CPU
		{782A7882-C319-4218-BC7D-15E573F5DDB1}.Release|Any CPU.ActiveCfg = Release|Any CPU
		{782A7882-C319-4218-BC7D-15E573F5DDB1}.Release|Any CPU.Build.0 = Release|Any CPU
		{782A7882-C319-4218-BC7D-15E573F5DDB1}.Release|Any CPU.Deploy.0 = Release|Any CPU
		{782A7882-C319-4218-BC7D-15E573F5DDB1}.Release|ARM.ActiveCfg = Release|Any CPU
		{782A7882-C319-4218-BC7D-15E573F5DDB1}.Release|ARM.Build.0 = Release|Any CPU
		{782A7882-C319-4218-BC7D-15E573F5DDB1}.Release|ARM.Deploy.0 = Release|Any CPU
		{782A7882-C319-4218-BC7D-15E573F5DDB1}.Release|iPhone.ActiveCfg = Release|Any CPU
		{782A7882-C319-4218-BC7D-15E573F5DDB1}.Release|iPhone.Build.0 = Release|Any CPU
		{782A7882-C319-4218-BC7D-15E573F5DDB1}.Release|iPhone.Deploy.0 = Release|Any CPU
		{782A7882-C319-4218-BC7D-15E573F5DDB1}.Release|iPhoneSimulator.ActiveCfg = Release|Any CPU
		{782A7882-C319-4218-BC7D-15E573F5DDB1}.Release|iPhoneSimulator.Build.0 = Release|Any CPU
		{782A7882-C319-4218-BC7D-15E573F5DDB1}.Release|iPhoneSimulator.Deploy.0 = Release|Any CPU
		{782A7882-C319-4218-BC7D-15E573F5DDB1}.Release|x64.ActiveCfg = Release|Any CPU
		{782A7882-C319-4218-BC7D-15E573F5DDB1}.Release|x64.Build.0 = Release|Any CPU
		{782A7882-C319-4218-BC7D-15E573F5DDB1}.Release|x64.Deploy.0 = Release|Any CPU
		{782A7882-C319-4218-BC7D-15E573F5DDB1}.Release|x86.ActiveCfg = Release|Any CPU
		{782A7882-C319-4218-BC7D-15E573F5DDB1}.Release|x86.Build.0 = Release|Any CPU
		{782A7882-C319-4218-BC7D-15E573F5DDB1}.Release|x86.Deploy.0 = Release|Any CPU
		{C35B1808-90AB-4DF3-B535-A2DD7357651D}.Debug|Any CPU.ActiveCfg = Debug|iPhoneSimulator
		{C35B1808-90AB-4DF3-B535-A2DD7357651D}.Debug|Any CPU.Build.0 = Debug|iPhoneSimulator
		{C35B1808-90AB-4DF3-B535-A2DD7357651D}.Debug|Any CPU.Deploy.0 = Debug|iPhoneSimulator
		{C35B1808-90AB-4DF3-B535-A2DD7357651D}.Debug|ARM.ActiveCfg = Debug|iPhoneSimulator
		{C35B1808-90AB-4DF3-B535-A2DD7357651D}.Debug|ARM.Build.0 = Debug|iPhoneSimulator
		{C35B1808-90AB-4DF3-B535-A2DD7357651D}.Debug|ARM.Deploy.0 = Debug|iPhoneSimulator
		{C35B1808-90AB-4DF3-B535-A2DD7357651D}.Debug|iPhone.ActiveCfg = Debug|iPhone
		{C35B1808-90AB-4DF3-B535-A2DD7357651D}.Debug|iPhone.Build.0 = Debug|iPhone
		{C35B1808-90AB-4DF3-B535-A2DD7357651D}.Debug|iPhone.Deploy.0 = Debug|iPhone
		{C35B1808-90AB-4DF3-B535-A2DD7357651D}.Debug|iPhoneSimulator.ActiveCfg = Debug|iPhoneSimulator
		{C35B1808-90AB-4DF3-B535-A2DD7357651D}.Debug|iPhoneSimulator.Build.0 = Debug|iPhoneSimulator
		{C35B1808-90AB-4DF3-B535-A2DD7357651D}.Debug|iPhoneSimulator.Deploy.0 = Debug|iPhoneSimulator
		{C35B1808-90AB-4DF3-B535-A2DD7357651D}.Debug|x64.ActiveCfg = Debug|iPhone
		{C35B1808-90AB-4DF3-B535-A2DD7357651D}.Debug|x64.Build.0 = Debug|iPhone
		{C35B1808-90AB-4DF3-B535-A2DD7357651D}.Debug|x64.Deploy.0 = Debug|iPhone
		{C35B1808-90AB-4DF3-B535-A2DD7357651D}.Debug|x86.ActiveCfg = Debug|iPhoneSimulator
		{C35B1808-90AB-4DF3-B535-A2DD7357651D}.Debug|x86.Build.0 = Debug|iPhoneSimulator
		{C35B1808-90AB-4DF3-B535-A2DD7357651D}.Debug|x86.Deploy.0 = Debug|iPhoneSimulator
		{C35B1808-90AB-4DF3-B535-A2DD7357651D}.Release|Any CPU.ActiveCfg = Release|iPhoneSimulator
		{C35B1808-90AB-4DF3-B535-A2DD7357651D}.Release|Any CPU.Build.0 = Release|iPhoneSimulator
		{C35B1808-90AB-4DF3-B535-A2DD7357651D}.Release|Any CPU.Deploy.0 = Release|iPhoneSimulator
		{C35B1808-90AB-4DF3-B535-A2DD7357651D}.Release|ARM.ActiveCfg = Release|iPhoneSimulator
		{C35B1808-90AB-4DF3-B535-A2DD7357651D}.Release|ARM.Build.0 = Release|iPhoneSimulator
		{C35B1808-90AB-4DF3-B535-A2DD7357651D}.Release|ARM.Deploy.0 = Release|iPhoneSimulator
		{C35B1808-90AB-4DF3-B535-A2DD7357651D}.Release|iPhone.ActiveCfg = Release|iPhone
		{C35B1808-90AB-4DF3-B535-A2DD7357651D}.Release|iPhone.Build.0 = Release|iPhone
		{C35B1808-90AB-4DF3-B535-A2DD7357651D}.Release|iPhone.Deploy.0 = Release|iPhone
		{C35B1808-90AB-4DF3-B535-A2DD7357651D}.Release|iPhoneSimulator.ActiveCfg = Release|iPhoneSimulator
		{C35B1808-90AB-4DF3-B535-A2DD7357651D}.Release|iPhoneSimulator.Build.0 = Release|iPhoneSimulator
		{C35B1808-90AB-4DF3-B535-A2DD7357651D}.Release|iPhoneSimulator.Deploy.0 = Release|iPhoneSimulator
		{C35B1808-90AB-4DF3-B535-A2DD7357651D}.Release|x64.ActiveCfg = Release|iPhoneSimulator
		{C35B1808-90AB-4DF3-B535-A2DD7357651D}.Release|x64.Build.0 = Release|iPhoneSimulator
		{C35B1808-90AB-4DF3-B535-A2DD7357651D}.Release|x64.Deploy.0 = Release|iPhoneSimulator
		{C35B1808-90AB-4DF3-B535-A2DD7357651D}.Release|x86.ActiveCfg = Release|iPhoneSimulator
		{C35B1808-90AB-4DF3-B535-A2DD7357651D}.Release|x86.Build.0 = Release|iPhoneSimulator
		{C35B1808-90AB-4DF3-B535-A2DD7357651D}.Release|x86.Deploy.0 = Release|iPhoneSimulator
		{09643E37-04B9-4C93-9247-2A3E27CBAE40}.Debug|Any CPU.ActiveCfg = Debug|Any CPU
		{09643E37-04B9-4C93-9247-2A3E27CBAE40}.Debug|Any CPU.Build.0 = Debug|Any CPU
		{09643E37-04B9-4C93-9247-2A3E27CBAE40}.Debug|Any CPU.Deploy.0 = Debug|Any CPU
		{09643E37-04B9-4C93-9247-2A3E27CBAE40}.Debug|ARM.ActiveCfg = Debug|Any CPU
		{09643E37-04B9-4C93-9247-2A3E27CBAE40}.Debug|ARM.Build.0 = Debug|Any CPU
		{09643E37-04B9-4C93-9247-2A3E27CBAE40}.Debug|ARM.Deploy.0 = Debug|Any CPU
		{09643E37-04B9-4C93-9247-2A3E27CBAE40}.Debug|iPhone.ActiveCfg = Debug|Any CPU
		{09643E37-04B9-4C93-9247-2A3E27CBAE40}.Debug|iPhone.Build.0 = Debug|Any CPU
		{09643E37-04B9-4C93-9247-2A3E27CBAE40}.Debug|iPhone.Deploy.0 = Debug|Any CPU
		{09643E37-04B9-4C93-9247-2A3E27CBAE40}.Debug|iPhoneSimulator.ActiveCfg = Debug|Any CPU
		{09643E37-04B9-4C93-9247-2A3E27CBAE40}.Debug|iPhoneSimulator.Build.0 = Debug|Any CPU
		{09643E37-04B9-4C93-9247-2A3E27CBAE40}.Debug|iPhoneSimulator.Deploy.0 = Debug|Any CPU
		{09643E37-04B9-4C93-9247-2A3E27CBAE40}.Debug|x64.ActiveCfg = Debug|Any CPU
		{09643E37-04B9-4C93-9247-2A3E27CBAE40}.Debug|x64.Build.0 = Debug|Any CPU
		{09643E37-04B9-4C93-9247-2A3E27CBAE40}.Debug|x64.Deploy.0 = Debug|Any CPU
		{09643E37-04B9-4C93-9247-2A3E27CBAE40}.Debug|x86.ActiveCfg = Debug|Any CPU
		{09643E37-04B9-4C93-9247-2A3E27CBAE40}.Debug|x86.Build.0 = Debug|Any CPU
		{09643E37-04B9-4C93-9247-2A3E27CBAE40}.Debug|x86.Deploy.0 = Debug|Any CPU
		{09643E37-04B9-4C93-9247-2A3E27CBAE40}.Release|Any CPU.ActiveCfg = Release|Any CPU
		{09643E37-04B9-4C93-9247-2A3E27CBAE40}.Release|Any CPU.Build.0 = Release|Any CPU
		{09643E37-04B9-4C93-9247-2A3E27CBAE40}.Release|Any CPU.Deploy.0 = Release|Any CPU
		{09643E37-04B9-4C93-9247-2A3E27CBAE40}.Release|ARM.ActiveCfg = Release|Any CPU
		{09643E37-04B9-4C93-9247-2A3E27CBAE40}.Release|ARM.Build.0 = Release|Any CPU
		{09643E37-04B9-4C93-9247-2A3E27CBAE40}.Release|ARM.Deploy.0 = Release|Any CPU
		{09643E37-04B9-4C93-9247-2A3E27CBAE40}.Release|iPhone.ActiveCfg = Release|Any CPU
		{09643E37-04B9-4C93-9247-2A3E27CBAE40}.Release|iPhone.Build.0 = Release|Any CPU
		{09643E37-04B9-4C93-9247-2A3E27CBAE40}.Release|iPhone.Deploy.0 = Release|Any CPU
		{09643E37-04B9-4C93-9247-2A3E27CBAE40}.Release|iPhoneSimulator.ActiveCfg = Release|Any CPU
		{09643E37-04B9-4C93-9247-2A3E27CBAE40}.Release|iPhoneSimulator.Build.0 = Release|Any CPU
		{09643E37-04B9-4C93-9247-2A3E27CBAE40}.Release|iPhoneSimulator.Deploy.0 = Release|Any CPU
		{09643E37-04B9-4C93-9247-2A3E27CBAE40}.Release|x64.ActiveCfg = Release|Any CPU
		{09643E37-04B9-4C93-9247-2A3E27CBAE40}.Release|x64.Build.0 = Release|Any CPU
		{09643E37-04B9-4C93-9247-2A3E27CBAE40}.Release|x64.Deploy.0 = Release|Any CPU
		{09643E37-04B9-4C93-9247-2A3E27CBAE40}.Release|x86.ActiveCfg = Release|Any CPU
		{09643E37-04B9-4C93-9247-2A3E27CBAE40}.Release|x86.Build.0 = Release|Any CPU
		{09643E37-04B9-4C93-9247-2A3E27CBAE40}.Release|x86.Deploy.0 = Release|Any CPU
	EndGlobalSection
	GlobalSection(SolutionProperties) = preSolution
		HideSolutionNode = FALSE
	EndGlobalSection
	GlobalSection(ExtensibilityGlobals) = postSolution
		SolutionGuid = {1B3BDEBA-A485-4356-A23D-2E4A24B13802}
	EndGlobalSection
EndGlobal
