
Microsoft Visual Studio Solution File, Format Version 12.00
# Visual Studio Version 17
VisualStudioVersion = 17.12.35309.182
MinimumVisualStudioVersion = 10.0.40219.1
Project("{FAE04EC0-301F-11D3-BF4B-00C04F79EFBC}") = "Copy-header-footer-to-other-sections", "Copy-header-footer-to-other-sections\Copy-header-footer-to-other-sections.csproj", "{DF9791C7-C8AB-42DA-B567-8855A266E519}"
EndProject
Global
	GlobalSection(SolutionConfigurationPlatforms) = preSolution
		Debug|Any CPU = Debug|Any CPU
		Release|Any CPU = Release|Any CPU
	EndGlobalSection
	GlobalSection(ProjectConfigurationPlatforms) = postSolution
		{DF9791C7-C8AB-42DA-B567-8855A266E519}.Debug|Any CPU.ActiveCfg = Debug|Any CPU
		{DF9791C7-C8AB-42DA-B567-8855A266E519}.Debug|Any CPU.Build.0 = Debug|Any CPU
		{DF9791C7-C8AB-42DA-B567-8855A266E519}.Release|Any CPU.ActiveCfg = Release|Any CPU
		{DF9791C7-C8AB-42DA-B567-8855A266E519}.Release|Any CPU.Build.0 = Release|Any CPU
	EndGlobalSection
	GlobalSection(SolutionProperties) = preSolution
		HideSolutionNode = FALSE
	EndGlobalSection
	GlobalSection(ExtensibilityGlobals) = postSolution
		SolutionGuid = {6A3BB269-566F-4D3D-AE4B-CD050619D178}
	EndGlobalSection
EndGlobal
