
Microsoft Visual Studio Solution File, Format Version 12.00
# Visual Studio Version 17
VisualStudioVersion = 17.14.36518.9 d17.14
MinimumVisualStudioVersion = 10.0.40219.1
Project("{FAE04EC0-301F-11D3-BF4B-00C04F79EFBC}") = "Cloned-and-add-table-row-with-restart-numbered-list", "Cloned-and-add-table-row-with-restart-numbered-list\Cloned-and-add-table-row-with-restart-numbered-list.csproj", "{78E727C6-B0F8-43EF-91CA-FCBD28CE9A70}"
EndProject
Global
	GlobalSection(SolutionConfigurationPlatforms) = preSolution
		Debug|Any CPU = Debug|Any CPU
		Release|Any CPU = Release|Any CPU
	EndGlobalSection
	GlobalSection(ProjectConfigurationPlatforms) = postSolution
		{78E727C6-B0F8-43EF-91CA-FCBD28CE9A70}.Debug|Any CPU.ActiveCfg = Debug|Any CPU
		{78E727C6-B0F8-43EF-91CA-FCBD28CE9A70}.Debug|Any CPU.Build.0 = Debug|Any CPU
		{78E727C6-B0F8-43EF-91CA-FCBD28CE9A70}.Release|Any CPU.ActiveCfg = Release|Any CPU
		{78E727C6-B0F8-43EF-91CA-FCBD28CE9A70}.Release|Any CPU.Build.0 = Release|Any CPU
	EndGlobalSection
	GlobalSection(SolutionProperties) = preSolution
		HideSolutionNode = FALSE
	EndGlobalSection
	GlobalSection(ExtensibilityGlobals) = postSolution
		SolutionGuid = {1444F73B-CB15-4B82-A264-556FD70226DE}
	EndGlobalSection
EndGlobal
