
Microsoft Visual Studio Solution File, Format Version 12.00
# Visual Studio Version 17
VisualStudioVersion = 17.14.37614.0 d17.14
MinimumVisualStudioVersion = 10.0.40219.1
Project("{FAE04EC0-301F-11D3-BF4B-00C04F79EFBC}") = "Make-Paragraph-To-Start-On-New-Page", "Make-Paragraph-To-Start-On-New-Page\Make-Paragraph-To-Start-On-New-Page.csproj", "{08579255-C4D0-D3D2-F29B-F447F32D50D9}"
EndProject
Global
	GlobalSection(SolutionConfigurationPlatforms) = preSolution
		Debug|Any CPU = Debug|Any CPU
		Release|Any CPU = Release|Any CPU
	EndGlobalSection
	GlobalSection(ProjectConfigurationPlatforms) = postSolution
		{08579255-C4D0-D3D2-F29B-F447F32D50D9}.Debug|Any CPU.ActiveCfg = Debug|Any CPU
		{08579255-C4D0-D3D2-F29B-F447F32D50D9}.Debug|Any CPU.Build.0 = Debug|Any CPU
		{08579255-C4D0-D3D2-F29B-F447F32D50D9}.Release|Any CPU.ActiveCfg = Release|Any CPU
		{08579255-C4D0-D3D2-F29B-F447F32D50D9}.Release|Any CPU.Build.0 = Release|Any CPU
	EndGlobalSection
	GlobalSection(SolutionProperties) = preSolution
		HideSolutionNode = FALSE
	EndGlobalSection
	GlobalSection(ExtensibilityGlobals) = postSolution
		SolutionGuid = {AC6C429F-37FB-4F82-AAFF-4EB906F0F299}
	EndGlobalSection
EndGlobal
