
Microsoft Visual Studio Solution File, Format Version 12.00
# Visual Studio Version 17
VisualStudioVersion = 17.8.34205.153
MinimumVisualStudioVersion = 10.0.40219.1
Project("{FAE04EC0-301F-11D3-BF4B-00C04F79EFBC}") = "Convert-Word-to-EPUB", "Convert-Word-to-EPUB\Convert-Word-to-EPUB.csproj", "{45BC28F8-936A-43D7-9BE1-6D7F5E2E1FF0}"
EndProject
Global
	GlobalSection(SolutionConfigurationPlatforms) = preSolution
		Debug|Any CPU = Debug|Any CPU
		Release|Any CPU = Release|Any CPU
	EndGlobalSection
	GlobalSection(ProjectConfigurationPlatforms) = postSolution
		{45BC28F8-936A-43D7-9BE1-6D7F5E2E1FF0}.Debug|Any CPU.ActiveCfg = Debug|Any CPU
		{45BC28F8-936A-43D7-9BE1-6D7F5E2E1FF0}.Debug|Any CPU.Build.0 = Debug|Any CPU
		{45BC28F8-936A-43D7-9BE1-6D7F5E2E1FF0}.Release|Any CPU.ActiveCfg = Release|Any CPU
		{45BC28F8-936A-43D7-9BE1-6D7F5E2E1FF0}.Release|Any CPU.Build.0 = Release|Any CPU
	EndGlobalSection
	GlobalSection(SolutionProperties) = preSolution
		HideSolutionNode = FALSE
	EndGlobalSection
	GlobalSection(ExtensibilityGlobals) = postSolution
		SolutionGuid = {1EDAAF90-6753-4AFD-AE3D-1D498867F0C7}
	EndGlobalSection
EndGlobal
