
Microsoft Visual Studio Solution File, Format Version 12.00
# Visual Studio 15
VisualStudioVersion = 15.0.27703.2035
MinimumVisualStudioVersion = 10.0.40219.1
Project("{FAE04EC0-301F-11D3-BF4B-00C04F79EFBC}") = "Open-and-save-Word-document", "Open-and-save-Word-document\Open-and-save-Word-document.csproj", "{8365EE31-3C1A-4B72-9D59-EE7E8CB2F083}"
EndProject
Global
	GlobalSection(SolutionConfigurationPlatforms) = preSolution
		Debug|Any CPU = Debug|Any CPU
		Release|Any CPU = Release|Any CPU
	EndGlobalSection
	GlobalSection(ProjectConfigurationPlatforms) = postSolution
		{8365EE31-3C1A-4B72-9D59-EE7E8CB2F083}.Debug|Any CPU.ActiveCfg = Debug|Any CPU
		{8365EE31-3C1A-4B72-9D59-EE7E8CB2F083}.Debug|Any CPU.Build.0 = Debug|Any CPU
		{8365EE31-3C1A-4B72-9D59-EE7E8CB2F083}.Release|Any CPU.ActiveCfg = Release|Any CPU
		{8365EE31-3C1A-4B72-9D59-EE7E8CB2F083}.Release|Any CPU.Build.0 = Release|Any CPU
	EndGlobalSection
	GlobalSection(SolutionProperties) = preSolution
		HideSolutionNode = FALSE
	EndGlobalSection
	GlobalSection(ExtensibilityGlobals) = postSolution
		SolutionGuid = {5955D633-E89C-4559-B057-1902F3E19D70}
	EndGlobalSection
EndGlobal
