
Microsoft Visual Studio Solution File, Format Version 12.00
# Visual Studio Version 17
VisualStudioVersion = 17.0.32126.317
MinimumVisualStudioVersion = 10.0.40219.1
Project("{FAE04EC0-301F-11D3-BF4B-00C04F79EFBC}") = "Open-and-save-Word-document", "Open-and-save-Word-document\Open-and-save-Word-document.csproj", "{0F612C9B-283A-4AAB-828B-EB7EAB05E43E}"
EndProject
Global
	GlobalSection(SolutionConfigurationPlatforms) = preSolution
		Debug|Any CPU = Debug|Any CPU
		Release|Any CPU = Release|Any CPU
	EndGlobalSection
	GlobalSection(ProjectConfigurationPlatforms) = postSolution
		{0F612C9B-283A-4AAB-828B-EB7EAB05E43E}.Debug|Any CPU.ActiveCfg = Debug|Any CPU
		{0F612C9B-283A-4AAB-828B-EB7EAB05E43E}.Debug|Any CPU.Build.0 = Debug|Any CPU
		{0F612C9B-283A-4AAB-828B-EB7EAB05E43E}.Release|Any CPU.ActiveCfg = Release|Any CPU
		{0F612C9B-283A-4AAB-828B-EB7EAB05E43E}.Release|Any CPU.Build.0 = Release|Any CPU
	EndGlobalSection
	GlobalSection(SolutionProperties) = preSolution
		HideSolutionNode = FALSE
	EndGlobalSection
	GlobalSection(ExtensibilityGlobals) = postSolution
		SolutionGuid = {AC8D948D-1D91-4B5C-970A-07FAF1CB1B2C}
	EndGlobalSection
EndGlobal
