
Microsoft Visual Studio Solution File, Format Version 12.00
# Visual Studio Version 17
VisualStudioVersion = 17.10.34928.147
MinimumVisualStudioVersion = 10.0.40219.1
Project("{FAE04EC0-301F-11D3-BF4B-00C04F79EFBC}") = "Create-Word-document.UWP", "Create-Word-document\Create-Word-document.UWP\Create-Word-document.UWP.csproj", "{EF5060DE-AF04-41B0-9E87-0FD77B3E1172}"
EndProject
Project("{FAE04EC0-301F-11D3-BF4B-00C04F79EFBC}") = "Create-Word-document.Android", "Create-Word-document\Create-Word-document.Android\Create-Word-document.Android.csproj", "{495FBAEB-1C64-4DE2-A875-4AD1C6BF1C5C}"
EndProject
Project("{FAE04EC0-301F-11D3-BF4B-00C04F79EFBC}") = "Create-Word-document.iOS", "Create-Word-document\Create-Word-document.iOS\Create-Word-document.iOS.csproj", "{6BC20D0F-189F-451E-9485-9A4952AD0303}"
EndProject
Project("{FAE04EC0-301F-11D3-BF4B-00C04F79EFBC}") = "Create-Word-document", "Create-Word-document\Create-Word-document\Create-Word-document.csproj", "{E6DB305F-D03B-4665-8C85-2B4C8946C314}"
EndProject
Global
	GlobalSection(SolutionConfigurationPlatforms) = preSolution
		Debug|Any CPU = Debug|Any CPU
		Debug|ARM = Debug|ARM
		Debug|iPhone = Debug|iPhone
		Debug|iPhoneSimulator = Debug|iPhoneSimulator
		Debug|x64 = Debug|x64
		Debug|x86 = Debug|x86
		Release|Any CPU = Release|Any CPU
		Release|ARM = Release|ARM
		Release|iPhone = Release|iPhone
		Release|iPhoneSimulator = Release|iPhoneSimulator
		Release|x64 = Release|x64
		Release|x86 = Release|x86
	EndGlobalSection
	GlobalSection(ProjectConfigurationPlatforms) = postSolution
		{EF5060DE-AF04-41B0-9E87-0FD77B3E1172}.Debug|Any CPU.ActiveCfg = Debug|x64
		{EF5060DE-AF04-41B0-9E87-0FD77B3E1172}.Debug|Any CPU.Build.0 = Debug|x64
		{EF5060DE-AF04-41B0-9E87-0FD77B3E1172}.Debug|Any CPU.Deploy.0 = Debug|x64
		{EF5060DE-AF04-41B0-9E87-0FD77B3E1172}.Debug|ARM.ActiveCfg = Debug|ARM
		{EF5060DE-AF04-41B0-9E87-0FD77B3E1172}.Debug|ARM.Build.0 = Debug|ARM
		{EF5060DE-AF04-41B0-9E87-0FD77B3E1172}.Debug|ARM.Deploy.0 = Debug|ARM
		{EF5060DE-AF04-41B0-9E87-0FD77B3E1172}.Debug|iPhone.ActiveCfg = Debug|x64
		{EF5060DE-AF04-41B0-9E87-0FD77B3E1172}.Debug|iPhone.Build.0 = Debug|x64
		{EF5060DE-AF04-41B0-9E87-0FD77B3E1172}.Debug|iPhone.Deploy.0 = Debug|x64
		{EF5060DE-AF04-41B0-9E87-0FD77B3E1172}.Debug|iPhoneSimulator.ActiveCfg = Debug|x64
		{EF5060DE-AF04-41B0-9E87-0FD77B3E1172}.Debug|iPhoneSimulator.Build.0 = Debug|x64
		{EF5060DE-AF04-41B0-9E87-0FD77B3E1172}.Debug|iPhoneSimulator.Deploy.0 = Debug|x64
		{EF5060DE-AF04-41B0-9E87-0FD77B3E1172}.Debug|x64.ActiveCfg = Debug|x64
		{EF5060DE-AF04-41B0-9E87-0FD77B3E1172}.Debug|x64.Build.0 = Debug|x64
		{EF5060DE-AF04-41B0-9E87-0FD77B3E1172}.Debug|x64.Deploy.0 = Debug|x64
		{EF5060DE-AF04-41B0-9E87-0FD77B3E1172}.Debug|x86.ActiveCfg = Debug|x86
		{EF5060DE-AF04-41B0-9E87-0FD77B3E1172}.Debug|x86.Build.0 = Debug|x86
		{EF5060DE-AF04-41B0-9E87-0FD77B3E1172}.Debug|x86.Deploy.0 = Debug|x86
		{EF5060DE-AF04-41B0-9E87-0FD77B3E1172}.Release|Any CPU.ActiveCfg = Release|x64
		{EF5060DE-AF04-41B0-9E87-0FD77B3E1172}.Release|Any CPU.Build.0 = Release|x64
		{EF5060DE-AF04-41B0-9E87-0FD77B3E1172}.Release|Any CPU.Deploy.0 = Release|x64
		{EF5060DE-AF04-41B0-9E87-0FD77B3E1172}.Release|ARM.ActiveCfg = Release|ARM
		{EF5060DE-AF04-41B0-9E87-0FD77B3E1172}.Release|ARM.Build.0 = Release|ARM
		{EF5060DE-AF04-41B0-9E87-0FD77B3E1172}.Release|ARM.Deploy.0 = Release|ARM
		{EF5060DE-AF04-41B0-9E87-0FD77B3E1172}.Release|iPhone.ActiveCfg = Release|x64
		{EF5060DE-AF04-41B0-9E87-0FD77B3E1172}.Release|iPhone.Build.0 = Release|x64
		{EF5060DE-AF04-41B0-9E87-0FD77B3E1172}.Release|iPhone.Deploy.0 = Release|x64
		{EF5060DE-AF04-41B0-9E87-0FD77B3E1172}.Release|iPhoneSimulator.ActiveCfg = Release|x64
		{EF5060DE-AF04-41B0-9E87-0FD77B3E1172}.Release|iPhoneSimulator.Build.0 = Release|x64
		{EF5060DE-AF04-41B0-9E87-0FD77B3E1172}.Release|iPhoneSimulator.Deploy.0 = Release|x64
		{EF5060DE-AF04-41B0-9E87-0FD77B3E1172}.Release|x64.ActiveCfg = Release|x64
		{EF5060DE-AF04-41B0-9E87-0FD77B3E1172}.Release|x64.Build.0 = Release|x64
		{EF5060DE-AF04-41B0-9E87-0FD77B3E1172}.Release|x64.Deploy.0 = Release|x64
		{EF5060DE-AF04-41B0-9E87-0FD77B3E1172}.Release|x86.ActiveCfg = Release|x86
		{EF5060DE-AF04-41B0-9E87-0FD77B3E1172}.Release|x86.Build.0 = Release|x86
		{EF5060DE-AF04-41B0-9E87-0FD77B3E1172}.Release|x86.Deploy.0 = Release|x86
		{495FBAEB-1C64-4DE2-A875-4AD1C6BF1C5C}.Debug|Any CPU.ActiveCfg = Debug|Any CPU
		{495FBAEB-1C64-4DE2-A875-4AD1C6BF1C5C}.Debug|Any CPU.Build.0 = Debug|Any CPU
		{495FBAEB-1C64-4DE2-A875-4AD1C6BF1C5C}.Debug|Any CPU.Deploy.0 = Debug|Any CPU
		{495FBAEB-1C64-4DE2-A875-4AD1C6BF1C5C}.Debug|ARM.ActiveCfg = Debug|Any CPU
		{495FBAEB-1C64-4DE2-A875-4AD1C6BF1C5C}.Debug|ARM.Build.0 = Debug|Any CPU
		{495FBAEB-1C64-4DE2-A875-4AD1C6BF1C5C}.Debug|ARM.Deploy.0 = Debug|Any CPU
		{495FBAEB-1C64-4DE2-A875-4AD1C6BF1C5C}.Debug|iPhone.ActiveCfg = Debug|Any CPU
		{495FBAEB-1C64-4DE2-A875-4AD1C6BF1C5C}.Debug|iPhone.Build.0 = Debug|Any CPU
		{495FBAEB-1C64-4DE2-A875-4AD1C6BF1C5C}.Debug|iPhone.Deploy.0 = Debug|Any CPU
		{495FBAEB-1C64-4DE2-A875-4AD1C6BF1C5C}.Debug|iPhoneSimulator.ActiveCfg = Debug|Any CPU
		{495FBAEB-1C64-4DE2-A875-4AD1C6BF1C5C}.Debug|iPhoneSimulator.Build.0 = Debug|Any CPU
		{495FBAEB-1C64-4DE2-A875-4AD1C6BF1C5C}.Debug|iPhoneSimulator.Deploy.0 = Debug|Any CPU
		{495FBAEB-1C64-4DE2-A875-4AD1C6BF1C5C}.Debug|x64.ActiveCfg = Debug|Any CPU
		{495FBAEB-1C64-4DE2-A875-4AD1C6BF1C5C}.Debug|x64.Build.0 = Debug|Any CPU
		{495FBAEB-1C64-4DE2-A875-4AD1C6BF1C5C}.Debug|x64.Deploy.0 = Debug|Any CPU
		{495FBAEB-1C64-4DE2-A875-4AD1C6BF1C5C}.Debug|x86.ActiveCfg = Debug|Any CPU
		{495FBAEB-1C64-4DE2-A875-4AD1C6BF1C5C}.Debug|x86.Build.0 = Debug|Any CPU
		{495FBAEB-1C64-4DE2-A875-4AD1C6BF1C5C}.Debug|x86.Deploy.0 = Debug|Any CPU
		{495FBAEB-1C64-4DE2-A875-4AD1C6BF1C5C}.Release|Any CPU.ActiveCfg = Release|Any CPU
		{495FBAEB-1C64-4DE2-A875-4AD1C6BF1C5C}.Release|Any CPU.Build.0 = Release|Any CPU
		{495FBAEB-1C64-4DE2-A875-4AD1C6BF1C5C}.Release|Any CPU.Deploy.0 = Release|Any CPU
		{495FBAEB-1C64-4DE2-A875-4AD1C6BF1C5C}.Release|ARM.ActiveCfg = Release|Any CPU
		{495FBAEB-1C64-4DE2-A875-4AD1C6BF1C5C}.Release|ARM.Build.0 = Release|Any CPU
		{495FBAEB-1C64-4DE2-A875-4AD1C6BF1C5C}.Release|ARM.Deploy.0 = Release|Any CPU
		{495FBAEB-1C64-4DE2-A875-4AD1C6BF1C5C}.Release|iPhone.ActiveCfg = Release|Any CPU
		{495FBAEB-1C64-4DE2-A875-4AD1C6BF1C5C}.Release|iPhone.Build.0 = Release|Any CPU
		{495FBAEB-1C64-4DE2-A875-4AD1C6BF1C5C}.Release|iPhone.Deploy.0 = Release|Any CPU
		{495FBAEB-1C64-4DE2-A875-4AD1C6BF1C5C}.Release|iPhoneSimulator.ActiveCfg = Release|Any CPU
		{495FBAEB-1C64-4DE2-A875-4AD1C6BF1C5C}.Release|iPhoneSimulator.Build.0 = Release|Any CPU
		{495FBAEB-1C64-4DE2-A875-4AD1C6BF1C5C}.Release|iPhoneSimulator.Deploy.0 = Release|Any CPU
		{495FBAEB-1C64-4DE2-A875-4AD1C6BF1C5C}.Release|x64.ActiveCfg = Release|Any CPU
		{495FBAEB-1C64-4DE2-A875-4AD1C6BF1C5C}.Release|x64.Build.0 = Release|Any CPU
		{495FBAEB-1C64-4DE2-A875-4AD1C6BF1C5C}.Release|x64.Deploy.0 = Release|Any CPU
		{495FBAEB-1C64-4DE2-A875-4AD1C6BF1C5C}.Release|x86.ActiveCfg = Release|Any CPU
		{495FBAEB-1C64-4DE2-A875-4AD1C6BF1C5C}.Release|x86.Build.0 = Release|Any CPU
		{495FBAEB-1C64-4DE2-A875-4AD1C6BF1C5C}.Release|x86.Deploy.0 = Release|Any CPU
		{6BC20D0F-189F-451E-9485-9A4952AD0303}.Debug|Any CPU.ActiveCfg = Debug|iPhoneSimulator
		{6BC20D0F-189F-451E-9485-9A4952AD0303}.Debug|Any CPU.Build.0 = Debug|iPhoneSimulator
		{6BC20D0F-189F-451E-9485-9A4952AD0303}.Debug|Any CPU.Deploy.0 = Debug|iPhoneSimulator
		{6BC20D0F-189F-451E-9485-9A4952AD0303}.Debug|ARM.ActiveCfg = Debug|iPhoneSimulator
		{6BC20D0F-189F-451E-9485-9A4952AD0303}.Debug|ARM.Build.0 = Debug|iPhoneSimulator
		{6BC20D0F-189F-451E-9485-9A4952AD0303}.Debug|ARM.Deploy.0 = Debug|iPhoneSimulator
		{6BC20D0F-189F-451E-9485-9A4952AD0303}.Debug|iPhone.ActiveCfg = Debug|iPhone
		{6BC20D0F-189F-451E-9485-9A4952AD0303}.Debug|iPhone.Build.0 = Debug|iPhone
		{6BC20D0F-189F-451E-9485-9A4952AD0303}.Debug|iPhone.Deploy.0 = Debug|iPhone
		{6BC20D0F-189F-451E-9485-9A4952AD0303}.Debug|iPhoneSimulator.ActiveCfg = Debug|iPhoneSimulator
		{6BC20D0F-189F-451E-9485-9A4952AD0303}.Debug|iPhoneSimulator.Build.0 = Debug|iPhoneSimulator
		{6BC20D0F-189F-451E-9485-9A4952AD0303}.Debug|iPhoneSimulator.Deploy.0 = Debug|iPhoneSimulator
		{6BC20D0F-189F-451E-9485-9A4952AD0303}.Debug|x64.ActiveCfg = Debug|iPhone
		{6BC20D0F-189F-451E-9485-9A4952AD0303}.Debug|x64.Build.0 = Debug|iPhone
		{6BC20D0F-189F-451E-9485-9A4952AD0303}.Debug|x64.Deploy.0 = Debug|iPhone
		{6BC20D0F-189F-451E-9485-9A4952AD0303}.Debug|x86.ActiveCfg = Debug|iPhoneSimulator
		{6BC20D0F-189F-451E-9485-9A4952AD0303}.Debug|x86.Build.0 = Debug|iPhoneSimulator
		{6BC20D0F-189F-451E-9485-9A4952AD0303}.Debug|x86.Deploy.0 = Debug|iPhoneSimulator
		{6BC20D0F-189F-451E-9485-9A4952AD0303}.Release|Any CPU.ActiveCfg = Release|iPhoneSimulator
		{6BC20D0F-189F-451E-9485-9A4952AD0303}.Release|Any CPU.Build.0 = Release|iPhoneSimulator
		{6BC20D0F-189F-451E-9485-9A4952AD0303}.Release|Any CPU.Deploy.0 = Release|iPhoneSimulator
		{6BC20D0F-189F-451E-9485-9A4952AD0303}.Release|ARM.ActiveCfg = Release|iPhoneSimulator
		{6BC20D0F-189F-451E-9485-9A4952AD0303}.Release|ARM.Build.0 = Release|iPhoneSimulator
		{6BC20D0F-189F-451E-9485-9A4952AD0303}.Release|ARM.Deploy.0 = Release|iPhoneSimulator
		{6BC20D0F-189F-451E-9485-9A4952AD0303}.Release|iPhone.ActiveCfg = Release|iPhone
		{6BC20D0F-189F-451E-9485-9A4952AD0303}.Release|iPhone.Build.0 = Release|iPhone
		{6BC20D0F-189F-451E-9485-9A4952AD0303}.Release|iPhone.Deploy.0 = Release|iPhone
		{6BC20D0F-189F-451E-9485-9A4952AD0303}.Release|iPhoneSimulator.ActiveCfg = Release|iPhoneSimulator
		{6BC20D0F-189F-451E-9485-9A4952AD0303}.Release|iPhoneSimulator.Build.0 = Release|iPhoneSimulator
		{6BC20D0F-189F-451E-9485-9A4952AD0303}.Release|iPhoneSimulator.Deploy.0 = Release|iPhoneSimulator
		{6BC20D0F-189F-451E-9485-9A4952AD0303}.Release|x64.ActiveCfg = Release|iPhoneSimulator
		{6BC20D0F-189F-451E-9485-9A4952AD0303}.Release|x64.Build.0 = Release|iPhoneSimulator
		{6BC20D0F-189F-451E-9485-9A4952AD0303}.Release|x64.Deploy.0 = Release|iPhoneSimulator
		{6BC20D0F-189F-451E-9485-9A4952AD0303}.Release|x86.ActiveCfg = Release|iPhoneSimulator
		{6BC20D0F-189F-451E-9485-9A4952AD0303}.Release|x86.Build.0 = Release|iPhoneSimulator
		{6BC20D0F-189F-451E-9485-9A4952AD0303}.Release|x86.Deploy.0 = Release|iPhoneSimulator
		{E6DB305F-D03B-4665-8C85-2B4C8946C314}.Debug|Any CPU.ActiveCfg = Debug|Any CPU
		{E6DB305F-D03B-4665-8C85-2B4C8946C314}.Debug|Any CPU.Build.0 = Debug|Any CPU
		{E6DB305F-D03B-4665-8C85-2B4C8946C314}.Debug|Any CPU.Deploy.0 = Debug|Any CPU
		{E6DB305F-D03B-4665-8C85-2B4C8946C314}.Debug|ARM.ActiveCfg = Debug|Any CPU
		{E6DB305F-D03B-4665-8C85-2B4C8946C314}.Debug|ARM.Build.0 = Debug|Any CPU
		{E6DB305F-D03B-4665-8C85-2B4C8946C314}.Debug|ARM.Deploy.0 = Debug|Any CPU
		{E6DB305F-D03B-4665-8C85-2B4C8946C314}.Debug|iPhone.ActiveCfg = Debug|Any CPU
		{E6DB305F-D03B-4665-8C85-2B4C8946C314}.Debug|iPhone.Build.0 = Debug|Any CPU
		{E6DB305F-D03B-4665-8C85-2B4C8946C314}.Debug|iPhone.Deploy.0 = Debug|Any CPU
		{E6DB305F-D03B-4665-8C85-2B4C8946C314}.Debug|iPhoneSimulator.ActiveCfg = Debug|Any CPU
		{E6DB305F-D03B-4665-8C85-2B4C8946C314}.Debug|iPhoneSimulator.Build.0 = Debug|Any CPU
		{E6DB305F-D03B-4665-8C85-2B4C8946C314}.Debug|iPhoneSimulator.Deploy.0 = Debug|Any CPU
		{E6DB305F-D03B-4665-8C85-2B4C8946C314}.Debug|x64.ActiveCfg = Debug|Any CPU
		{E6DB305F-D03B-4665-8C85-2B4C8946C314}.Debug|x64.Build.0 = Debug|Any CPU
		{E6DB305F-D03B-4665-8C85-2B4C8946C314}.Debug|x64.Deploy.0 = Debug|Any CPU
		{E6DB305F-D03B-4665-8C85-2B4C8946C314}.Debug|x86.ActiveCfg = Debug|Any CPU
		{E6DB305F-D03B-4665-8C85-2B4C8946C314}.Debug|x86.Build.0 = Debug|Any CPU
		{E6DB305F-D03B-4665-8C85-2B4C8946C314}.Debug|x86.Deploy.0 = Debug|Any CPU
		{E6DB305F-D03B-4665-8C85-2B4C8946C314}.Release|Any CPU.ActiveCfg = Release|Any CPU
		{E6DB305F-D03B-4665-8C85-2B4C8946C314}.Release|Any CPU.Build.0 = Release|Any CPU
		{E6DB305F-D03B-4665-8C85-2B4C8946C314}.Release|Any CPU.Deploy.0 = Release|Any CPU
		{E6DB305F-D03B-4665-8C85-2B4C8946C314}.Release|ARM.ActiveCfg = Release|Any CPU
		{E6DB305F-D03B-4665-8C85-2B4C8946C314}.Release|ARM.Build.0 = Release|Any CPU
		{E6DB305F-D03B-4665-8C85-2B4C8946C314}.Release|ARM.Deploy.0 = Release|Any CPU
		{E6DB305F-D03B-4665-8C85-2B4C8946C314}.Release|iPhone.ActiveCfg = Release|Any CPU
		{E6DB305F-D03B-4665-8C85-2B4C8946C314}.Release|iPhone.Build.0 = Release|Any CPU
		{E6DB305F-D03B-4665-8C85-2B4C8946C314}.Release|iPhone.Deploy.0 = Release|Any CPU
		{E6DB305F-D03B-4665-8C85-2B4C8946C314}.Release|iPhoneSimulator.ActiveCfg = Release|Any CPU
		{E6DB305F-D03B-4665-8C85-2B4C8946C314}.Release|iPhoneSimulator.Build.0 = Release|Any CPU
		{E6DB305F-D03B-4665-8C85-2B4C8946C314}.Release|iPhoneSimulator.Deploy.0 = Release|Any CPU
		{E6DB305F-D03B-4665-8C85-2B4C8946C314}.Release|x64.ActiveCfg = Release|Any CPU
		{E6DB305F-D03B-4665-8C85-2B4C8946C314}.Release|x64.Build.0 = Release|Any CPU
		{E6DB305F-D03B-4665-8C85-2B4C8946C314}.Release|x64.Deploy.0 = Release|Any CPU
		{E6DB305F-D03B-4665-8C85-2B4C8946C314}.Release|x86.ActiveCfg = Release|Any CPU
		{E6DB305F-D03B-4665-8C85-2B4C8946C314}.Release|x86.Build.0 = Release|Any CPU
		{E6DB305F-D03B-4665-8C85-2B4C8946C314}.Release|x86.Deploy.0 = Release|Any CPU
	EndGlobalSection
	GlobalSection(SolutionProperties) = preSolution
		HideSolutionNode = FALSE
	EndGlobalSection
	GlobalSection(ExtensibilityGlobals) = postSolution
		SolutionGuid = {771FCA34-FC0A-4833-9D1D-3038CD114114}
	EndGlobalSection
EndGlobal
