
Microsoft Visual Studio Solution File, Format Version 12.00
# Visual Studio Version 17
VisualStudioVersion = 17.7.34031.279
MinimumVisualStudioVersion = 10.0.40219.1
Project("{FAE04EC0-301F-11D3-BF4B-00C04F79EFBC}") = "Format-Data-Labels", "Format-Data-Labels\Format-Data-Labels.csproj", "{119D699C-67E8-4BCB-A703-473277DC5766}"
EndProject
Global
	GlobalSection(SolutionConfigurationPlatforms) = preSolution
		Debug|Any CPU = Debug|Any CPU
		Release|Any CPU = Release|Any CPU
	EndGlobalSection
	GlobalSection(ProjectConfigurationPlatforms) = postSolution
		{119D699C-67E8-4BCB-A703-473277DC5766}.Debug|Any CPU.ActiveCfg = Debug|Any CPU
		{119D699C-67E8-4BCB-A703-473277DC5766}.Debug|Any CPU.Build.0 = Debug|Any CPU
		{119D699C-67E8-4BCB-A703-473277DC5766}.Release|Any CPU.ActiveCfg = Release|Any CPU
		{119D699C-67E8-4BCB-A703-473277DC5766}.Release|Any CPU.Build.0 = Release|Any CPU
	EndGlobalSection
	GlobalSection(SolutionProperties) = preSolution
		HideSolutionNode = FALSE
	EndGlobalSection
	GlobalSection(ExtensibilityGlobals) = postSolution
		SolutionGuid = {74CCD69F-7CB9-4AEC-BD8F-A8117518BB94}
	EndGlobalSection
EndGlobal
