
Microsoft Visual Studio Solution File, Format Version 12.00
# Visual Studio Version 17
VisualStudioVersion = 17.7.34031.279
MinimumVisualStudioVersion = 10.0.40219.1
Project("{FAE04EC0-301F-11D3-BF4B-00C04F79EFBC}") = "Format-Chart-Title", "Format-Chart-Title\Format-Chart-Title.csproj", "{F78E8BB1-A36D-4FD3-936B-5F6C7872FE1B}"
EndProject
Global
	GlobalSection(SolutionConfigurationPlatforms) = preSolution
		Debug|Any CPU = Debug|Any CPU
		Release|Any CPU = Release|Any CPU
	EndGlobalSection
	GlobalSection(ProjectConfigurationPlatforms) = postSolution
		{F78E8BB1-A36D-4FD3-936B-5F6C7872FE1B}.Debug|Any CPU.ActiveCfg = Debug|Any CPU
		{F78E8BB1-A36D-4FD3-936B-5F6C7872FE1B}.Debug|Any CPU.Build.0 = Debug|Any CPU
		{F78E8BB1-A36D-4FD3-936B-5F6C7872FE1B}.Release|Any CPU.ActiveCfg = Release|Any CPU
		{F78E8BB1-A36D-4FD3-936B-5F6C7872FE1B}.Release|Any CPU.Build.0 = Release|Any CPU
	EndGlobalSection
	GlobalSection(SolutionProperties) = preSolution
		HideSolutionNode = FALSE
	EndGlobalSection
	GlobalSection(ExtensibilityGlobals) = postSolution
		SolutionGuid = {2CECCBCB-BF19-4A62-BBF5-CE9583637201}
	EndGlobalSection
EndGlobal
