
Microsoft Visual Studio Solution File, Format Version 12.00
# Visual Studio Version 16
VisualStudioVersion = 16.0.30804.86
MinimumVisualStudioVersion = 10.0.40219.1
Project("{FAE04EC0-301F-11D3-BF4B-00C04F79EFBC}") = "Rotate-shapes", "Rotate-shapes/Rotate-shapes.csproj", "{CDEC13D9-1CAC-4D6D-8D9F-67BAF2B91D79}"
EndProject
Global
	GlobalSection(SolutionConfigurationPlatforms) = preSolution
		Debug|Any CPU = Debug|Any CPU
		Release|Any CPU = Release|Any CPU
	EndGlobalSection
	GlobalSection(ProjectConfigurationPlatforms) = postSolution
		{CDEC13D9-1CAC-4D6D-8D9F-67BAF2B91D79}.Debug|Any CPU.ActiveCfg = Debug|Any CPU
		{CDEC13D9-1CAC-4D6D-8D9F-67BAF2B91D79}.Debug|Any CPU.Build.0 = Debug|Any CPU
		{CDEC13D9-1CAC-4D6D-8D9F-67BAF2B91D79}.Release|Any CPU.ActiveCfg = Release|Any CPU
		{CDEC13D9-1CAC-4D6D-8D9F-67BAF2B91D79}.Release|Any CPU.Build.0 = Release|Any CPU
	EndGlobalSection
	GlobalSection(SolutionProperties) = preSolution
		HideSolutionNode = FALSE
	EndGlobalSection
	GlobalSection(ExtensibilityGlobals) = postSolution
		SolutionGuid = {81266D8F-B64E-4A94-8873-F9FAAF559141}
	EndGlobalSection
EndGlobal
