
Microsoft Visual Studio Solution File, Format Version 12.00
# Visual Studio Version 17
VisualStudioVersion = 17.10.34928.147
MinimumVisualStudioVersion = 10.0.40219.1
Project("{FAE04EC0-301F-11D3-BF4B-00C04F79EFBC}") = "Open-Word-document", "Open-Word-document\Open-Word-document.csproj", "{B0715446-1BBE-434C-84D8-24CC2A410F8F}"
EndProject
Global
	GlobalSection(SolutionConfigurationPlatforms) = preSolution
		Debug|Any CPU = Debug|Any CPU
		Release|Any CPU = Release|Any CPU
	EndGlobalSection
	GlobalSection(ProjectConfigurationPlatforms) = postSolution
		{B0715446-1BBE-434C-84D8-24CC2A410F8F}.Debug|Any CPU.ActiveCfg = Debug|Any CPU
		{B0715446-1BBE-434C-84D8-24CC2A410F8F}.Debug|Any CPU.Build.0 = Debug|Any CPU
		{B0715446-1BBE-434C-84D8-24CC2A410F8F}.Release|Any CPU.ActiveCfg = Release|Any CPU
		{B0715446-1BBE-434C-84D8-24CC2A410F8F}.Release|Any CPU.Build.0 = Release|Any CPU
	EndGlobalSection
	GlobalSection(SolutionProperties) = preSolution
		HideSolutionNode = FALSE
	EndGlobalSection
	GlobalSection(ExtensibilityGlobals) = postSolution
		SolutionGuid = {1DED06B4-E665-476E-9849-FE31604E5DD9}
	EndGlobalSection
EndGlobal
