
Microsoft Visual Studio Solution File, Format Version 12.00
# Visual Studio Version 17
VisualStudioVersion = 17.6.33829.357
MinimumVisualStudioVersion = 10.0.40219.1
Project("{FAE04EC0-301F-11D3-BF4B-00C04F79EFBC}") = "Create-Word-document", "Create-Word-document\Create-Word-document.csproj", "{870AFE98-9AE9-4294-B116-F693110EA0C1}"
EndProject
Global
	GlobalSection(SolutionConfigurationPlatforms) = preSolution
		Debug|Any CPU = Debug|Any CPU
		Release|Any CPU = Release|Any CPU
	EndGlobalSection
	GlobalSection(ProjectConfigurationPlatforms) = postSolution
		{870AFE98-9AE9-4294-B116-F693110EA0C1}.Debug|Any CPU.ActiveCfg = Debug|Any CPU
		{870AFE98-9AE9-4294-B116-F693110EA0C1}.Debug|Any CPU.Build.0 = Debug|Any CPU
		{870AFE98-9AE9-4294-B116-F693110EA0C1}.Release|Any CPU.ActiveCfg = Release|Any CPU
		{870AFE98-9AE9-4294-B116-F693110EA0C1}.Release|Any CPU.Build.0 = Release|Any CPU
	EndGlobalSection
	GlobalSection(SolutionProperties) = preSolution
		HideSolutionNode = FALSE
	EndGlobalSection
	GlobalSection(ExtensibilityGlobals) = postSolution
		SolutionGuid = {0E0211B0-6338-402E-9C72-2AC5694174E5}
	EndGlobalSection
EndGlobal
