
Microsoft Visual Studio Solution File, Format Version 12.00
# Visual Studio Version 17
VisualStudioVersion = 17.14.37111.16 d17.14
MinimumVisualStudioVersion = 10.0.40219.1
Project("{FAE04EC0-301F-11D3-BF4B-00C04F79EFBC}") = "Extract_Selected_CheckBox", "Extract-Selected-CheckBox\Extract_Selected_CheckBox.csproj", "{438F805B-D4F7-68E4-DC33-D141CB27C89B}"
EndProject
Global
	GlobalSection(SolutionConfigurationPlatforms) = preSolution
		Debug|Any CPU = Debug|Any CPU
		Release|Any CPU = Release|Any CPU
	EndGlobalSection
	GlobalSection(ProjectConfigurationPlatforms) = postSolution
		{438F805B-D4F7-68E4-DC33-D141CB27C89B}.Debug|Any CPU.ActiveCfg = Debug|Any CPU
		{438F805B-D4F7-68E4-DC33-D141CB27C89B}.Debug|Any CPU.Build.0 = Debug|Any CPU
		{438F805B-D4F7-68E4-DC33-D141CB27C89B}.Release|Any CPU.ActiveCfg = Release|Any CPU
		{438F805B-D4F7-68E4-DC33-D141CB27C89B}.Release|Any CPU.Build.0 = Release|Any CPU
	EndGlobalSection
	GlobalSection(SolutionProperties) = preSolution
		HideSolutionNode = FALSE
	EndGlobalSection
	GlobalSection(ExtensibilityGlobals) = postSolution
		SolutionGuid = {29A935F8-ED49-416B-88E0-CB390B6A540D}
	EndGlobalSection
EndGlobal
