
Microsoft Visual Studio Solution File, Format Version 12.00
# Visual Studio Version 17
VisualStudioVersion = 17.7.34031.279
MinimumVisualStudioVersion = 10.0.40219.1
Project("{FAE04EC0-301F-11D3-BF4B-00C04F79EFBC}") = "Format-Plot-Area", "Format-Plot-Area\Format-Plot-Area.csproj", "{182B3AB1-9EE1-4FCC-95E8-7084DB31DE85}"
EndProject
Global
	GlobalSection(SolutionConfigurationPlatforms) = preSolution
		Debug|Any CPU = Debug|Any CPU
		Release|Any CPU = Release|Any CPU
	EndGlobalSection
	GlobalSection(ProjectConfigurationPlatforms) = postSolution
		{182B3AB1-9EE1-4FCC-95E8-7084DB31DE85}.Debug|Any CPU.ActiveCfg = Debug|Any CPU
		{182B3AB1-9EE1-4FCC-95E8-7084DB31DE85}.Debug|Any CPU.Build.0 = Debug|Any CPU
		{182B3AB1-9EE1-4FCC-95E8-7084DB31DE85}.Release|Any CPU.ActiveCfg = Release|Any CPU
		{182B3AB1-9EE1-4FCC-95E8-7084DB31DE85}.Release|Any CPU.Build.0 = Release|Any CPU
	EndGlobalSection
	GlobalSection(SolutionProperties) = preSolution
		HideSolutionNode = FALSE
	EndGlobalSection
	GlobalSection(ExtensibilityGlobals) = postSolution
		SolutionGuid = {66C66271-1669-48B7-A4B4-94937F312CBA}
	EndGlobalSection
EndGlobal
