
Microsoft Visual Studio Solution File, Format Version 12.00
# Visual Studio Version 17
VisualStudioVersion = 17.12.35309.182
MinimumVisualStudioVersion = 10.0.40219.1
Project("{FAE04EC0-301F-11D3-BF4B-00C04F79EFBC}") = "Remove-content-control-not-content", "Remove-content-control-not-content\Remove-content-control-not-content.csproj", "{E1BED675-D118-4A88-B550-77D95030B0D8}"
EndProject
Global
	GlobalSection(SolutionConfigurationPlatforms) = preSolution
		Debug|Any CPU = Debug|Any CPU
		Release|Any CPU = Release|Any CPU
	EndGlobalSection
	GlobalSection(ProjectConfigurationPlatforms) = postSolution
		{E1BED675-D118-4A88-B550-77D95030B0D8}.Debug|Any CPU.ActiveCfg = Debug|Any CPU
		{E1BED675-D118-4A88-B550-77D95030B0D8}.Debug|Any CPU.Build.0 = Debug|Any CPU
		{E1BED675-D118-4A88-B550-77D95030B0D8}.Release|Any CPU.ActiveCfg = Release|Any CPU
		{E1BED675-D118-4A88-B550-77D95030B0D8}.Release|Any CPU.Build.0 = Release|Any CPU
	EndGlobalSection
	GlobalSection(SolutionProperties) = preSolution
		HideSolutionNode = FALSE
	EndGlobalSection
	GlobalSection(ExtensibilityGlobals) = postSolution
		SolutionGuid = {8A6AF875-A0E2-480E-9089-384D4DEF6010}
	EndGlobalSection
EndGlobal
