
Microsoft Visual Studio Solution File, Format Version 12.00
# Visual Studio Version 17
VisualStudioVersion = 17.7.34031.279
MinimumVisualStudioVersion = 10.0.40219.1
Project("{FAE04EC0-301F-11D3-BF4B-00C04F79EFBC}") = "Open-and-save-Word-document.UWP", "Open-and-save-Word-document\Open-and-save-Word-document.UWP\Open-and-save-Word-document.UWP.csproj", "{AC5B2119-909D-494F-8519-40FB1B57FFE0}"
EndProject
Project("{FAE04EC0-301F-11D3-BF4B-00C04F79EFBC}") = "Open-and-save-Word-document.Android", "Open-and-save-Word-document\Open-and-save-Word-document.Android\Open-and-save-Word-document.Android.csproj", "{0FB25B42-5CF1-4B33-AE97-7B4C19394518}"
EndProject
Project("{FAE04EC0-301F-11D3-BF4B-00C04F79EFBC}") = "Open-and-save-Word-document.iOS", "Open-and-save-Word-document\Open-and-save-Word-document.iOS\Open-and-save-Word-document.iOS.csproj", "{EE987CB8-7B11-47BC-9E6F-FAE7AD81594A}"
EndProject
Project("{FAE04EC0-301F-11D3-BF4B-00C04F79EFBC}") = "Open-and-save-Word-document", "Open-and-save-Word-document\Open-and-save-Word-document\Open-and-save-Word-document.csproj", "{7E12884A-3F6A-494B-B1F3-996D055773B6}"
EndProject
Global
	GlobalSection(SolutionConfigurationPlatforms) = preSolution
		Debug|Any CPU = Debug|Any CPU
		Debug|ARM = Debug|ARM
		Debug|iPhone = Debug|iPhone
		Debug|iPhoneSimulator = Debug|iPhoneSimulator
		Debug|x64 = Debug|x64
		Debug|x86 = Debug|x86
		Release|Any CPU = Release|Any CPU
		Release|ARM = Release|ARM
		Release|iPhone = Release|iPhone
		Release|iPhoneSimulator = Release|iPhoneSimulator
		Release|x64 = Release|x64
		Release|x86 = Release|x86
	EndGlobalSection
	GlobalSection(ProjectConfigurationPlatforms) = postSolution
		{AC5B2119-909D-494F-8519-40FB1B57FFE0}.Debug|Any CPU.ActiveCfg = Debug|x64
		{AC5B2119-909D-494F-8519-40FB1B57FFE0}.Debug|Any CPU.Build.0 = Debug|x64
		{AC5B2119-909D-494F-8519-40FB1B57FFE0}.Debug|Any CPU.Deploy.0 = Debug|x64
		{AC5B2119-909D-494F-8519-40FB1B57FFE0}.Debug|ARM.ActiveCfg = Debug|ARM
		{AC5B2119-909D-494F-8519-40FB1B57FFE0}.Debug|ARM.Build.0 = Debug|ARM
		{AC5B2119-909D-494F-8519-40FB1B57FFE0}.Debug|ARM.Deploy.0 = Debug|ARM
		{AC5B2119-909D-494F-8519-40FB1B57FFE0}.Debug|iPhone.ActiveCfg = Debug|x64
		{AC5B2119-909D-494F-8519-40FB1B57FFE0}.Debug|iPhone.Build.0 = Debug|x64
		{AC5B2119-909D-494F-8519-40FB1B57FFE0}.Debug|iPhone.Deploy.0 = Debug|x64
		{AC5B2119-909D-494F-8519-40FB1B57FFE0}.Debug|iPhoneSimulator.ActiveCfg = Debug|x64
		{AC5B2119-909D-494F-8519-40FB1B57FFE0}.Debug|iPhoneSimulator.Build.0 = Debug|x64
		{AC5B2119-909D-494F-8519-40FB1B57FFE0}.Debug|iPhoneSimulator.Deploy.0 = Debug|x64
		{AC5B2119-909D-494F-8519-40FB1B57FFE0}.Debug|x64.ActiveCfg = Debug|x64
		{AC5B2119-909D-494F-8519-40FB1B57FFE0}.Debug|x64.Build.0 = Debug|x64
		{AC5B2119-909D-494F-8519-40FB1B57FFE0}.Debug|x64.Deploy.0 = Debug|x64
		{AC5B2119-909D-494F-8519-40FB1B57FFE0}.Debug|x86.ActiveCfg = Debug|x86
		{AC5B2119-909D-494F-8519-40FB1B57FFE0}.Debug|x86.Build.0 = Debug|x86
		{AC5B2119-909D-494F-8519-40FB1B57FFE0}.Debug|x86.Deploy.0 = Debug|x86
		{AC5B2119-909D-494F-8519-40FB1B57FFE0}.Release|Any CPU.ActiveCfg = Release|x64
		{AC5B2119-909D-494F-8519-40FB1B57FFE0}.Release|Any CPU.Build.0 = Release|x64
		{AC5B2119-909D-494F-8519-40FB1B57FFE0}.Release|Any CPU.Deploy.0 = Release|x64
		{AC5B2119-909D-494F-8519-40FB1B57FFE0}.Release|ARM.ActiveCfg = Release|ARM
		{AC5B2119-909D-494F-8519-40FB1B57FFE0}.Release|ARM.Build.0 = Release|ARM
		{AC5B2119-909D-494F-8519-40FB1B57FFE0}.Release|ARM.Deploy.0 = Release|ARM
		{AC5B2119-909D-494F-8519-40FB1B57FFE0}.Release|iPhone.ActiveCfg = Release|x64
		{AC5B2119-909D-494F-8519-40FB1B57FFE0}.Release|iPhone.Build.0 = Release|x64
		{AC5B2119-909D-494F-8519-40FB1B57FFE0}.Release|iPhone.Deploy.0 = Release|x64
		{AC5B2119-909D-494F-8519-40FB1B57FFE0}.Release|iPhoneSimulator.ActiveCfg = Release|x64
		{AC5B2119-909D-494F-8519-40FB1B57FFE0}.Release|iPhoneSimulator.Build.0 = Release|x64
		{AC5B2119-909D-494F-8519-40FB1B57FFE0}.Release|iPhoneSimulator.Deploy.0 = Release|x64
		{AC5B2119-909D-494F-8519-40FB1B57FFE0}.Release|x64.ActiveCfg = Release|x64
		{AC5B2119-909D-494F-8519-40FB1B57FFE0}.Release|x64.Build.0 = Release|x64
		{AC5B2119-909D-494F-8519-40FB1B57FFE0}.Release|x64.Deploy.0 = Release|x64
		{AC5B2119-909D-494F-8519-40FB1B57FFE0}.Release|x86.ActiveCfg = Release|x86
		{AC5B2119-909D-494F-8519-40FB1B57FFE0}.Release|x86.Build.0 = Release|x86
		{AC5B2119-909D-494F-8519-40FB1B57FFE0}.Release|x86.Deploy.0 = Release|x86
		{0FB25B42-5CF1-4B33-AE97-7B4C19394518}.Debug|Any CPU.ActiveCfg = Debug|Any CPU
		{0FB25B42-5CF1-4B33-AE97-7B4C19394518}.Debug|Any CPU.Build.0 = Debug|Any CPU
		{0FB25B42-5CF1-4B33-AE97-7B4C19394518}.Debug|Any CPU.Deploy.0 = Debug|Any CPU
		{0FB25B42-5CF1-4B33-AE97-7B4C19394518}.Debug|ARM.ActiveCfg = Debug|Any CPU
		{0FB25B42-5CF1-4B33-AE97-7B4C19394518}.Debug|ARM.Build.0 = Debug|Any CPU
		{0FB25B42-5CF1-4B33-AE97-7B4C19394518}.Debug|ARM.Deploy.0 = Debug|Any CPU
		{0FB25B42-5CF1-4B33-AE97-7B4C19394518}.Debug|iPhone.ActiveCfg = Debug|Any CPU
		{0FB25B42-5CF1-4B33-AE97-7B4C19394518}.Debug|iPhone.Build.0 = Debug|Any CPU
		{0FB25B42-5CF1-4B33-AE97-7B4C19394518}.Debug|iPhone.Deploy.0 = Debug|Any CPU
		{0FB25B42-5CF1-4B33-AE97-7B4C19394518}.Debug|iPhoneSimulator.ActiveCfg = Debug|Any CPU
		{0FB25B42-5CF1-4B33-AE97-7B4C19394518}.Debug|iPhoneSimulator.Build.0 = Debug|Any CPU
		{0FB25B42-5CF1-4B33-AE97-7B4C19394518}.Debug|iPhoneSimulator.Deploy.0 = Debug|Any CPU
		{0FB25B42-5CF1-4B33-AE97-7B4C19394518}.Debug|x64.ActiveCfg = Debug|Any CPU
		{0FB25B42-5CF1-4B33-AE97-7B4C19394518}.Debug|x64.Build.0 = Debug|Any CPU
		{0FB25B42-5CF1-4B33-AE97-7B4C19394518}.Debug|x64.Deploy.0 = Debug|Any CPU
		{0FB25B42-5CF1-4B33-AE97-7B4C19394518}.Debug|x86.ActiveCfg = Debug|Any CPU
		{0FB25B42-5CF1-4B33-AE97-7B4C19394518}.Debug|x86.Build.0 = Debug|Any CPU
		{0FB25B42-5CF1-4B33-AE97-7B4C19394518}.Debug|x86.Deploy.0 = Debug|Any CPU
		{0FB25B42-5CF1-4B33-AE97-7B4C19394518}.Release|Any CPU.ActiveCfg = Release|Any CPU
		{0FB25B42-5CF1-4B33-AE97-7B4C19394518}.Release|Any CPU.Build.0 = Release|Any CPU
		{0FB25B42-5CF1-4B33-AE97-7B4C19394518}.Release|Any CPU.Deploy.0 = Release|Any CPU
		{0FB25B42-5CF1-4B33-AE97-7B4C19394518}.Release|ARM.ActiveCfg = Release|Any CPU
		{0FB25B42-5CF1-4B33-AE97-7B4C19394518}.Release|ARM.Build.0 = Release|Any CPU
		{0FB25B42-5CF1-4B33-AE97-7B4C19394518}.Release|ARM.Deploy.0 = Release|Any CPU
		{0FB25B42-5CF1-4B33-AE97-7B4C19394518}.Release|iPhone.ActiveCfg = Release|Any CPU
		{0FB25B42-5CF1-4B33-AE97-7B4C19394518}.Release|iPhone.Build.0 = Release|Any CPU
		{0FB25B42-5CF1-4B33-AE97-7B4C19394518}.Release|iPhone.Deploy.0 = Release|Any CPU
		{0FB25B42-5CF1-4B33-AE97-7B4C19394518}.Release|iPhoneSimulator.ActiveCfg = Release|Any CPU
		{0FB25B42-5CF1-4B33-AE97-7B4C19394518}.Release|iPhoneSimulator.Build.0 = Release|Any CPU
		{0FB25B42-5CF1-4B33-AE97-7B4C19394518}.Release|iPhoneSimulator.Deploy.0 = Release|Any CPU
		{0FB25B42-5CF1-4B33-AE97-7B4C19394518}.Release|x64.ActiveCfg = Release|Any CPU
		{0FB25B42-5CF1-4B33-AE97-7B4C19394518}.Release|x64.Build.0 = Release|Any CPU
		{0FB25B42-5CF1-4B33-AE97-7B4C19394518}.Release|x64.Deploy.0 = Release|Any CPU
		{0FB25B42-5CF1-4B33-AE97-7B4C19394518}.Release|x86.ActiveCfg = Release|Any CPU
		{0FB25B42-5CF1-4B33-AE97-7B4C19394518}.Release|x86.Build.0 = Release|Any CPU
		{0FB25B42-5CF1-4B33-AE97-7B4C19394518}.Release|x86.Deploy.0 = Release|Any CPU
		{EE987CB8-7B11-47BC-9E6F-FAE7AD81594A}.Debug|Any CPU.ActiveCfg = Debug|iPhoneSimulator
		{EE987CB8-7B11-47BC-9E6F-FAE7AD81594A}.Debug|Any CPU.Build.0 = Debug|iPhoneSimulator
		{EE987CB8-7B11-47BC-9E6F-FAE7AD81594A}.Debug|Any CPU.Deploy.0 = Debug|iPhoneSimulator
		{EE987CB8-7B11-47BC-9E6F-FAE7AD81594A}.Debug|ARM.ActiveCfg = Debug|iPhoneSimulator
		{EE987CB8-7B11-47BC-9E6F-FAE7AD81594A}.Debug|ARM.Build.0 = Debug|iPhoneSimulator
		{EE987CB8-7B11-47BC-9E6F-FAE7AD81594A}.Debug|ARM.Deploy.0 = Debug|iPhoneSimulator
		{EE987CB8-7B11-47BC-9E6F-FAE7AD81594A}.Debug|iPhone.ActiveCfg = Debug|iPhone
		{EE987CB8-7B11-47BC-9E6F-FAE7AD81594A}.Debug|iPhone.Build.0 = Debug|iPhone
		{EE987CB8-7B11-47BC-9E6F-FAE7AD81594A}.Debug|iPhone.Deploy.0 = Debug|iPhone
		{EE987CB8-7B11-47BC-9E6F-FAE7AD81594A}.Debug|iPhoneSimulator.ActiveCfg = Debug|iPhoneSimulator
		{EE987CB8-7B11-47BC-9E6F-FAE7AD81594A}.Debug|iPhoneSimulator.Build.0 = Debug|iPhoneSimulator
		{EE987CB8-7B11-47BC-9E6F-FAE7AD81594A}.Debug|iPhoneSimulator.Deploy.0 = Debug|iPhoneSimulator
		{EE987CB8-7B11-47BC-9E6F-FAE7AD81594A}.Debug|x64.ActiveCfg = Debug|iPhone
		{EE987CB8-7B11-47BC-9E6F-FAE7AD81594A}.Debug|x64.Build.0 = Debug|iPhone
		{EE987CB8-7B11-47BC-9E6F-FAE7AD81594A}.Debug|x64.Deploy.0 = Debug|iPhone
		{EE987CB8-7B11-47BC-9E6F-FAE7AD81594A}.Debug|x86.ActiveCfg = Debug|iPhoneSimulator
		{EE987CB8-7B11-47BC-9E6F-FAE7AD81594A}.Debug|x86.Build.0 = Debug|iPhoneSimulator
		{EE987CB8-7B11-47BC-9E6F-FAE7AD81594A}.Debug|x86.Deploy.0 = Debug|iPhoneSimulator
		{EE987CB8-7B11-47BC-9E6F-FAE7AD81594A}.Release|Any CPU.ActiveCfg = Release|iPhoneSimulator
		{EE987CB8-7B11-47BC-9E6F-FAE7AD81594A}.Release|Any CPU.Build.0 = Release|iPhoneSimulator
		{EE987CB8-7B11-47BC-9E6F-FAE7AD81594A}.Release|Any CPU.Deploy.0 = Release|iPhoneSimulator
		{EE987CB8-7B11-47BC-9E6F-FAE7AD81594A}.Release|ARM.ActiveCfg = Release|iPhoneSimulator
		{EE987CB8-7B11-47BC-9E6F-FAE7AD81594A}.Release|ARM.Build.0 = Release|iPhoneSimulator
		{EE987CB8-7B11-47BC-9E6F-FAE7AD81594A}.Release|ARM.Deploy.0 = Release|iPhoneSimulator
		{EE987CB8-7B11-47BC-9E6F-FAE7AD81594A}.Release|iPhone.ActiveCfg = Release|iPhone
		{EE987CB8-7B11-47BC-9E6F-FAE7AD81594A}.Release|iPhone.Build.0 = Release|iPhone
		{EE987CB8-7B11-47BC-9E6F-FAE7AD81594A}.Release|iPhone.Deploy.0 = Release|iPhone
		{EE987CB8-7B11-47BC-9E6F-FAE7AD81594A}.Release|iPhoneSimulator.ActiveCfg = Release|iPhoneSimulator
		{EE987CB8-7B11-47BC-9E6F-FAE7AD81594A}.Release|iPhoneSimulator.Build.0 = Release|iPhoneSimulator
		{EE987CB8-7B11-47BC-9E6F-FAE7AD81594A}.Release|iPhoneSimulator.Deploy.0 = Release|iPhoneSimulator
		{EE987CB8-7B11-47BC-9E6F-FAE7AD81594A}.Release|x64.ActiveCfg = Release|iPhoneSimulator
		{EE987CB8-7B11-47BC-9E6F-FAE7AD81594A}.Release|x64.Build.0 = Release|iPhoneSimulator
		{EE987CB8-7B11-47BC-9E6F-FAE7AD81594A}.Release|x64.Deploy.0 = Release|iPhoneSimulator
		{EE987CB8-7B11-47BC-9E6F-FAE7AD81594A}.Release|x86.ActiveCfg = Release|iPhoneSimulator
		{EE987CB8-7B11-47BC-9E6F-FAE7AD81594A}.Release|x86.Build.0 = Release|iPhoneSimulator
		{EE987CB8-7B11-47BC-9E6F-FAE7AD81594A}.Release|x86.Deploy.0 = Release|iPhoneSimulator
		{7E12884A-3F6A-494B-B1F3-996D055773B6}.Debug|Any CPU.ActiveCfg = Debug|Any CPU
		{7E12884A-3F6A-494B-B1F3-996D055773B6}.Debug|Any CPU.Build.0 = Debug|Any CPU
		{7E12884A-3F6A-494B-B1F3-996D055773B6}.Debug|Any CPU.Deploy.0 = Debug|Any CPU
		{7E12884A-3F6A-494B-B1F3-996D055773B6}.Debug|ARM.ActiveCfg = Debug|Any CPU
		{7E12884A-3F6A-494B-B1F3-996D055773B6}.Debug|ARM.Build.0 = Debug|Any CPU
		{7E12884A-3F6A-494B-B1F3-996D055773B6}.Debug|ARM.Deploy.0 = Debug|Any CPU
		{7E12884A-3F6A-494B-B1F3-996D055773B6}.Debug|iPhone.ActiveCfg = Debug|Any CPU
		{7E12884A-3F6A-494B-B1F3-996D055773B6}.Debug|iPhone.Build.0 = Debug|Any CPU
		{7E12884A-3F6A-494B-B1F3-996D055773B6}.Debug|iPhone.Deploy.0 = Debug|Any CPU
		{7E12884A-3F6A-494B-B1F3-996D055773B6}.Debug|iPhoneSimulator.ActiveCfg = Debug|Any CPU
		{7E12884A-3F6A-494B-B1F3-996D055773B6}.Debug|iPhoneSimulator.Build.0 = Debug|Any CPU
		{7E12884A-3F6A-494B-B1F3-996D055773B6}.Debug|iPhoneSimulator.Deploy.0 = Debug|Any CPU
		{7E12884A-3F6A-494B-B1F3-996D055773B6}.Debug|x64.ActiveCfg = Debug|Any CPU
		{7E12884A-3F6A-494B-B1F3-996D055773B6}.Debug|x64.Build.0 = Debug|Any CPU
		{7E12884A-3F6A-494B-B1F3-996D055773B6}.Debug|x64.Deploy.0 = Debug|Any CPU
		{7E12884A-3F6A-494B-B1F3-996D055773B6}.Debug|x86.ActiveCfg = Debug|Any CPU
		{7E12884A-3F6A-494B-B1F3-996D055773B6}.Debug|x86.Build.0 = Debug|Any CPU
		{7E12884A-3F6A-494B-B1F3-996D055773B6}.Debug|x86.Deploy.0 = Debug|Any CPU
		{7E12884A-3F6A-494B-B1F3-996D055773B6}.Release|Any CPU.ActiveCfg = Release|Any CPU
		{7E12884A-3F6A-494B-B1F3-996D055773B6}.Release|Any CPU.Build.0 = Release|Any CPU
		{7E12884A-3F6A-494B-B1F3-996D055773B6}.Release|Any CPU.Deploy.0 = Release|Any CPU
		{7E12884A-3F6A-494B-B1F3-996D055773B6}.Release|ARM.ActiveCfg = Release|Any CPU
		{7E12884A-3F6A-494B-B1F3-996D055773B6}.Release|ARM.Build.0 = Release|Any CPU
		{7E12884A-3F6A-494B-B1F3-996D055773B6}.Release|ARM.Deploy.0 = Release|Any CPU
		{7E12884A-3F6A-494B-B1F3-996D055773B6}.Release|iPhone.ActiveCfg = Release|Any CPU
		{7E12884A-3F6A-494B-B1F3-996D055773B6}.Release|iPhone.Build.0 = Release|Any CPU
		{7E12884A-3F6A-494B-B1F3-996D055773B6}.Release|iPhone.Deploy.0 = Release|Any CPU
		{7E12884A-3F6A-494B-B1F3-996D055773B6}.Release|iPhoneSimulator.ActiveCfg = Release|Any CPU
		{7E12884A-3F6A-494B-B1F3-996D055773B6}.Release|iPhoneSimulator.Build.0 = Release|Any CPU
		{7E12884A-3F6A-494B-B1F3-996D055773B6}.Release|iPhoneSimulator.Deploy.0 = Release|Any CPU
		{7E12884A-3F6A-494B-B1F3-996D055773B6}.Release|x64.ActiveCfg = Release|Any CPU
		{7E12884A-3F6A-494B-B1F3-996D055773B6}.Release|x64.Build.0 = Release|Any CPU
		{7E12884A-3F6A-494B-B1F3-996D055773B6}.Release|x64.Deploy.0 = Release|Any CPU
		{7E12884A-3F6A-494B-B1F3-996D055773B6}.Release|x86.ActiveCfg = Release|Any CPU
		{7E12884A-3F6A-494B-B1F3-996D055773B6}.Release|x86.Build.0 = Release|Any CPU
		{7E12884A-3F6A-494B-B1F3-996D055773B6}.Release|x86.Deploy.0 = Release|Any CPU
	EndGlobalSection
	GlobalSection(SolutionProperties) = preSolution
		HideSolutionNode = FALSE
	EndGlobalSection
	GlobalSection(ExtensibilityGlobals) = postSolution
		SolutionGuid = {D67ED7B3-2807-4578-AFF1-FB8BFC3CDB81}
	EndGlobalSection
EndGlobal
