
Microsoft Visual Studio Solution File, Format Version 12.00
# Visual Studio Version 17
VisualStudioVersion = 17.3.32901.215
MinimumVisualStudioVersion = 10.0.40219.1
Project("{FAE04EC0-301F-11D3-BF4B-00C04F79EFBC}") = "Convert-Word-Document-to-PDF", "Convert-Word-Document-to-PDF\Convert-Word-Document-to-PDF.csproj", "{00133E37-330A-4884-8501-E9BD4245AC7F}"
EndProject
Global
	GlobalSection(SolutionConfigurationPlatforms) = preSolution
		Debug|Any CPU = Debug|Any CPU
		Release|Any CPU = Release|Any CPU
	EndGlobalSection
	GlobalSection(ProjectConfigurationPlatforms) = postSolution
		{00133E37-330A-4884-8501-E9BD4245AC7F}.Debug|Any CPU.ActiveCfg = Debug|Any CPU
		{00133E37-330A-4884-8501-E9BD4245AC7F}.Debug|Any CPU.Build.0 = Debug|Any CPU
		{00133E37-330A-4884-8501-E9BD4245AC7F}.Release|Any CPU.ActiveCfg = Release|Any CPU
		{00133E37-330A-4884-8501-E9BD4245AC7F}.Release|Any CPU.Build.0 = Release|Any CPU
	EndGlobalSection
	GlobalSection(SolutionProperties) = preSolution
		HideSolutionNode = FALSE
	EndGlobalSection
	GlobalSection(ExtensibilityGlobals) = postSolution
		SolutionGuid = {7EDE62C3-7D32-4293-BDF8-8A81BA7EDC9F}
	EndGlobalSection
EndGlobal
