
Microsoft Visual Studio Solution File, Format Version 12.00
# Visual Studio Version 17
VisualStudioVersion = 17.5.33414.496
MinimumVisualStudioVersion = 10.0.40219.1
Project("{FAE04EC0-301F-11D3-BF4B-00C04F79EFBC}") = "Convert-Word-document-to-PDF", "Convert-Word-document-to-PDF\Convert-Word-document-to-PDF.csproj", "{45DD3E9E-FEFF-4EB8-B4C1-ABAA03B3FDA8}"
EndProject
Global
	GlobalSection(SolutionConfigurationPlatforms) = preSolution
		Debug|Any CPU = Debug|Any CPU
		Release|Any CPU = Release|Any CPU
	EndGlobalSection
	GlobalSection(ProjectConfigurationPlatforms) = postSolution
		{45DD3E9E-FEFF-4EB8-B4C1-ABAA03B3FDA8}.Debug|Any CPU.ActiveCfg = Debug|Any CPU
		{45DD3E9E-FEFF-4EB8-B4C1-ABAA03B3FDA8}.Debug|Any CPU.Build.0 = Debug|Any CPU
		{45DD3E9E-FEFF-4EB8-B4C1-ABAA03B3FDA8}.Release|Any CPU.ActiveCfg = Release|Any CPU
		{45DD3E9E-FEFF-4EB8-B4C1-ABAA03B3FDA8}.Release|Any CPU.Build.0 = Release|Any CPU
	EndGlobalSection
	GlobalSection(SolutionProperties) = preSolution
		HideSolutionNode = FALSE
	EndGlobalSection
	GlobalSection(ExtensibilityGlobals) = postSolution
		SolutionGuid = {1149251B-F3E4-49C7-98DD-A976EA815D8E}
	EndGlobalSection
EndGlobal
