
Microsoft Visual Studio Solution File, Format Version 12.00
# Visual Studio Version 17
VisualStudioVersion = 17.6.33723.286
MinimumVisualStudioVersion = 10.0.40219.1
Project("{FAE04EC0-301F-11D3-BF4B-00C04F79EFBC}") = "Find-text-and-insert-comment", "Find-text-and-insert-comment\Find-text-and-insert-comment.csproj", "{9EC3076D-3700-4E14-9301-A29ED149A02D}"
EndProject
Global
	GlobalSection(SolutionConfigurationPlatforms) = preSolution
		Debug|Any CPU = Debug|Any CPU
		Release|Any CPU = Release|Any CPU
	EndGlobalSection
	GlobalSection(ProjectConfigurationPlatforms) = postSolution
		{9EC3076D-3700-4E14-9301-A29ED149A02D}.Debug|Any CPU.ActiveCfg = Debug|Any CPU
		{9EC3076D-3700-4E14-9301-A29ED149A02D}.Debug|Any CPU.Build.0 = Debug|Any CPU
		{9EC3076D-3700-4E14-9301-A29ED149A02D}.Release|Any CPU.ActiveCfg = Release|Any CPU
		{9EC3076D-3700-4E14-9301-A29ED149A02D}.Release|Any CPU.Build.0 = Release|Any CPU
	EndGlobalSection
	GlobalSection(SolutionProperties) = preSolution
		HideSolutionNode = FALSE
	EndGlobalSection
	GlobalSection(ExtensibilityGlobals) = postSolution
		SolutionGuid = {FFE4B3BF-181D-48D7-B852-0B376663E34A}
	EndGlobalSection
EndGlobal
