
Microsoft Visual Studio Solution File, Format Version 12.00
# Visual Studio Version 17
VisualStudioVersion = 17.6.33723.286
MinimumVisualStudioVersion = 10.0.40219.1
Project("{FAE04EC0-301F-11D3-BF4B-00C04F79EFBC}") = "Convert-Word-Document-to-Image", "Convert-Word-Document-to-Image\Convert-Word-Document-to-Image.csproj", "{3367A8D6-1DE2-4A4C-8A9C-483DE9B21E93}"
EndProject
Global
	GlobalSection(SolutionConfigurationPlatforms) = preSolution
		Debug|Any CPU = Debug|Any CPU
		Release|Any CPU = Release|Any CPU
	EndGlobalSection
	GlobalSection(ProjectConfigurationPlatforms) = postSolution
		{3367A8D6-1DE2-4A4C-8A9C-483DE9B21E93}.Debug|Any CPU.ActiveCfg = Debug|Any CPU
		{3367A8D6-1DE2-4A4C-8A9C-483DE9B21E93}.Debug|Any CPU.Build.0 = Debug|Any CPU
		{3367A8D6-1DE2-4A4C-8A9C-483DE9B21E93}.Release|Any CPU.ActiveCfg = Release|Any CPU
		{3367A8D6-1DE2-4A4C-8A9C-483DE9B21E93}.Release|Any CPU.Build.0 = Release|Any CPU
	EndGlobalSection
	GlobalSection(SolutionProperties) = preSolution
		HideSolutionNode = FALSE
	EndGlobalSection
	GlobalSection(ExtensibilityGlobals) = postSolution
		SolutionGuid = {F3215C79-FA24-49EB-B759-798F8C6F4218}
	EndGlobalSection
EndGlobal
