
Microsoft Visual Studio Solution File, Format Version 12.00
# Visual Studio Version 17
VisualStudioVersion = 17.12.35309.182
MinimumVisualStudioVersion = 10.0.40219.1
Project("{FAE04EC0-301F-11D3-BF4B-00C04F79EFBC}") = "Replace-bookmark-content-with-HTML", "Replace-bookmark-content-with-HTML\Replace-bookmark-content-with-HTML.csproj", "{ABBFFEB7-79DA-41B9-8FCE-A9FA869CADEC}"
EndProject
Global
	GlobalSection(SolutionConfigurationPlatforms) = preSolution
		Debug|Any CPU = Debug|Any CPU
		Release|Any CPU = Release|Any CPU
	EndGlobalSection
	GlobalSection(ProjectConfigurationPlatforms) = postSolution
		{ABBFFEB7-79DA-41B9-8FCE-A9FA869CADEC}.Debug|Any CPU.ActiveCfg = Debug|Any CPU
		{ABBFFEB7-79DA-41B9-8FCE-A9FA869CADEC}.Debug|Any CPU.Build.0 = Debug|Any CPU
		{ABBFFEB7-79DA-41B9-8FCE-A9FA869CADEC}.Release|Any CPU.ActiveCfg = Release|Any CPU
		{ABBFFEB7-79DA-41B9-8FCE-A9FA869CADEC}.Release|Any CPU.Build.0 = Release|Any CPU
	EndGlobalSection
	GlobalSection(SolutionProperties) = preSolution
		HideSolutionNode = FALSE
	EndGlobalSection
	GlobalSection(ExtensibilityGlobals) = postSolution
		SolutionGuid = {5E468015-11EC-43FF-B1B4-8DB14E7C192D}
	EndGlobalSection
EndGlobal
