
Microsoft Visual Studio Solution File, Format Version 12.00
# Visual Studio Version 17
VisualStudioVersion = 17.14.36518.9 d17.14
MinimumVisualStudioVersion = 10.0.40219.1
Project("{FAE04EC0-301F-11D3-BF4B-00C04F79EFBC}") = "Insert-PageBreak-Before-Heading-Paragraphs", "Insert-PageBreak-Before-Heading-Paragraphs\Insert-PageBreak-Before-Heading-Paragraphs.csproj", "{739A7FFC-EC2E-4483-97D1-AB32A6EA775F}"
EndProject
Global
	GlobalSection(SolutionConfigurationPlatforms) = preSolution
		Debug|Any CPU = Debug|Any CPU
		Release|Any CPU = Release|Any CPU
	EndGlobalSection
	GlobalSection(ProjectConfigurationPlatforms) = postSolution
		{739A7FFC-EC2E-4483-97D1-AB32A6EA775F}.Debug|Any CPU.ActiveCfg = Debug|Any CPU
		{739A7FFC-EC2E-4483-97D1-AB32A6EA775F}.Debug|Any CPU.Build.0 = Debug|Any CPU
		{739A7FFC-EC2E-4483-97D1-AB32A6EA775F}.Release|Any CPU.ActiveCfg = Release|Any CPU
		{739A7FFC-EC2E-4483-97D1-AB32A6EA775F}.Release|Any CPU.Build.0 = Release|Any CPU
	EndGlobalSection
	GlobalSection(SolutionProperties) = preSolution
		HideSolutionNode = FALSE
	EndGlobalSection
	GlobalSection(ExtensibilityGlobals) = postSolution
		SolutionGuid = {B7C6B523-03D5-4B12-9AEE-636BD9C3E7E4}
	EndGlobalSection
EndGlobal
