
Microsoft Visual Studio Solution File, Format Version 12.00
# Visual Studio Version 17
VisualStudioVersion = 17.14.37531.7 d17.14
MinimumVisualStudioVersion = 10.0.40219.1
Project("{FAE04EC0-301F-11D3-BF4B-00C04F79EFBC}") = "Insert-Line-Break-In-Existing-Paragraph", "Insert-Line-Break-In-Existing-Paragraph\Insert-Line-Break-In-Existing-Paragraph.csproj", "{0116B7C5-2E51-E21E-97AA-DBDE995706F2}"
EndProject
Global
	GlobalSection(SolutionConfigurationPlatforms) = preSolution
		Debug|Any CPU = Debug|Any CPU
		Release|Any CPU = Release|Any CPU
	EndGlobalSection
	GlobalSection(ProjectConfigurationPlatforms) = postSolution
		{0116B7C5-2E51-E21E-97AA-DBDE995706F2}.Debug|Any CPU.ActiveCfg = Debug|Any CPU
		{0116B7C5-2E51-E21E-97AA-DBDE995706F2}.Debug|Any CPU.Build.0 = Debug|Any CPU
		{0116B7C5-2E51-E21E-97AA-DBDE995706F2}.Release|Any CPU.ActiveCfg = Release|Any CPU
		{0116B7C5-2E51-E21E-97AA-DBDE995706F2}.Release|Any CPU.Build.0 = Release|Any CPU
	EndGlobalSection
	GlobalSection(SolutionProperties) = preSolution
		HideSolutionNode = FALSE
	EndGlobalSection
	GlobalSection(ExtensibilityGlobals) = postSolution
		SolutionGuid = {8824FFA7-7EED-4DA3-B365-86A0A7CB83C2}
	EndGlobalSection
EndGlobal
