
Microsoft Visual Studio Solution File, Format Version 12.00
# Visual Studio Version 17
VisualStudioVersion = 17.14.36518.9 d17.14
MinimumVisualStudioVersion = 10.0.40219.1
Project("{FAE04EC0-301F-11D3-BF4B-00C04F79EFBC}") = "Convert-Word-Document-to-Image", "Convert-Word-Document-to-Image\Convert-Word-Document-to-Image.csproj", "{F87A6086-05A6-46D1-B133-E5721CFD47EA}"
EndProject
Global
	GlobalSection(SolutionConfigurationPlatforms) = preSolution
		Debug|Any CPU = Debug|Any CPU
		Release|Any CPU = Release|Any CPU
	EndGlobalSection
	GlobalSection(ProjectConfigurationPlatforms) = postSolution
		{F87A6086-05A6-46D1-B133-E5721CFD47EA}.Debug|Any CPU.ActiveCfg = Debug|Any CPU
		{F87A6086-05A6-46D1-B133-E5721CFD47EA}.Debug|Any CPU.Build.0 = Debug|Any CPU
		{F87A6086-05A6-46D1-B133-E5721CFD47EA}.Release|Any CPU.ActiveCfg = Release|Any CPU
		{F87A6086-05A6-46D1-B133-E5721CFD47EA}.Release|Any CPU.Build.0 = Release|Any CPU
	EndGlobalSection
	GlobalSection(SolutionProperties) = preSolution
		HideSolutionNode = FALSE
	EndGlobalSection
	GlobalSection(ExtensibilityGlobals) = postSolution
		SolutionGuid = {BA9EE40D-2A34-4DDC-8D50-6F72AAC89844}
	EndGlobalSection
EndGlobal
