
Microsoft Visual Studio Solution File, Format Version 12.00
# Visual Studio Version 17
VisualStudioVersion = 17.6.33723.286
MinimumVisualStudioVersion = 10.0.40219.1
Project("{9A19103F-16F7-4668-BE54-9A1E7A4F7556}") = "Convert-Word-Document-to-Image", "Convert-Word-Document-to-Image\Convert-Word-Document-to-Image.csproj", "{631D27C3-3EBF-4579-8AB8-076F28E8D4B8}"
EndProject
Global
	GlobalSection(SolutionConfigurationPlatforms) = preSolution
		Debug|Any CPU = Debug|Any CPU
		Release|Any CPU = Release|Any CPU
	EndGlobalSection
	GlobalSection(ProjectConfigurationPlatforms) = postSolution
		{631D27C3-3EBF-4579-8AB8-076F28E8D4B8}.Debug|Any CPU.ActiveCfg = Debug|Any CPU
		{631D27C3-3EBF-4579-8AB8-076F28E8D4B8}.Debug|Any CPU.Build.0 = Debug|Any CPU
		{631D27C3-3EBF-4579-8AB8-076F28E8D4B8}.Release|Any CPU.ActiveCfg = Release|Any CPU
		{631D27C3-3EBF-4579-8AB8-076F28E8D4B8}.Release|Any CPU.Build.0 = Release|Any CPU
	EndGlobalSection
	GlobalSection(SolutionProperties) = preSolution
		HideSolutionNode = FALSE
	EndGlobalSection
	GlobalSection(ExtensibilityGlobals) = postSolution
		SolutionGuid = {016C4FEB-40D9-4AD4-8E4C-12BBFE22B5BD}
	EndGlobalSection
EndGlobal
