
Microsoft Visual Studio Solution File, Format Version 12.00
# Visual Studio Version 17
VisualStudioVersion = 17.5.33414.496
MinimumVisualStudioVersion = 10.0.40219.1
Project("{FAE04EC0-301F-11D3-BF4B-00C04F79EFBC}") = "Create-Word-Document", "Create-Word-Document\Create-Word-Document.csproj", "{4DD0A66D-3EE0-4CF6-BD2C-756F51F0D276}"
EndProject
Global
	GlobalSection(SolutionConfigurationPlatforms) = preSolution
		Debug|Any CPU = Debug|Any CPU
		Release|Any CPU = Release|Any CPU
	EndGlobalSection
	GlobalSection(ProjectConfigurationPlatforms) = postSolution
		{4DD0A66D-3EE0-4CF6-BD2C-756F51F0D276}.Debug|Any CPU.ActiveCfg = Debug|Any CPU
		{4DD0A66D-3EE0-4CF6-BD2C-756F51F0D276}.Debug|Any CPU.Build.0 = Debug|Any CPU
		{4DD0A66D-3EE0-4CF6-BD2C-756F51F0D276}.Release|Any CPU.ActiveCfg = Release|Any CPU
		{4DD0A66D-3EE0-4CF6-BD2C-756F51F0D276}.Release|Any CPU.Build.0 = Release|Any CPU
	EndGlobalSection
	GlobalSection(SolutionProperties) = preSolution
		HideSolutionNode = FALSE
	EndGlobalSection
	GlobalSection(ExtensibilityGlobals) = postSolution
		SolutionGuid = {0AF24B9F-122B-4238-9CA5-014CD4718281}
	EndGlobalSection
EndGlobal
